<?xml version="1.0" encoding="UTF-8"?>
<CONFIG>
  <ProjectOptions>
    <Version Value="12"/>
    <General>
      <Flags>
        <MainUnitHasUsesSectionForAllUnits Value="False"/>
        <MainUnitHasCreateFormStatements Value="False"/>
        <MainUnitHasTitleStatement Value="False"/>
        <MainUnitHasScaledStatement Value="False"/>
        <CompatibilityMode Value="True"/>
      </Flags>
      <SessionStorage Value="InProjectDir"/>
      <Title Value="castle_tester"/>
    </General>
    <RequiredPackages Count="2">
      <Item1>
        <PackageName Value="castle_window"/>
      </Item1>
      <Item2>
        <PackageName Value="castle_base"/>
      </Item2>
    </RequiredPackages>
    <Units Count="95">
      <Unit0>
        <Filename Value="castle_tester_standalone.dpr"/>
        <IsPartOfProject Value="True"/>
      </Unit0>
      <Unit1>
        <Filename Value="castleautogenerated.pas"/>
        <IsPartOfProject Value="True"/>
        <UnitName Value="castleautogenerated"/>
      </Unit1>
      <Unit2>
        <Filename Value="code/testcases/castletestutils.pas"/>
        <IsPartOfProject Value="True"/>
        <UnitName Value="castletestutils"/>
      </Unit2>
      <Unit3>
        <Filename Value="code/testcases/font_latoregular_300.pas"/>
        <IsPartOfProject Value="True"/>
        <UnitName Value="font_latoregular_300"/>
      </Unit3>
      <Unit4>
        <Filename Value="code/testcases/testcastleboxes.pas"/>
        <IsPartOfProject Value="True"/>
        <UnitName Value="testcastleboxes"/>
      </Unit4>
      <Unit5>
        <Filename Value="code/testcases/testcastlecameras.pas"/>
        <IsPartOfProject Value="True"/>
        <UnitName Value="testcastlecameras"/>
      </Unit5>
      <Unit6>
        <Filename Value="code/testcases/testcastleclassutils.pas"/>
        <IsPartOfProject Value="True"/>
        <UnitName Value="testcastleclassutils"/>
      </Unit6>
      <Unit7>
        <Filename Value="code/testcases/testcastlecolors.pas"/>
        <IsPartOfProject Value="True"/>
        <UnitName Value="testcastlecolors"/>
      </Unit7>
      <Unit8>
        <Filename Value="code/testcases/testcastlecomponentserialize.pas"/>
        <IsPartOfProject Value="True"/>
        <UnitName Value="testcastlecomponentserialize"/>
      </Unit8>
      <Unit9>
        <Filename Value="code/testcases/testcastlecompositeimage.pas"/>
        <IsPartOfProject Value="True"/>
        <UnitName Value="testcastlecompositeimage"/>
      </Unit9>
      <Unit10>
        <Filename Value="code/testcases/testcastlecontrols.pas"/>
        <IsPartOfProject Value="True"/>
        <UnitName Value="testcastlecontrols"/>
      </Unit10>
      <Unit11>
        <Filename Value="code/testcases/testcastlecubemaps.pas"/>
        <IsPartOfProject Value="True"/>
        <UnitName Value="testcastlecubemaps"/>
      </Unit11>
      <Unit12>
        <Filename Value="code/testcases/testcastlecurves.pas"/>
        <IsPartOfProject Value="True"/>
        <UnitName Value="testcastlecurves"/>
      </Unit12>
      <Unit13>
        <Filename Value="code/testcases/testcastledesigncomponents.pas"/>
        <IsPartOfProject Value="True"/>
        <UnitName Value="testcastledesigncomponents"/>
      </Unit13>
      <Unit14>
        <Filename Value="code/testcases/testcastledownload.pas"/>
        <IsPartOfProject Value="True"/>
        <UnitName Value="testcastledownload"/>
      </Unit14>
      <Unit15>
        <Filename Value="code/testcases/testcastlefilefilters.pas"/>
        <IsPartOfProject Value="True"/>
        <UnitName Value="testcastlefilefilters"/>
      </Unit15>
      <Unit16>
        <Filename Value="code/testcases/testcastlefilesutils.pas"/>
        <IsPartOfProject Value="True"/>
        <UnitName Value="testcastlefilesutils"/>
      </Unit16>
      <Unit17>
        <Filename Value="code/testcases/testcastlefindfiles.pas"/>
        <IsPartOfProject Value="True"/>
        <UnitName Value="testcastlefindfiles"/>
      </Unit17>
      <Unit18>
        <Filename Value="code/testcases/testcastlefonts.pas"/>
        <IsPartOfProject Value="True"/>
        <UnitName Value="testcastlefonts"/>
      </Unit18>
      <Unit19>
        <Filename Value="code/testcases/testcastlefrustum.pas"/>
        <IsPartOfProject Value="True"/>
        <UnitName Value="testcastlefrustum"/>
      </Unit19>
      <Unit20>
        <Filename Value="code/testcases/testcastlegame.pas"/>
        <IsPartOfProject Value="True"/>
        <UnitName Value="testcastlegame"/>
      </Unit20>
      <Unit21>
        <Filename Value="code/testcases/testcastleglversion.pas"/>
        <IsPartOfProject Value="True"/>
        <UnitName Value="testcastleglversion"/>
      </Unit21>
      <Unit22>
        <Filename Value="code/testcases/testcastleimages.pas"/>
        <IsPartOfProject Value="True"/>
        <UnitName Value="testcastleimages"/>
      </Unit22>
      <Unit23>
        <Filename Value="code/testcases/testcastleimagesdraw.pas"/>
        <IsPartOfProject Value="True"/>
        <UnitName Value="testcastleimagesdraw"/>
      </Unit23>
      <Unit24>
        <Filename Value="code/testcases/testcastleinternalautogenerated.pas"/>
        <IsPartOfProject Value="True"/>
        <UnitName Value="testcastleinternalautogenerated"/>
      </Unit24>
      <Unit25>
        <Filename Value="code/testcases/testcastleinternaldatacompression.pas"/>
        <IsPartOfProject Value="True"/>
        <UnitName Value="testcastleinternaldatacompression"/>
      </Unit25>
      <Unit26>
        <Filename Value="code/testcases/testcastleinternaldatauri.pas"/>
        <IsPartOfProject Value="True"/>
        <UnitName Value="testcastleinternaldatauri"/>
      </Unit26>
      <Unit27>
        <Filename Value="code/testcases/testcastleinternaldelphiutils.pas"/>
        <IsPartOfProject Value="True"/>
        <UnitName Value="testcastleinternaldelphiutils"/>
      </Unit27>
      <Unit28>
        <Filename Value="code/testcases/testcastleinternalegl.pas"/>
        <IsPartOfProject Value="True"/>
        <UnitName Value="testcastleinternalegl"/>
      </Unit28>
      <Unit29>
        <Filename Value="code/testcases/testcastleinternalglshadowvolumes.pas"/>
        <IsPartOfProject Value="True"/>
        <UnitName Value="testcastleinternalglshadowvolumes"/>
      </Unit29>
      <Unit30>
        <Filename Value="code/testcases/testcastleinternalrttiutils.pas"/>
        <IsPartOfProject Value="True"/>
        <UnitName Value="testcastleinternalrttiutils"/>
      </Unit30>
      <Unit31>
        <Filename Value="code/testcases/testcastlekeysmouse.pas"/>
        <IsPartOfProject Value="True"/>
        <UnitName Value="testcastlekeysmouse"/>
      </Unit31>
      <Unit32>
        <Filename Value="code/testcases/testcastlelevels.pas"/>
        <IsPartOfProject Value="True"/>
        <UnitName Value="testcastlelevels"/>
      </Unit32>
      <Unit33>
        <Filename Value="code/testcases/testcastlelocalizationgettext.pas"/>
        <IsPartOfProject Value="True"/>
        <UnitName Value="testcastlelocalizationgettext"/>
      </Unit33>
      <Unit34>
        <Filename Value="code/testcases/testcastleopeningandrendering3d.pas"/>
        <IsPartOfProject Value="True"/>
        <UnitName Value="testcastleopeningandrendering3d"/>
      </Unit34>
      <Unit35>
        <Filename Value="code/testcases/testcastleparameters.pas"/>
        <IsPartOfProject Value="True"/>
        <UnitName Value="testcastleparameters"/>
      </Unit35>
      <Unit36>
        <Filename Value="code/testcases/testcastlequaternions.pas"/>
        <IsPartOfProject Value="True"/>
        <UnitName Value="testcastlequaternions"/>
      </Unit36>
      <Unit37>
        <Filename Value="code/testcases/testcastlerectangles.pas"/>
        <IsPartOfProject Value="True"/>
        <UnitName Value="testcastlerectangles"/>
      </Unit37>
      <Unit38>
        <Filename Value="code/testcases/testcastlerenderoptions.pas"/>
        <IsPartOfProject Value="True"/>
        <UnitName Value="testcastlerenderoptions"/>
      </Unit38>
      <Unit39>
        <Filename Value="code/testcases/testcastleresources.pas"/>
        <IsPartOfProject Value="True"/>
        <UnitName Value="testcastleresources"/>
      </Unit39>
      <Unit40>
        <Filename Value="code/testcases/testcastlescene.pas"/>
        <IsPartOfProject Value="True"/>
        <UnitName Value="testcastlescene"/>
      </Unit40>
      <Unit41>
        <Filename Value="code/testcases/testcastlescenecore.pas"/>
        <IsPartOfProject Value="True"/>
        <UnitName Value="testcastlescenecore"/>
      </Unit41>
      <Unit42>
        <Filename Value="code/testcases/testcastlescenemanager.pas"/>
        <IsPartOfProject Value="True"/>
        <UnitName Value="testcastlescenemanager"/>
      </Unit42>
      <Unit43>
        <Filename Value="code/testcases/testcastlescript.pas"/>
        <IsPartOfProject Value="True"/>
        <UnitName Value="testcastlescript"/>
      </Unit43>
      <Unit44>
        <Filename Value="code/testcases/testcastlescriptvectors.pas"/>
        <IsPartOfProject Value="True"/>
        <UnitName Value="testcastlescriptvectors"/>
      </Unit44>
      <Unit45>
        <Filename Value="code/testcases/testcastleshapes.pas"/>
        <IsPartOfProject Value="True"/>
        <UnitName Value="testcastleshapes"/>
      </Unit45>
      <Unit46>
        <Filename Value="code/testcases/testcastlesoundengine.pas"/>
        <IsPartOfProject Value="True"/>
        <UnitName Value="testcastlesoundengine"/>
      </Unit46>
      <Unit47>
        <Filename Value="code/testcases/testcastlespacefillingcurves.pas"/>
        <IsPartOfProject Value="True"/>
        <UnitName Value="testcastlespacefillingcurves"/>
      </Unit47>
      <Unit48>
        <Filename Value="code/testcases/testcastlestringutils.pas"/>
        <IsPartOfProject Value="True"/>
        <UnitName Value="testcastlestringutils"/>
      </Unit48>
      <Unit49>
        <Filename Value="code/testcases/testcastletiledmap.pas"/>
        <IsPartOfProject Value="True"/>
        <UnitName Value="testcastletiledmap"/>
      </Unit49>
      <Unit50>
        <Filename Value="code/testcases/testcastletimeutils.pas"/>
        <IsPartOfProject Value="True"/>
        <UnitName Value="testcastletimeutils"/>
      </Unit50>
      <Unit51>
        <Filename Value="code/testcases/testcastletransform.pas"/>
        <IsPartOfProject Value="True"/>
        <UnitName Value="testcastletransform"/>
      </Unit51>
      <Unit52>
        <Filename Value="code/testcases/testcastletriangles.pas"/>
        <IsPartOfProject Value="True"/>
        <UnitName Value="testcastletriangles"/>
      </Unit52>
      <Unit53>
        <Filename Value="code/testcases/testcastletriangulate.pas"/>
        <IsPartOfProject Value="True"/>
        <UnitName Value="testcastletriangulate"/>
      </Unit53>
      <Unit54>
        <Filename Value="code/testcases/testcastleuicontrols.pas"/>
        <IsPartOfProject Value="True"/>
        <UnitName Value="testcastleuicontrols"/>
      </Unit54>
      <Unit55>
        <Filename Value="code/testcases/testcastleunicode.pas"/>
        <IsPartOfProject Value="True"/>
        <UnitName Value="testcastleunicode"/>
      </Unit55>
      <Unit56>
        <Filename Value="code/testcases/testcastleuriutils.pas"/>
        <IsPartOfProject Value="True"/>
        <UnitName Value="testcastleuriutils"/>
      </Unit56>
      <Unit57>
        <Filename Value="code/testcases/testcastleutils.pas"/>
        <IsPartOfProject Value="True"/>
        <UnitName Value="testcastleutils"/>
      </Unit57>
      <Unit58>
        <Filename Value="code/testcases/testcastleutilslists.pas"/>
        <IsPartOfProject Value="True"/>
        <UnitName Value="testcastleutilslists"/>
      </Unit58>
      <Unit59>
        <Filename Value="code/testcases/testcastlevectors.pas"/>
        <IsPartOfProject Value="True"/>
        <UnitName Value="testcastlevectors"/>
      </Unit59>
      <Unit60>
        <Filename Value="code/testcases/testcastlevideos.pas"/>
        <IsPartOfProject Value="True"/>
        <UnitName Value="testcastlevideos"/>
      </Unit60>
      <Unit61>
        <Filename Value="code/testcases/testcastleviewport.pas"/>
        <IsPartOfProject Value="True"/>
        <UnitName Value="testcastleviewport"/>
      </Unit61>
      <Unit62>
        <Filename Value="code/testcases/testcastlewindow.pas"/>
        <IsPartOfProject Value="True"/>
        <UnitName Value="testcastlewindow"/>
      </Unit62>
      <Unit63>
        <Filename Value="code/testcases/testcastlewindowopen.pas"/>
        <IsPartOfProject Value="True"/>
        <UnitName Value="testcastlewindowopen"/>
      </Unit63>
      <Unit64>
        <Filename Value="code/testcases/testcastlexmlutils.pas"/>
        <IsPartOfProject Value="True"/>
        <UnitName Value="testcastlexmlutils"/>
      </Unit64>
      <Unit65>
        <Filename Value="code/testcases/testcompiler.pas"/>
        <IsPartOfProject Value="True"/>
        <UnitName Value="testcompiler"/>
      </Unit65>
      <Unit66>
        <Filename Value="code/testcases/testfgl.pas"/>
        <IsPartOfProject Value="True"/>
        <UnitName Value="testfgl"/>
      </Unit66>
      <Unit67>
        <Filename Value="code/testcases/testfpimage.pas"/>
        <IsPartOfProject Value="True"/>
        <UnitName Value="testfpimage"/>
      </Unit67>
      <Unit68>
        <Filename Value="code/testcases/testgenericscollections.pas"/>
        <IsPartOfProject Value="True"/>
        <UnitName Value="testgenericscollections"/>
      </Unit68>
      <Unit69>
        <Filename Value="code/testcases/testoldfpcbugs.pas"/>
        <IsPartOfProject Value="True"/>
        <UnitName Value="testoldfpcbugs"/>
      </Unit69>
      <Unit70>
        <Filename Value="code/testcases/testsysutils.pas"/>
        <IsPartOfProject Value="True"/>
        <UnitName Value="testsysutils"/>
      </Unit70>
      <Unit71>
        <Filename Value="code/testcases/testtoolfpcversion.pas"/>
        <IsPartOfProject Value="True"/>
        <UnitName Value="testtoolfpcversion"/>
      </Unit71>
      <Unit72>
        <Filename Value="code/testcases/testx3dfields.pas"/>
        <IsPartOfProject Value="True"/>
        <UnitName Value="testx3dfields"/>
      </Unit72>
      <Unit73>
        <Filename Value="code/testcases/testx3dloadgltf.pas"/>
        <IsPartOfProject Value="True"/>
        <UnitName Value="testx3dloadgltf"/>
      </Unit73>
      <Unit74>
        <Filename Value="code/testcases/testx3dloadinternalutils.pas"/>
        <IsPartOfProject Value="True"/>
        <UnitName Value="testx3dloadinternalutils"/>
      </Unit74>
      <Unit75>
        <Filename Value="code/testcases/testx3dnodes.pas"/>
        <IsPartOfProject Value="True"/>
        <UnitName Value="testx3dnodes"/>
      </Unit75>
      <Unit76>
        <Filename Value="code/testcases/testx3dnodesnurbs.pas"/>
        <IsPartOfProject Value="True"/>
        <UnitName Value="testx3dnodesnurbs"/>
      </Unit76>
      <Unit77>
        <Filename Value="code/testcases/testx3dnodesoptimizedproxy.pas"/>
        <IsPartOfProject Value="True"/>
        <UnitName Value="testx3dnodesoptimizedproxy"/>
      </Unit77>
      <Unit78>
        <Filename Value="code/testcases/norqcheckbegin.inc"/>
        <IsPartOfProject Value="True"/>
      </Unit78>
      <Unit79>
        <Filename Value="code/testcases/norqcheckend.inc"/>
        <IsPartOfProject Value="True"/>
      </Unit79>
      <Unit80>
        <Filename Value="code/testcases/test_font_image_to_compress.inc"/>
        <IsPartOfProject Value="True"/>
      </Unit80>
      <Unit81>
        <Filename Value="code/tester-castle/castleconsoletester.pas"/>
        <IsPartOfProject Value="True"/>
        <UnitName Value="castleconsoletester"/>
      </Unit81>
      <Unit82>
        <Filename Value="code/tester-castle/castletester.pas"/>
        <IsPartOfProject Value="True"/>
        <UnitName Value="castletester"/>
      </Unit82>
      <Unit83>
        <Filename Value="code/tester-castle/castletesterparameters.pas"/>
        <IsPartOfProject Value="True"/>
        <UnitName Value="castletesterparameters"/>
      </Unit83>
      <Unit84>
        <Filename Value="code/tester-castle/gameinitialize.pas"/>
        <IsPartOfProject Value="True"/>
        <UnitName Value="gameinitialize"/>
      </Unit84>
      <Unit85>
        <Filename Value="code/tester-castle/gameviewmain.pas"/>
        <IsPartOfProject Value="True"/>
        <UnitName Value="gameviewmain"/>
      </Unit85>
      <Unit86>
        <Filename Value="../tools/common-code/toolarchitectures.pas"/>
        <IsPartOfProject Value="True"/>
        <UnitName Value="toolarchitectures"/>
      </Unit86>
      <Unit87>
        <Filename Value="../tools/common-code/toolassocdoctypes.pas"/>
        <IsPartOfProject Value="True"/>
        <UnitName Value="toolassocdoctypes"/>
      </Unit87>
      <Unit88>
        <Filename Value="../tools/common-code/toolcommonutils.pas"/>
        <IsPartOfProject Value="True"/>
        <UnitName Value="toolcommonutils"/>
      </Unit88>
      <Unit89>
        <Filename Value="../tools/common-code/toolcompilerinfo.pas"/>
        <IsPartOfProject Value="True"/>
        <UnitName Value="toolcompilerinfo"/>
      </Unit89>
      <Unit90>
        <Filename Value="../tools/common-code/toolfpcversion.pas"/>
        <IsPartOfProject Value="True"/>
        <UnitName Value="toolfpcversion"/>
      </Unit90>
      <Unit91>
        <Filename Value="../tools/common-code/toolmanifest.pas"/>
        <IsPartOfProject Value="True"/>
        <UnitName Value="toolmanifest"/>
      </Unit91>
      <Unit92>
        <Filename Value="../tools/common-code/toolpackageformat.pas"/>
        <IsPartOfProject Value="True"/>
        <UnitName Value="toolpackageformat"/>
      </Unit92>
      <Unit93>
        <Filename Value="../tools/common-code/toolprocess.pas"/>
        <IsPartOfProject Value="True"/>
        <UnitName Value="toolprocess"/>
      </Unit93>
      <Unit94>
        <Filename Value="../tools/common-code/toolservices.pas"/>
        <IsPartOfProject Value="True"/>
        <UnitName Value="toolservices"/>
      </Unit94>
    </Units>
  </ProjectOptions>
  <CompilerOptions>
    <Version Value="11"/>
    <Target>
      <Filename Value="castle-tester"/>
    </Target>
    <SearchPaths>
      <IncludeFiles Value="code/;code/testcases/;code/tester-castle/;../tools/common-code/"/>
      <OtherUnitFiles Value="code/;code/testcases/;code/tester-castle/;../tools/common-code/"/>
      <UnitOutputDirectory Value="castle-engine-output/standalone/lazarus-lib/$(TargetCPU)-$(TargetOS)"/>
      <Libraries Value="" />
    </SearchPaths>
    <Parsing>
      <SyntaxOptions>
        <IncludeAssertionCode Value="True"/>
      </SyntaxOptions>
    </Parsing>
    <CodeGeneration>
      <Checks>
        <IOChecks Value="True"/>
        <RangeChecks Value="True"/>
        <OverflowChecks Value="True"/>
      </Checks>
    </CodeGeneration>
    <Linking>
      <Debugging>
        <DebugInfoType Value="dsDwarf2Set"/>
      </Debugging>
    </Linking>
    <Other>
      <Verbosity>
        <ShowHints Value="False"/>
      </Verbosity>
      <CustomOptions Value="-vm5043
-vm5066
-vm5074
-vm5075

"/>
    </Other>
  </CompilerOptions>
  <Debugging>
    <Exceptions Count="3">
      <Item1>
        <Name Value="EAbort"/>
      </Item1>
      <Item2>
        <Name Value="ECodetoolError"/>
      </Item2>
      <Item3>
        <Name Value="EFOpenError"/>
      </Item3>
    </Exceptions>
  </Debugging>
</CONFIG>
