<?xml version="1.0" encoding="UTF-8"?>
<CONFIG>
  <ProjectOptions>
    <Version Value="12"/>
    <General>
      <Flags>
        <SaveClosedFiles Value="False"/>
        <LRSInOutputDirectory Value="False"/>
        <CompatibilityMode Value="True"/>
      </Flags>
      <SessionStorage Value="InIDEConfig"/>
      <Title Value="test_castle_game_engine"/>
    </General>
    <BuildModes Count="1">
      <Item1 Name="default" Default="True"/>
    </BuildModes>
    <PublishOptions>
      <Version Value="2"/>
    </PublishOptions>
    <RunParams>
      <FormatVersion Value="2"/>
      <Modes Count="1">
        <Mode0 Name="default"/>
      </Modes>
    </RunParams>
    <RequiredPackages Count="5">
      <Item1>
        <PackageName Value="castle_components"/>
      </Item1>
      <Item2>
        <PackageName Value="LCL"/>
      </Item2>
      <Item3>
        <PackageName Value="castle_base"/>
      </Item3>
      <Item4>
        <PackageName Value="FPCUnitTestRunner"/>
      </Item4>
      <Item5>
        <PackageName Value="FCL"/>
      </Item5>
    </RequiredPackages>
    <Units Count="60">
      <Unit0>
        <Filename Value="test_castle_game_engine.lpr"/>
        <IsPartOfProject Value="True"/>
      </Unit0>
      <Unit1>
        <Filename Value="code/testcases/testcastleboxes.pas"/>
        <IsPartOfProject Value="True"/>
        <UnitName Value="TestCastleBoxes"/>
      </Unit1>
      <Unit2>
        <Filename Value="code/testcases/testcastlecameras.pas"/>
        <IsPartOfProject Value="True"/>
        <UnitName Value="TestCastleCameras"/>
      </Unit2>
      <Unit3>
        <Filename Value="code/testcases/testcastleclassutils.pas"/>
        <IsPartOfProject Value="True"/>
      </Unit3>
      <Unit4>
        <Filename Value="code/testcases/testcastlecolors.pas"/>
        <IsPartOfProject Value="True"/>
      </Unit4>
      <Unit5>
        <Filename Value="code/testcases/testcastlecomponentserialize.pas"/>
        <IsPartOfProject Value="True"/>
      </Unit5>
      <Unit6>
        <Filename Value="code/testcases/testcastlecompositeimage.pas"/>
        <IsPartOfProject Value="True"/>
      </Unit6>
      <Unit7>
        <Filename Value="code/testcases/testcastlecontrols.pas"/>
        <IsPartOfProject Value="True"/>
      </Unit7>
      <Unit8>
        <Filename Value="code/testcases/testcastlecubemaps.pas"/>
        <IsPartOfProject Value="True"/>
      </Unit8>
      <Unit9>
        <Filename Value="code/testcases/testcastlecurves.pas"/>
        <IsPartOfProject Value="True"/>
      </Unit9>
      <Unit10>
        <Filename Value="code/testcases/testcastlefilesutils.pas"/>
        <IsPartOfProject Value="True"/>
      </Unit10>
      <Unit11>
        <Filename Value="code/testcases/testcastlefonts.pas"/>
        <IsPartOfProject Value="True"/>
      </Unit11>
      <Unit12>
        <Filename Value="code/testcases/testcastlefrustum.pas"/>
        <IsPartOfProject Value="True"/>
      </Unit12>
      <Unit13>
        <Filename Value="code/testcases/testcastlegame.pas"/>
        <IsPartOfProject Value="True"/>
      </Unit13>
      <Unit15>
        <Filename Value="code/testcases/testcastleglversion.pas"/>
        <IsPartOfProject Value="True"/>
      </Unit15>
      <Unit16>
        <Filename Value="code/testcases/testcastleimages.pas"/>
        <IsPartOfProject Value="True"/>
      </Unit16>
      <Unit17>
        <Filename Value="code/testcases/testcastleimagesdraw.pas"/>
        <IsPartOfProject Value="True"/>
      </Unit17>
      <Unit18>
        <Filename Value="code/testcases/testcastlekeysmouse.pas"/>
        <IsPartOfProject Value="True"/>
      </Unit18>
      <Unit19>
        <Filename Value="code/testcases/testcastlelclutils.pas"/>
        <IsPartOfProject Value="True"/>
      </Unit19>
      <Unit20>
        <Filename Value="code/testcases/testcastleopeningandrendering3d.pas"/>
        <IsPartOfProject Value="True"/>
      </Unit20>
      <Unit21>
        <Filename Value="code/testcases/testcastleparameters.pas"/>
        <IsPartOfProject Value="True"/>
      </Unit21>
      <Unit22>
        <Filename Value="code/testcases/testcastlequaternions.pas"/>
        <IsPartOfProject Value="True"/>
      </Unit22>
      <Unit23>
        <Filename Value="code/testcases/testcastlerectangles.pas"/>
        <IsPartOfProject Value="True"/>
      </Unit23>
      <Unit24>
        <Filename Value="code/testcases/testcastlescene.pas"/>
        <IsPartOfProject Value="True"/>
      </Unit24>
      <Unit25>
        <Filename Value="code/testcases/testcastlescenecore.pas"/>
        <IsPartOfProject Value="True"/>
      </Unit25>
      <Unit26>
        <Filename Value="code/testcases/testcastlescenemanager.pas"/>
        <IsPartOfProject Value="True"/>
      </Unit26>
      <Unit27>
        <Filename Value="code/testcases/testcastlescript.pas"/>
        <IsPartOfProject Value="True"/>
      </Unit27>
      <Unit28>
        <Filename Value="code/testcases/testcastlescriptvectors.pas"/>
        <IsPartOfProject Value="True"/>
      </Unit28>
      <Unit29>
        <Filename Value="code/testcases/testcastlesoundengine.pas"/>
        <IsPartOfProject Value="True"/>
      </Unit29>
      <Unit30>
        <Filename Value="code/testcases/testcastlespacefillingcurves.pas"/>
        <IsPartOfProject Value="True"/>
      </Unit30>
      <Unit31>
        <Filename Value="code/testcases/testcastlestringutils.pas"/>
        <IsPartOfProject Value="True"/>
      </Unit31>
      <Unit32>
        <Filename Value="code/testcases/testcastletimeutils.pas"/>
        <IsPartOfProject Value="True"/>
      </Unit32>
      <Unit33>
        <Filename Value="code/testcases/testcastletransform.pas"/>
        <IsPartOfProject Value="True"/>
      </Unit33>
      <Unit34>
        <Filename Value="code/testcases/testcastletriangles.pas"/>
        <IsPartOfProject Value="True"/>
      </Unit34>
      <Unit35>
        <Filename Value="code/testcases/testcastletriangulate.pas"/>
        <IsPartOfProject Value="True"/>
      </Unit35>
      <Unit36>
        <Filename Value="code/testcases/testcastleuicontrols.pas"/>
        <IsPartOfProject Value="True"/>
      </Unit36>
      <Unit37>
        <Filename Value="code/testcases/testcastleuriutils.pas"/>
        <IsPartOfProject Value="True"/>
      </Unit37>
      <Unit38>
        <Filename Value="code/testcases/testcastleutils.pas"/>
        <IsPartOfProject Value="True"/>
      </Unit38>
      <Unit39>
        <Filename Value="code/testcases/testcastleutilslists.pas"/>
        <IsPartOfProject Value="True"/>
      </Unit39>
      <Unit40>
        <Filename Value="code/testcases/testcastlevectors.pas"/>
        <IsPartOfProject Value="True"/>
        <UnitName Value="TestCastleVectors"/>
      </Unit40>
      <Unit41>
        <Filename Value="code/testcases/testcastlevideos.pas"/>
        <IsPartOfProject Value="True"/>
      </Unit41>
      <Unit42>
        <Filename Value="code/testcases/testcastlewindow.pas"/>
        <IsPartOfProject Value="True"/>
      </Unit42>
      <Unit43>
        <Filename Value="code/testcases/testcastlewindowopen.pas"/>
        <IsPartOfProject Value="True"/>
      </Unit43>
      <Unit44>
        <Filename Value="code/testcases/testcastlexmlutils.pas"/>
        <IsPartOfProject Value="True"/>
      </Unit44>
      <Unit45>
        <Filename Value="code/testcases/testcompiler.pas"/>
        <IsPartOfProject Value="True"/>
      </Unit45>
      <Unit46>
        <Filename Value="code/testcases/testfgl.pas"/>
        <IsPartOfProject Value="True"/>
      </Unit46>
      <Unit47>
        <Filename Value="code/testcases/testfpimage.pas"/>
        <IsPartOfProject Value="True"/>
      </Unit47>
      <Unit48>
        <Filename Value="code/testcases/testgenericscollections.pas"/>
        <IsPartOfProject Value="True"/>
      </Unit48>
      <Unit49>
        <Filename Value="code/testcases/testoldfpcbugs.pas"/>
        <IsPartOfProject Value="True"/>
      </Unit49>
      <Unit50>
        <Filename Value="code/testcases/tests.inc"/>
        <IsPartOfProject Value="True"/>
      </Unit50>
      <Unit51>
        <Filename Value="code/testcases/testsysutils.pas"/>
        <IsPartOfProject Value="True"/>
        <UnitName Value="TestSysUtils"/>
      </Unit51>
      <Unit52>
        <Filename Value="code/testcases/testx3dfields.pas"/>
        <IsPartOfProject Value="True"/>
      </Unit52>
      <Unit53>
        <Filename Value="code/testcases/testx3dnodes.pas"/>
        <IsPartOfProject Value="True"/>
      </Unit53>
      <Unit54>
        <Filename Value="code/testcases/testx3dnodesoptimizedproxy.pas"/>
        <IsPartOfProject Value="True"/>
      </Unit54>
      <Unit55>
        <Filename Value="code/tester-fpcunit/castleconsoletestrunner.pas"/>
        <IsPartOfProject Value="True"/>
      </Unit55>
      <Unit56>
        <Filename Value="code/tester-fpcunit/castletestcase.pas"/>
        <IsPartOfProject Value="True"/>
      </Unit56>
      <Unit57>
        <Filename Value="code/testcases/testtoolfpcversion.pas"/>
        <IsPartOfProject Value="True"/>
        <UnitName Value="TestToolFpcVersion"/>
      </Unit57>
      <Unit58>
        <Filename Value="../tools/common-code/toolfpcversion.pas"/>
        <IsPartOfProject Value="True"/>
        <UnitName Value="ToolFpcVersion"/>
      </Unit58>
      <Unit14>
        <Filename Value="code/testcases/testcastledesigncomponents.pas"/>
        <IsPartOfProject Value="True"/>
      </Unit14>
      <Unit59>
        <Filename Value="code/testcases/testcastleinternalglshadowvolumes.pas"/>
        <IsPartOfProject Value="True"/>
      </Unit59>
    </Units>
  </ProjectOptions>
  <CompilerOptions>
    <Version Value="11"/>
    <Target>
      <Filename Value="test_castle_game_engine"/>
    </Target>
    <SearchPaths>
      <IncludeFiles Value="../src/common_includes;code"/>
      <OtherUnitFiles Value="code;code/testcases;code/tester-fpcunit;../tools/common-code"/>
      <UnitOutputDirectory Value="castle-engine-output/standalone/lazarus-lib/$(TargetCPU)-$(TargetOS)"/>
    </SearchPaths>
    <Parsing>
      <SyntaxOptions>
        <IncludeAssertionCode Value="True"/>
        <CStyleMacros Value="True"/>
      </SyntaxOptions>
    </Parsing>
    <CodeGeneration>
      <Checks>
        <IOChecks Value="True"/>
        <RangeChecks Value="True"/>
        <OverflowChecks Value="True"/>
        <StackChecks Value="True"/>
      </Checks>
    </CodeGeneration>
    <Other>
      <Verbosity>
        <ShowHints Value="False"/>
      </Verbosity>
    </Other>
  </CompilerOptions>
  <Debugging>
    <Exceptions Count="37">
      <Item1>
        <Name Value="ECodetoolError"/>
      </Item1>
      <Item2>
        <Name Value="EFOpenError"/>
      </Item2>
      <Item3>
        <Name Value="EUnableToLoadImage"/>
      </Item3>
      <Item4>
        <Name Value="EBox3DEmpty"/>
      </Item4>
      <Item5>
        <Name Value="EInvalidLongOption"/>
      </Item5>
      <Item6>
        <Name Value="EInvalidShortOption"/>
      </Item6>
      <Item7>
        <Name Value="EInvalidParams"/>
      </Item7>
      <Item8>
        <Name Value="EMissingOptionArgument"/>
      </Item8>
      <Item9>
        <Name Value="EExcessiveOptionArgument"/>
      </Item9>
      <Item10>
        <Name Value="ENodesManagerError"/>
      </Item10>
      <Item11>
        <Name Value="EDeformatError"/>
      </Item11>
      <Item12>
        <Name Value="EUnknownPercentFormat"/>
      </Item12>
      <Item13>
        <Name Value="EKamAssignValueError"/>
      </Item13>
      <Item14>
        <Name Value="EConvertError"/>
      </Item14>
      <Item15>
        <Name Value="ECasScriptError"/>
      </Item15>
      <Item16>
        <Name Value="ECasScriptFunctionArgumentsError"/>
      </Item16>
      <Item17>
        <Name Value="ECasScriptParserError"/>
      </Item17>
      <Item18>
        <Name Value="ECasScriptFunctionNoHandler"/>
      </Item18>
      <Item19>
        <Name Value="ECasScriptAnyMathError"/>
      </Item19>
      <Item20>
        <Name Value="EKambiOSError"/>
      </Item20>
      <Item21>
        <Name Value="EDivByZero"/>
      </Item21>
      <Item22>
        <Name Value="EOSError"/>
      </Item22>
      <Item23>
        <Name Value="EInOutError"/>
      </Item23>
      <Item24>
        <Name Value="EInternalError"/>
      </Item24>
      <Item25>
        <Name Value="EX3DNotFound"/>
      </Item25>
      <Item26>
        <Name Value="BreakTryFindNode"/>
      </Item26>
      <Item27>
        <Name Value="ECasScriptAssignError"/>
      </Item27>
      <Item28>
        <Name Value="Exception"/>
      </Item28>
      <Item29>
        <Name Value="RunError(200)"/>
      </Item29>
      <Item30>
        <Name Value="EDOMAttributeMissing"/>
      </Item30>
      <Item31>
        <Name Value="EWeakLinkUnused"/>
      </Item31>
      <Item32>
        <Name Value="ENodeMultipleTimes"/>
      </Item32>
      <Item33>
        <Name Value="ESoundFileError"/>
      </Item33>
      <Item34>
        <Name Value="EWavLoadError"/>
      </Item34>
      <Item35>
        <Name Value="EVorbisFileError"/>
      </Item35>
      <Item36>
        <Name Value="EWavNonPcm"/>
      </Item36>
      <Item37>
        <Name Value="EPhysicsError"/>
      </Item37>
    </Exceptions>
  </Debugging>
</CONFIG>
