<?xml version="1.0"?>
<CONFIG>
  <ProjectOptions>
    <PathDelim Value="/"/>
    <Version Value="6"/>
    <General>
      <Flags>
        <SaveClosedFiles Value="False"/>
      </Flags>
      <MainUnit Value="0"/>
      <IconPath Value="./"/>
      <TargetFileExt Value=""/>
      <Title Value="test_kambi_units"/>
      <ActiveEditorIndexAtStart Value="4"/>
    </General>
    <PublishOptions>
      <Version Value="2"/>
      <IgnoreBinaries Value="False"/>
      <IncludeFileFilter Value="*.(pas|pp|inc|lfm|lpr|lrs|lpi|lpk|sh|xml)"/>
      <ExcludeFileFilter Value="*.(bak|ppu|ppw|o|so);*~;backup"/>
    </PublishOptions>
    <RunParams>
      <local>
        <FormatVersion Value="1"/>
        <LaunchingApplication PathPlusParams="/usr/X11R6/bin/xterm -T 'Lazarus Run Output' -e $(LazarusDir)/tools/runwait.sh $(TargetCmdLine)"/>
      </local>
    </RunParams>
    <RequiredPackages Count="4">
      <Item1>
        <PackageName Value="LCL"/>
      </Item1>
      <Item2>
        <PackageName Value="kambi_units"/>
      </Item2>
      <Item3>
        <PackageName Value="FPCUnitTestRunner"/>
      </Item3>
      <Item4>
        <PackageName Value="FCL"/>
      </Item4>
    </RequiredPackages>
    <Units Count="18">
      <Unit0>
        <Filename Value="test_kambi_units.lpr"/>
        <IsPartOfProject Value="True"/>
        <UnitName Value="test_kambi_units"/>
        <CursorPos X="51" Y="20"/>
        <TopLine Value="1"/>
        <UsageCount Value="37"/>
      </Unit0>
      <Unit1>
        <Filename Value="testkambiclassutils.pas"/>
        <IsPartOfProject Value="True"/>
        <UnitName Value="TestKambiClassUtils"/>
        <CursorPos X="3" Y="8"/>
        <TopLine Value="89"/>
        <UsageCount Value="37"/>
      </Unit1>
      <Unit2>
        <Filename Value="testkambiutils.pas"/>
        <IsPartOfProject Value="True"/>
        <UnitName Value="TestKambiUtils"/>
        <CursorPos X="1" Y="20"/>
        <TopLine Value="1"/>
        <UsageCount Value="35"/>
      </Unit2>
      <Unit3>
        <Filename Value="testvectormath.pas"/>
        <IsPartOfProject Value="True"/>
        <UnitName Value="TestVectorMath"/>
        <CursorPos X="6" Y="45"/>
        <TopLine Value="27"/>
        <UsageCount Value="34"/>
      </Unit3>
      <Unit4>
        <Filename Value="testparsingparameters.pas"/>
        <IsPartOfProject Value="True"/>
        <UnitName Value="TestParsingParameters"/>
        <CursorPos X="55" Y="35"/>
        <TopLine Value="24"/>
        <UsageCount Value="34"/>
      </Unit4>
      <Unit5>
        <Filename Value="testdynarrays.pas"/>
        <IsPartOfProject Value="True"/>
        <UnitName Value="TestDynArrays"/>
        <CursorPos X="60" Y="72"/>
        <TopLine Value="36"/>
        <EditorIndex Value="1"/>
        <UsageCount Value="34"/>
        <Loaded Value="True"/>
      </Unit5>
      <Unit6>
        <Filename Value="TestFNMatch.pas"/>
        <IsPartOfProject Value="True"/>
        <CursorPos X="24" Y="126"/>
        <TopLine Value="101"/>
        <UsageCount Value="32"/>
      </Unit6>
      <Unit7>
        <Filename Value="testvrmlnodes.pas"/>
        <IsPartOfProject Value="True"/>
        <UsageCount Value="32"/>
      </Unit7>
      <Unit8>
        <Filename Value="testvrmlglscene.pas"/>
        <IsPartOfProject Value="True"/>
        <UnitName Value="TestVRMLGLScene"/>
        <CursorPos X="72" Y="54"/>
        <TopLine Value="32"/>
        <UsageCount Value="32"/>
      </Unit8>
      <Unit9>
        <Filename Value="testvrmlfields.pas"/>
        <IsPartOfProject Value="True"/>
        <UnitName Value="TestVRMLFields"/>
        <CursorPos X="57" Y="35"/>
        <TopLine Value="28"/>
        <UsageCount Value="32"/>
      </Unit9>
      <Unit10>
        <Filename Value="testintrects.pas"/>
        <IsPartOfProject Value="True"/>
        <UsageCount Value="28"/>
      </Unit10>
      <Unit11>
        <Filename Value="testspacefillingcurves.pas"/>
        <IsPartOfProject Value="True"/>
        <UsageCount Value="28"/>
      </Unit11>
      <Unit12>
        <Filename Value="testobjectslist.pas"/>
        <IsPartOfProject Value="True"/>
        <UsageCount Value="28"/>
      </Unit12>
      <Unit13>
        <Filename Value="testkambistringutils.pas"/>
        <IsPartOfProject Value="True"/>
        <UnitName Value="TestKambiStringUtils"/>
        <CursorPos X="3" Y="92"/>
        <TopLine Value="64"/>
        <UsageCount Value="25"/>
      </Unit13>
      <Unit14>
        <Filename Value="../audio/kambiogg.pas"/>
        <UnitName Value="KambiOgg"/>
        <CursorPos X="1" Y="1"/>
        <TopLine Value="1"/>
        <EditorIndex Value="0"/>
        <UsageCount Value="10"/>
        <Loaded Value="True"/>
      </Unit14>
      <Unit15>
        <Filename Value="../base/kambidynlib.pas"/>
        <UnitName Value="KambiDynLib"/>
        <CursorPos X="1" Y="221"/>
        <TopLine Value="183"/>
        <EditorIndex Value="2"/>
        <UsageCount Value="10"/>
        <Loaded Value="True"/>
      </Unit15>
      <Unit16>
        <Filename Value="../base/kambiutils_os_error.inc"/>
        <CursorPos X="1" Y="89"/>
        <TopLine Value="60"/>
        <EditorIndex Value="3"/>
        <UsageCount Value="10"/>
        <Loaded Value="True"/>
      </Unit16>
      <Unit17>
        <Filename Value="../base/parseparametersunit.pas"/>
        <UnitName Value="ParseParametersUnit"/>
        <CursorPos X="1" Y="587"/>
        <TopLine Value="564"/>
        <EditorIndex Value="4"/>
        <UsageCount Value="10"/>
        <Loaded Value="True"/>
      </Unit17>
    </Units>
    <JumpHistory Count="10" HistoryIndex="9">
      <Position1>
        <Filename Value="../audio/kambiogg.pas"/>
        <Caret Line="1" Column="1" TopLine="1"/>
      </Position1>
      <Position2>
        <Filename Value="testdynarrays.pas"/>
        <Caret Line="6" Column="1" TopLine="1"/>
      </Position2>
      <Position3>
        <Filename Value="testdynarrays.pas"/>
        <Caret Line="72" Column="60" TopLine="36"/>
      </Position3>
      <Position4>
        <Filename Value="../base/kambidynlib.pas"/>
        <Caret Line="221" Column="1" TopLine="183"/>
      </Position4>
      <Position5>
        <Filename Value="../base/kambiutils_os_error.inc"/>
        <Caret Line="89" Column="1" TopLine="60"/>
      </Position5>
      <Position6>
        <Filename Value="../base/parseparametersunit.pas"/>
        <Caret Line="616" Column="1" TopLine="592"/>
      </Position6>
      <Position7>
        <Filename Value="../base/parseparametersunit.pas"/>
        <Caret Line="634" Column="1" TopLine="611"/>
      </Position7>
      <Position8>
        <Filename Value="../base/parseparametersunit.pas"/>
        <Caret Line="587" Column="1" TopLine="564"/>
      </Position8>
      <Position9>
        <Filename Value="../base/parseparametersunit.pas"/>
        <Caret Line="747" Column="1" TopLine="724"/>
      </Position9>
      <Position10>
        <Filename Value="../base/parseparametersunit.pas"/>
        <Caret Line="753" Column="1" TopLine="730"/>
      </Position10>
    </JumpHistory>
  </ProjectOptions>
  <CompilerOptions>
    <Version Value="8"/>
    <Parsing>
      <SyntaxOptions>
        <IncludeAssertionCode Value="True"/>
        <CStyleMacros Value="True"/>
        <UseAnsiStrings Value="True"/>
      </SyntaxOptions>
    </Parsing>
    <CodeGeneration>
      <Checks>
        <IOChecks Value="True"/>
        <RangeChecks Value="True"/>
        <OverflowChecks Value="True"/>
        <StackChecks Value="True"/>
      </Checks>
    </CodeGeneration>
    <Other>
      <Verbosity>
        <ShowNotes Value="False"/>
        <ShowHints Value="False"/>
        <ShowGenInfo Value="False"/>
      </Verbosity>
      <WriteFPCLogo Value="False"/>
      <CustomOptions Value="-Sh
"/>
      <CompilerPath Value="$(CompPath)"/>
    </Other>
  </CompilerOptions>
  <Debugging>
    <Exceptions Count="2">
      <Item1>
        <Name Value="ECodetoolError"/>
      </Item1>
      <Item2>
        <Name Value="EFOpenError"/>
      </Item2>
    </Exceptions>
  </Debugging>
</CONFIG>
