<?xml version="1.0"?>
<CONFIG>
  <ProjectOptions>
    <Version Value="9"/>
    <General>
      <Flags>
        <SaveClosedFiles Value="False"/>
        <LRSInOutputDirectory Value="False"/>
      </Flags>
      <MainUnit Value="0"/>
      <Title Value="test_castle_game_engine"/>
      <ActiveWindowIndexAtStart Value="0"/>
    </General>
    <BuildModes Count="1">
      <Item1 Name="default" Default="True"/>
    </BuildModes>
    <PublishOptions>
      <Version Value="2"/>
      <IgnoreBinaries Value="False"/>
      <IncludeFileFilter Value="*.(pas|pp|inc|lfm|lpr|lrs|lpi|lpk|sh|xml)"/>
      <ExcludeFileFilter Value="*.(bak|ppu|ppw|o|so);*~;backup"/>
    </PublishOptions>
    <RunParams>
      <local>
        <FormatVersion Value="1"/>
        <LaunchingApplication PathPlusParams="/usr/X11R6/bin/xterm -T 'Lazarus Run Output' -e $(LazarusDir)/tools/runwait.sh $(TargetCmdLine)"/>
      </local>
    </RunParams>
    <RequiredPackages Count="4">
      <Item1>
        <PackageName Value="LCL"/>
      </Item1>
      <Item2>
        <PackageName Value="castle_base"/>
      </Item2>
      <Item3>
        <PackageName Value="FPCUnitTestRunner"/>
      </Item3>
      <Item4>
        <PackageName Value="FCL"/>
      </Item4>
    </RequiredPackages>
    <Units Count="4">
      <Unit0>
        <Filename Value="test_castle_game_engine.lpr"/>
        <IsPartOfProject Value="True"/>
        <UnitName Value="test_castle_game_engine"/>
        <EditorIndex Value="0"/>
        <WindowIndex Value="1"/>
        <TopLine Value="12"/>
        <CursorPos X="51" Y="20"/>
        <UsageCount Value="37"/>
        <Loaded Value="True"/>
        <LoadedDesigner Value="True"/>
      </Unit0>
      <Unit1>
        <Filename Value="../src/castlescript/castlescript.pas"/>
        <UnitName Value="CastleScript"/>
        <EditorIndex Value="1"/>
        <WindowIndex Value="1"/>
        <TopLine Value="1112"/>
        <CursorPos X="82" Y="1118"/>
        <UsageCount Value="10"/>
        <Loaded Value="True"/>
      </Unit1>
      <Unit2>
        <Filename Value="../src/base/castleutils_miscella.inc"/>
        <EditorIndex Value="2"/>
        <WindowIndex Value="1"/>
        <TopLine Value="284"/>
        <CursorPos X="47" Y="290"/>
        <UsageCount Value="10"/>
        <Loaded Value="True"/>
      </Unit2>
      <Unit3>
        <Filename Value="testcastlescript.pas"/>
        <UnitName Value="TestCastleScript"/>
        <IsVisibleTab Value="True"/>
        <EditorIndex Value="3"/>
        <WindowIndex Value="1"/>
        <TopLine Value="163"/>
        <CursorPos X="57" Y="175"/>
        <UsageCount Value="10"/>
        <Loaded Value="True"/>
      </Unit3>
    </Units>
    <JumpHistory Count="3" HistoryIndex="2">
      <Position1>
        <Filename Value="test_castle_game_engine.lpr"/>
        <Caret Line="20" Column="51" TopLine="12"/>
      </Position1>
      <Position2>
        <Filename Value="../src/castlescript/castlescript.pas"/>
        <Caret Line="1118" Column="82" TopLine="1112"/>
      </Position2>
      <Position3>
        <Filename Value="../src/base/castleutils_miscella.inc"/>
        <Caret Line="290" Column="47" TopLine="284"/>
      </Position3>
    </JumpHistory>
  </ProjectOptions>
  <CompilerOptions>
    <Version Value="11"/>
    <SearchPaths>
      <IncludeFiles Value="../../castle_game_engine/src/base"/>
      <OtherUnitFiles Value="../examples/shadow_fields"/>
    </SearchPaths>
    <Parsing>
      <SyntaxOptions>
        <IncludeAssertionCode Value="True"/>
        <CStyleMacros Value="True"/>
      </SyntaxOptions>
    </Parsing>
    <CodeGeneration>
      <Checks>
        <IOChecks Value="True"/>
        <RangeChecks Value="True"/>
        <OverflowChecks Value="True"/>
        <StackChecks Value="True"/>
      </Checks>
    </CodeGeneration>
    <Other>
      <Verbosity>
        <ShowNotes Value="False"/>
        <ShowHints Value="False"/>
        <ShowGenInfo Value="False"/>
      </Verbosity>
      <WriteFPCLogo Value="False"/>
      <CustomOptions Value="-Sh"/>
      <CompilerPath Value="$(CompPath)"/>
    </Other>
  </CompilerOptions>
  <Debugging>
    <Exceptions Count="21">
      <Item1>
        <Name Value="ECodetoolError"/>
      </Item1>
      <Item2>
        <Name Value="EFOpenError"/>
      </Item2>
      <Item3>
        <Name Value="EUnableToLoadImage"/>
      </Item3>
      <Item4>
        <Name Value="EBox3DEmpty"/>
      </Item4>
      <Item5>
        <Name Value="EInvalidLongOption"/>
      </Item5>
      <Item6>
        <Name Value="EInvalidShortOption"/>
      </Item6>
      <Item7>
        <Name Value="EInvalidParams"/>
      </Item7>
      <Item8>
        <Name Value="EMissingOptionArgument"/>
      </Item8>
      <Item9>
        <Name Value="EExcessiveOptionArgument"/>
      </Item9>
      <Item10>
        <Name Value="ENodesManagerError"/>
      </Item10>
      <Item11>
        <Name Value="EDeformatError"/>
      </Item11>
      <Item12>
        <Name Value="EUnknownPercentFormat"/>
      </Item12>
      <Item13>
        <Name Value="EKamAssignValueError"/>
      </Item13>
      <Item14>
        <Name Value="EConvertError"/>
      </Item14>
      <Item15>
        <Name Value="ECasScriptError"/>
      </Item15>
      <Item16>
        <Name Value="ECasScriptFunctionArgumentsError"/>
      </Item16>
      <Item17>
        <Name Value="ECasScriptParserError"/>
      </Item17>
      <Item18>
        <Name Value="ECasScriptFunctionNoHandler"/>
      </Item18>
      <Item19>
        <Name Value="ECasScriptAnyMathError"/>
      </Item19>
      <Item20>
        <Name Value="EKambiOSError"/>
      </Item20>
      <Item21>
        <Name Value="EDivByZero"/>
      </Item21>
    </Exceptions>
  </Debugging>
  <EditorMacros Count="0"/>
</CONFIG>
