<?xml version="1.0" encoding="UTF-8"?>
<CONFIG>
  <ProjectOptions>
    <Version Value="12"/>
    <General>
      <Flags>
        <MainUnitHasUsesSectionForAllUnits Value="False"/>
        <MainUnitHasCreateFormStatements Value="False"/>
        <MainUnitHasTitleStatement Value="False"/>
        <MainUnitHasScaledStatement Value="False"/>
        <CompatibilityMode Value="True"/>
      </Flags>
      <SessionStorage Value="InProjectDir"/>
      <Title Value="texture_font_to_pascal"/>
    </General>
    <BuildModes Count="2">
      <Item1 Name="Debug" Default="True"/>
      <Item2 Name="Release">
        <CompilerOptions>
          <Version Value="11"/>
          <Target>
            <Filename Value="texture-font-to-pascal"/>
          </Target>
          <SearchPaths>
            <IncludeFiles Value="../common-code/"/>
            <OtherUnitFiles Value="../common-code/"/>
            <UnitOutputDirectory Value="castle-engine-output/standalone/lazarus-lib/$(TargetCPU)-$(TargetOS)"/>
            <Libraries Value="" />
          </SearchPaths>
          <CodeGeneration>
            <SmartLinkUnit Value="True"/>
            <Checks>
              <IOChecks Value="True"/>
            </Checks>
            <Optimizations>
              <OptimizationLevel Value="2"/>
            </Optimizations>
          </CodeGeneration>
          <Linking>
            <Debugging>
              <GenerateDebugInfo Value="False"/>
              <RunWithoutDebug Value="True"/>
              <StripSymbols Value="True"/>
            </Debugging>
            <LinkSmart Value="True"/>
          </Linking>
          <Other>
            <Verbosity>
              <ShowHints Value="False"/>
            </Verbosity>
            <CustomOptions Value="-dRELEASE

-dCASTLE_STRICT_CLI
"/>
          </Other>
        </CompilerOptions>
      </Item2>
    </BuildModes>
    <RequiredPackages Count="2">
      <Item1>
        <PackageName Value="castle_window"/>
      </Item1>
      <Item2>
        <PackageName Value="castle_base"/>
      </Item2>
    </RequiredPackages>
    <Units Count="11">
      <Unit0>
        <Filename Value="texture_font_to_pascal.lpr"/>
        <IsPartOfProject Value="True"/>
      </Unit0>
      <Unit1>
        <Filename Value="../common-code/castlefonttopascal.pas"/>
        <IsPartOfProject Value="True"/>
        <UnitName Value="castlefonttopascal"/>
      </Unit1>
      <Unit2>
        <Filename Value="../common-code/toolassocdoctypes.pas"/>
        <IsPartOfProject Value="True"/>
        <UnitName Value="toolassocdoctypes"/>
      </Unit2>
      <Unit3>
        <Filename Value="../common-code/toolcommonutils.pas"/>
        <IsPartOfProject Value="True"/>
        <UnitName Value="toolcommonutils"/>
      </Unit3>
      <Unit4>
        <Filename Value="../common-code/toolcompilerinfo.pas"/>
        <IsPartOfProject Value="True"/>
        <UnitName Value="toolcompilerinfo"/>
      </Unit4>
      <Unit5>
        <Filename Value="../common-code/toolfpcversion.pas"/>
        <IsPartOfProject Value="True"/>
        <UnitName Value="toolfpcversion"/>
      </Unit5>
      <Unit6>
        <Filename Value="../common-code/toolmanifest.pas"/>
        <IsPartOfProject Value="True"/>
        <UnitName Value="toolmanifest"/>
      </Unit6>
      <Unit7>
        <Filename Value="../common-code/toolpackageformat.pas"/>
        <IsPartOfProject Value="True"/>
        <UnitName Value="toolpackageformat"/>
      </Unit7>
      <Unit8>
        <Filename Value="../common-code/toolprocess.pas"/>
        <IsPartOfProject Value="True"/>
        <UnitName Value="toolprocess"/>
      </Unit8>
      <Unit9>
        <Filename Value="../common-code/toolservices.pas"/>
        <IsPartOfProject Value="True"/>
        <UnitName Value="toolservices"/>
      </Unit9>
      <Unit10>
        <Filename Value="castleautogenerated.pas"/>
        <IsPartOfProject Value="True"/>
        <UnitName Value="castleautogenerated"/>
      </Unit10>
    </Units>
  </ProjectOptions>
  <CompilerOptions>
    <Version Value="11"/>
    <Target>
      <Filename Value="texture-font-to-pascal"/>
    </Target>
    <SearchPaths>
      <IncludeFiles Value="../common-code/"/>
      <OtherUnitFiles Value="../common-code/"/>
      <UnitOutputDirectory Value="castle-engine-output/standalone/lazarus-lib/$(TargetCPU)-$(TargetOS)"/>
      <Libraries Value="" />
    </SearchPaths>
    <Parsing>
      <SyntaxOptions>
        <IncludeAssertionCode Value="True"/>
      </SyntaxOptions>
    </Parsing>
    <CodeGeneration>
      <Checks>
        <IOChecks Value="True"/>
        <RangeChecks Value="True"/>
        <OverflowChecks Value="True"/>
        <StackChecks Value="True"/>
      </Checks>
      <VerifyObjMethodCallValidity Value="True"/>
    </CodeGeneration>
    <Linking>
      <Debugging>
        <DebugInfoType Value="dsDwarf3"/>
        <UseExternalDbgSyms Value="True"/>
      </Debugging>
    </Linking>
    <Other>
      <Verbosity>
        <ShowHints Value="False"/>
      </Verbosity>
      <CustomOptions Value="-dDEBUG

-dCASTLE_STRICT_CLI
"/>
    </Other>
  </CompilerOptions>
  <Debugging>
    <Exceptions Count="3">
      <Item1>
        <Name Value="EAbort"/>
      </Item1>
      <Item2>
        <Name Value="ECodetoolError"/>
      </Item2>
      <Item3>
        <Name Value="EFOpenError"/>
      </Item3>
    </Exceptions>
  </Debugging>
</CONFIG>
