<?xml version="1.0"?>
<CONFIG>
  <ProjectOptions>
    <Version Value="7"/>
    <General>
      <MainUnit Value="0"/>
      <TargetFileExt Value=""/>
      <Icon Value="0"/>
      <UseXPManifest Value="True"/>
      <ActiveEditorIndexAtStart Value="1"/>
    </General>
    <VersionInfo>
      <ProjectVersion Value=""/>
      <Language Value=""/>
      <CharSet Value=""/>
    </VersionInfo>
    <PublishOptions>
      <Version Value="2"/>
      <IgnoreBinaries Value="False"/>
      <IncludeFileFilter Value="*.(pas|pp|inc|lfm|lpr|lrs|lpi|lpk|sh|xml)"/>
      <ExcludeFileFilter Value="*.(bak|ppu|ppw|o|so);*~;backup"/>
    </PublishOptions>
    <RunParams>
      <local>
        <FormatVersion Value="1"/>
        <LaunchingApplication PathPlusParams="/usr/X11R6/bin/xterm -T 'Lazarus Run Output' -e $(LazarusDir)/tools/runwait.sh $(TargetCmdLine)"/>
      </local>
    </RunParams>
    <RequiredPackages Count="3">
      <Item1>
        <PackageName Value="kambi_base"/>
        <MinVersion Major="1" Valid="True"/>
      </Item1>
      <Item2>
        <PackageName Value="kambi_components"/>
        <MinVersion Major="1" Valid="True"/>
      </Item2>
      <Item3>
        <PackageName Value="LCL"/>
      </Item3>
    </RequiredPackages>
    <Units Count="4">
      <Unit0>
        <Filename Value="camera.lpr"/>
        <IsPartOfProject Value="True"/>
        <UnitName Value="camera"/>
        <UsageCount Value="20"/>
      </Unit0>
      <Unit1>
        <Filename Value="mainf.pas"/>
        <IsPartOfProject Value="True"/>
        <ComponentName Value="MainForm"/>
        <ResourceBaseClass Value="Form"/>
        <UnitName Value="mainf"/>
        <CursorPos X="47" Y="43"/>
        <TopLine Value="27"/>
        <EditorIndex Value="0"/>
        <UsageCount Value="20"/>
        <Loaded Value="True"/>
      </Unit1>
      <Unit2>
        <Filename Value="../../../src/opengl/kambiglutils.pas"/>
        <UnitName Value="KambiGLUtils"/>
        <CursorPos X="20" Y="917"/>
        <TopLine Value="883"/>
        <EditorIndex Value="2"/>
        <UsageCount Value="10"/>
        <Loaded Value="True"/>
      </Unit2>
      <Unit3>
        <Filename Value="../../../src/components/kambiglcontrol.pas"/>
        <UnitName Value="KambiGLControl"/>
        <CursorPos X="26" Y="996"/>
        <TopLine Value="979"/>
        <EditorIndex Value="1"/>
        <UsageCount Value="10"/>
        <Loaded Value="True"/>
      </Unit3>
    </Units>
    <JumpHistory Count="9" HistoryIndex="8">
      <Position1>
        <Filename Value="mainf.pas"/>
        <Caret Line="33" Column="31" TopLine="11"/>
      </Position1>
      <Position2>
        <Filename Value="mainf.pas"/>
        <Caret Line="46" Column="33" TopLine="16"/>
      </Position2>
      <Position3>
        <Filename Value="mainf.pas"/>
        <Caret Line="67" Column="1" TopLine="33"/>
      </Position3>
      <Position4>
        <Filename Value="mainf.pas"/>
        <Caret Line="30" Column="43" TopLine="15"/>
      </Position4>
      <Position5>
        <Filename Value="mainf.pas"/>
        <Caret Line="53" Column="1" TopLine="30"/>
      </Position5>
      <Position6>
        <Filename Value="mainf.pas"/>
        <Caret Line="30" Column="41" TopLine="23"/>
      </Position6>
      <Position7>
        <Filename Value="mainf.pas"/>
        <Caret Line="24" Column="41" TopLine="23"/>
      </Position7>
      <Position8>
        <Filename Value="../../../src/components/kambiglcontrol.pas"/>
        <Caret Line="1" Column="1" TopLine="1"/>
      </Position8>
      <Position9>
        <Filename Value="../../../src/components/kambiglcontrol.pas"/>
        <Caret Line="1002" Column="13" TopLine="978"/>
      </Position9>
    </JumpHistory>
  </ProjectOptions>
  <CompilerOptions>
    <Version Value="8"/>
    <Target>
      <Filename Value="camera"/>
    </Target>
    <SearchPaths>
      <IncludeFiles Value="$(ProjOutDir)/"/>
      <UnitOutputDirectory Value="lib/$(TargetCPU)-$(TargetOS)"/>
    </SearchPaths>
    <Linking>
      <Options>
        <Win32>
          <GraphicApplication Value="True"/>
        </Win32>
      </Options>
    </Linking>
    <Other>
      <CompilerPath Value="$(CompPath)"/>
    </Other>
  </CompilerOptions>
  <Debugging>
    <Exceptions Count="3">
      <Item1>
        <Name Value="EAbort"/>
      </Item1>
      <Item2>
        <Name Value="ECodetoolError"/>
      </Item2>
      <Item3>
        <Name Value="EFOpenError"/>
      </Item3>
    </Exceptions>
  </Debugging>
</CONFIG>
