<?xml version="1.0"?>
<CONFIG>
  <ProjectOptions>
    <PathDelim Value="\"/>
    <Version Value="7"/>
    <General>
      <Flags>
        <LRSInOutputDirectory Value="False"/>
      </Flags>
      <MainUnit Value="0"/>
      <TargetFileExt Value=""/>
      <ActiveEditorIndexAtStart Value="0"/>
    </General>
    <VersionInfo>
      <ProjectVersion Value=""/>
      <Language Value=""/>
      <CharSet Value=""/>
    </VersionInfo>
    <PublishOptions>
      <Version Value="2"/>
      <IgnoreBinaries Value="False"/>
      <IncludeFileFilter Value="*.(pas|pp|inc|lfm|lpr|lrs|lpi|lpk|sh|xml)"/>
      <ExcludeFileFilter Value="*.(bak|ppu|ppw|o|so);*~;backup"/>
    </PublishOptions>
    <RunParams>
      <local>
        <FormatVersion Value="1"/>
        <LaunchingApplication PathPlusParams="\usr\X11R6\bin\xterm -T 'Lazarus Run Output' -e $(LazarusDir)\tools\runwait.sh $(TargetCmdLine)"/>
      </local>
    </RunParams>
    <RequiredPackages Count="3">
      <Item1>
        <PackageName Value="kambi_base"/>
        <MinVersion Major="1" Valid="True"/>
      </Item1>
      <Item2>
        <PackageName Value="kambi_components"/>
        <MinVersion Valid="True"/>
      </Item2>
      <Item3>
        <PackageName Value="LCL"/>
      </Item3>
    </RequiredPackages>
    <Units Count="10">
      <Unit0>
        <Filename Value="vrml_with_2d_controls.lpr"/>
        <IsPartOfProject Value="True"/>
        <UnitName Value="vrml_with_2d_controls"/>
        <CursorPos X="39" Y="10"/>
        <TopLine Value="1"/>
        <UsageCount Value="34"/>
      </Unit0>
      <Unit1>
        <Filename Value="mainf.pas"/>
        <IsPartOfProject Value="True"/>
        <ComponentName Value="Form1"/>
        <ResourceBaseClass Value="Form"/>
        <UnitName Value="MainF"/>
        <CursorPos X="29" Y="27"/>
        <TopLine Value="10"/>
        <EditorIndex Value="0"/>
        <UsageCount Value="34"/>
        <Loaded Value="True"/>
      </Unit1>
      <Unit2>
        <Filename Value="..\..\..\src\components\kambivrmlbrowser.pas"/>
        <UnitName Value="KambiVRMLBrowser"/>
        <CursorPos X="21" Y="21"/>
        <TopLine Value="1"/>
        <UsageCount Value="10"/>
      </Unit2>
      <Unit3>
        <Filename Value="..\..\..\src\base\areas.pas"/>
        <UnitName Value="Areas"/>
        <CursorPos X="22" Y="123"/>
        <TopLine Value="103"/>
        <UsageCount Value="10"/>
      </Unit3>
      <Unit4>
        <Filename Value="..\..\..\src\opengl\kambiglutils.pas"/>
        <UnitName Value="KambiGLUtils"/>
        <CursorPos X="1" Y="2095"/>
        <TopLine Value="2075"/>
        <UsageCount Value="10"/>
      </Unit4>
      <Unit5>
        <Filename Value="..\..\..\src\components\kambiglcontrol.pas"/>
        <UnitName Value="KambiGLControl"/>
        <CursorPos X="17" Y="1105"/>
        <TopLine Value="1088"/>
        <UsageCount Value="10"/>
      </Unit5>
      <Unit6>
        <Filename Value="..\..\..\src\ui\uicontrols.pas"/>
        <UnitName Value="UIControls"/>
        <CursorPos X="59" Y="147"/>
        <TopLine Value="119"/>
        <UsageCount Value="10"/>
      </Unit6>
      <Unit7>
        <Filename Value="..\..\..\src\opengl\openglfonts.pas"/>
        <UnitName Value="OpenGLFonts"/>
        <CursorPos X="1" Y="230"/>
        <TopLine Value="213"/>
        <UsageCount Value="10"/>
      </Unit7>
      <Unit8>
        <Filename Value="..\..\..\..\..\..\..\installed\lazarus\current\lcl\controls.pp"/>
        <UnitName Value="Controls"/>
        <CursorPos X="14" Y="1932"/>
        <TopLine Value="1915"/>
        <UsageCount Value="10"/>
      </Unit8>
      <Unit9>
        <Filename Value="..\..\..\src\ui\opengl\glbuttons.pas"/>
        <UnitName Value="GLButtons"/>
        <CursorPos X="1" Y="1"/>
        <TopLine Value="12"/>
        <UsageCount Value="10"/>
      </Unit9>
    </Units>
    <JumpHistory Count="6" HistoryIndex="5">
      <Position1>
        <Filename Value="mainf.pas"/>
        <Caret Line="22" Column="35" TopLine="1"/>
      </Position1>
      <Position2>
        <Filename Value="mainf.pas"/>
        <Caret Line="19" Column="16" TopLine="8"/>
      </Position2>
      <Position3>
        <Filename Value="mainf.pas"/>
        <Caret Line="20" Column="16" TopLine="9"/>
      </Position3>
      <Position4>
        <Filename Value="mainf.pas"/>
        <Caret Line="24" Column="18" TopLine="10"/>
      </Position4>
      <Position5>
        <Filename Value="mainf.pas"/>
        <Caret Line="86" Column="3" TopLine="52"/>
      </Position5>
      <Position6>
        <Filename Value="mainf.pas"/>
        <Caret Line="17" Column="1" TopLine="1"/>
      </Position6>
    </JumpHistory>
  </ProjectOptions>
  <CompilerOptions>
    <Version Value="8"/>
    <PathDelim Value="\"/>
    <Parsing>
      <SyntaxOptions>
        <IncludeAssertionCode Value="True"/>
        <CStyleMacros Value="True"/>
        <UseAnsiStrings Value="True"/>
      </SyntaxOptions>
    </Parsing>
    <Linking>
      <Debugging>
        <UseHeaptrc Value="True"/>
      </Debugging>
      <Options>
        <Win32>
          <GraphicApplication Value="True"/>
        </Win32>
      </Options>
    </Linking>
    <Other>
      <CompilerPath Value="$(CompPath)"/>
    </Other>
  </CompilerOptions>
  <Debugging>
    <Exceptions Count="3">
      <Item1>
        <Name Value="ECodetoolError"/>
      </Item1>
      <Item2>
        <Name Value="EFOpenError"/>
      </Item2>
      <Item3>
        <Name Value="BreakFirstViewpointFound"/>
      </Item3>
    </Exceptions>
  </Debugging>
</CONFIG>
