<?xml version="1.0"?>
<CONFIG>
  <ProjectOptions>
    <PathDelim Value="\"/>
    <Version Value="7"/>
    <General>
      <Flags>
        <LRSInOutputDirectory Value="False"/>
      </Flags>
      <MainUnit Value="0"/>
      <TargetFileExt Value=""/>
      <ActiveEditorIndexAtStart Value="0"/>
    </General>
    <VersionInfo>
      <ProjectVersion Value=""/>
      <Language Value=""/>
      <CharSet Value=""/>
    </VersionInfo>
    <PublishOptions>
      <Version Value="2"/>
      <IgnoreBinaries Value="False"/>
      <IncludeFileFilter Value="*.(pas|pp|inc|lfm|lpr|lrs|lpi|lpk|sh|xml)"/>
      <ExcludeFileFilter Value="*.(bak|ppu|ppw|o|so);*~;backup"/>
    </PublishOptions>
    <RunParams>
      <local>
        <FormatVersion Value="1"/>
        <LaunchingApplication PathPlusParams="\usr\X11R6\bin\xterm -T 'Lazarus Run Output' -e $(LazarusDir)\tools\runwait.sh $(TargetCmdLine)"/>
      </local>
    </RunParams>
    <RequiredPackages Count="3">
      <Item1>
        <PackageName Value="kambi_base"/>
        <MinVersion Major="1" Valid="True"/>
      </Item1>
      <Item2>
        <PackageName Value="kambi_components"/>
        <MinVersion Valid="True"/>
      </Item2>
      <Item3>
        <PackageName Value="LCL"/>
      </Item3>
    </RequiredPackages>
    <Units Count="13">
      <Unit0>
        <Filename Value="vrml_with_2d_controls.lpr"/>
        <IsPartOfProject Value="True"/>
        <UnitName Value="vrml_with_2d_controls"/>
        <CursorPos X="39" Y="10"/>
        <TopLine Value="1"/>
        <UsageCount Value="35"/>
      </Unit0>
      <Unit1>
        <Filename Value="mainf.pas"/>
        <IsPartOfProject Value="True"/>
        <ComponentName Value="Form1"/>
        <ResourceBaseClass Value="Form"/>
        <UnitName Value="MainF"/>
        <CursorPos X="29" Y="78"/>
        <TopLine Value="75"/>
        <EditorIndex Value="0"/>
        <UsageCount Value="35"/>
        <Loaded Value="True"/>
      </Unit1>
      <Unit2>
        <Filename Value="..\..\..\src\components\kambivrmlbrowser.pas"/>
        <UnitName Value="KambiVRMLBrowser"/>
        <CursorPos X="21" Y="21"/>
        <TopLine Value="1"/>
        <UsageCount Value="10"/>
      </Unit2>
      <Unit3>
        <Filename Value="..\..\..\src\base\areas.pas"/>
        <UnitName Value="Areas"/>
        <CursorPos X="22" Y="123"/>
        <TopLine Value="103"/>
        <UsageCount Value="10"/>
      </Unit3>
      <Unit4>
        <Filename Value="..\..\..\src\opengl\kambiglutils.pas"/>
        <UnitName Value="KambiGLUtils"/>
        <CursorPos X="1" Y="2095"/>
        <TopLine Value="2075"/>
        <UsageCount Value="10"/>
      </Unit4>
      <Unit5>
        <Filename Value="..\..\..\src\components\kambiglcontrol.pas"/>
        <UnitName Value="KambiGLControl"/>
        <CursorPos X="28" Y="1253"/>
        <TopLine Value="1237"/>
        <EditorIndex Value="1"/>
        <UsageCount Value="10"/>
        <Loaded Value="True"/>
      </Unit5>
      <Unit6>
        <Filename Value="..\..\..\src\ui\uicontrols.pas"/>
        <UnitName Value="UIControls"/>
        <CursorPos X="59" Y="147"/>
        <TopLine Value="119"/>
        <UsageCount Value="10"/>
      </Unit6>
      <Unit7>
        <Filename Value="..\..\..\src\opengl\openglfonts.pas"/>
        <UnitName Value="OpenGLFonts"/>
        <CursorPos X="1" Y="230"/>
        <TopLine Value="213"/>
        <UsageCount Value="10"/>
      </Unit7>
      <Unit8>
        <Filename Value="..\..\..\..\..\..\..\installed\lazarus\current\lcl\controls.pp"/>
        <UnitName Value="Controls"/>
        <CursorPos X="14" Y="1932"/>
        <TopLine Value="1915"/>
        <UsageCount Value="10"/>
      </Unit8>
      <Unit9>
        <Filename Value="..\..\..\src\ui\opengl\glbuttons.pas"/>
        <UnitName Value="GLButtons"/>
        <CursorPos X="1" Y="1"/>
        <TopLine Value="12"/>
        <UsageCount Value="10"/>
      </Unit9>
      <Unit10>
        <Filename Value="..\..\..\src\ui\opengl\glcontrols.pas"/>
        <UnitName Value="GLControls"/>
        <CursorPos X="9" Y="71"/>
        <TopLine Value="55"/>
        <UsageCount Value="10"/>
      </Unit10>
      <Unit11>
        <Filename Value="..\..\..\src\opengl\glimages.pas"/>
        <UnitName Value="GLImages"/>
        <CursorPos X="34" Y="190"/>
        <TopLine Value="168"/>
        <EditorIndex Value="3"/>
        <UsageCount Value="10"/>
        <Loaded Value="True"/>
      </Unit11>
      <Unit12>
        <Filename Value="..\..\..\src\images\images.pas"/>
        <UnitName Value="Images"/>
        <CursorPos X="20" Y="1537"/>
        <TopLine Value="1515"/>
        <EditorIndex Value="2"/>
        <UsageCount Value="10"/>
        <Loaded Value="True"/>
      </Unit12>
    </Units>
    <JumpHistory Count="23" HistoryIndex="22">
      <Position1>
        <Filename Value="mainf.pas"/>
        <Caret Line="36" Column="18" TopLine="16"/>
      </Position1>
      <Position2>
        <Filename Value="mainf.pas"/>
        <Caret Line="37" Column="18" TopLine="16"/>
      </Position2>
      <Position3>
        <Filename Value="mainf.pas"/>
        <Caret Line="38" Column="18" TopLine="16"/>
      </Position3>
      <Position4>
        <Filename Value="mainf.pas"/>
        <Caret Line="39" Column="18" TopLine="17"/>
      </Position4>
      <Position5>
        <Filename Value="mainf.pas"/>
        <Caret Line="67" Column="22" TopLine="53"/>
      </Position5>
      <Position6>
        <Filename Value="..\..\..\src\images\images.pas"/>
        <Caret Line="1" Column="1" TopLine="1"/>
      </Position6>
      <Position7>
        <Filename Value="..\..\..\src\images\images.pas"/>
        <Caret Line="35" Column="54" TopLine="24"/>
      </Position7>
      <Position8>
        <Filename Value="..\..\..\src\images\images.pas"/>
        <Caret Line="43" Column="21" TopLine="24"/>
      </Position8>
      <Position9>
        <Filename Value="..\..\..\src\images\images.pas"/>
        <Caret Line="1471" Column="22" TopLine="1450"/>
      </Position9>
      <Position10>
        <Filename Value="mainf.pas"/>
        <Caret Line="63" Column="74" TopLine="51"/>
      </Position10>
      <Position11>
        <Filename Value="mainf.pas"/>
        <Caret Line="64" Column="74" TopLine="51"/>
      </Position11>
      <Position12>
        <Filename Value="mainf.pas"/>
        <Caret Line="65" Column="74" TopLine="51"/>
      </Position12>
      <Position13>
        <Filename Value="mainf.pas"/>
        <Caret Line="66" Column="74" TopLine="51"/>
      </Position13>
      <Position14>
        <Filename Value="..\..\..\src\components\kambiglcontrol.pas"/>
        <Caret Line="1105" Column="17" TopLine="1088"/>
      </Position14>
      <Position15>
        <Filename Value="..\..\..\src\components\kambiglcontrol.pas"/>
        <Caret Line="728" Column="48" TopLine="728"/>
      </Position15>
      <Position16>
        <Filename Value="..\..\..\src\components\kambiglcontrol.pas"/>
        <Caret Line="734" Column="48" TopLine="728"/>
      </Position16>
      <Position17>
        <Filename Value="..\..\..\src\components\kambiglcontrol.pas"/>
        <Caret Line="735" Column="43" TopLine="728"/>
      </Position17>
      <Position18>
        <Filename Value="..\..\..\src\components\kambiglcontrol.pas"/>
        <Caret Line="736" Column="25" TopLine="728"/>
      </Position18>
      <Position19>
        <Filename Value="..\..\..\src\components\kambiglcontrol.pas"/>
        <Caret Line="737" Column="60" TopLine="728"/>
      </Position19>
      <Position20>
        <Filename Value="..\..\..\src\components\kambiglcontrol.pas"/>
        <Caret Line="759" Column="60" TopLine="748"/>
      </Position20>
      <Position21>
        <Filename Value="..\..\..\src\components\kambiglcontrol.pas"/>
        <Caret Line="760" Column="24" TopLine="748"/>
      </Position21>
      <Position22>
        <Filename Value="..\..\..\src\components\kambiglcontrol.pas"/>
        <Caret Line="1229" Column="38" TopLine="1207"/>
      </Position22>
      <Position23>
        <Filename Value="..\..\..\src\components\kambiglcontrol.pas"/>
        <Caret Line="908" Column="17" TopLine="897"/>
      </Position23>
    </JumpHistory>
  </ProjectOptions>
  <CompilerOptions>
    <Version Value="8"/>
    <PathDelim Value="\"/>
    <Parsing>
      <SyntaxOptions>
        <IncludeAssertionCode Value="True"/>
        <CStyleMacros Value="True"/>
        <UseAnsiStrings Value="True"/>
      </SyntaxOptions>
    </Parsing>
    <Linking>
      <Debugging>
        <UseHeaptrc Value="True"/>
      </Debugging>
      <Options>
        <Win32>
          <GraphicApplication Value="True"/>
        </Win32>
      </Options>
    </Linking>
    <Other>
      <CompilerPath Value="$(CompPath)"/>
    </Other>
  </CompilerOptions>
  <Debugging>
    <Exceptions Count="4">
      <Item1>
        <Name Value="ECodetoolError"/>
      </Item1>
      <Item2>
        <Name Value="EFOpenError"/>
      </Item2>
      <Item3>
        <Name Value="BreakFirstViewpointFound"/>
      </Item3>
      <Item4>
        <Name Value="EDynLibError"/>
      </Item4>
    </Exceptions>
  </Debugging>
</CONFIG>
