<?xml version="1.0"?>
<CONFIG>
  <ProjectOptions>
    <PathDelim Value="/"/>
    <Version Value="5"/>
    <General>
      <Flags>
        <AlwaysBuild Value="False"/>
      </Flags>
      <MainUnit Value="0"/>
      <IconPath Value="./"/>
      <TargetFileExt Value=""/>
      <ActiveEditorIndexAtStart Value="0"/>
    </General>
    <PublishOptions>
      <Version Value="2"/>
      <IgnoreBinaries Value="False"/>
      <IncludeFileFilter Value="*.(pas|pp|inc|lfm|lpr|lrs|lpi|lpk|sh|xml)"/>
      <ExcludeFileFilter Value="*.(bak|ppu|ppw|o|so);*~;backup"/>
    </PublishOptions>
    <RunParams>
      <local>
        <FormatVersion Value="1"/>
        <LaunchingApplication PathPlusParams="/usr/X11R6/bin/xterm -T 'Lazarus Run Output' -e $(LazarusDir)/tools/runwait.sh $(TargetCmdLine)"/>
      </local>
    </RunParams>
    <RequiredPackages Count="2">
      <Item1>
        <PackageName Value="LCL"/>
      </Item1>
      <Item2>
        <PackageName Value="kambi_units"/>
      </Item2>
    </RequiredPackages>
    <Units Count="8">
      <Unit0>
        <Filename Value="test_al_source_allocator.lpr"/>
        <IsPartOfProject Value="True"/>
        <UnitName Value="test_al_source_allocator"/>
        <CursorPos X="1" Y="10"/>
        <TopLine Value="1"/>
        <UsageCount Value="24"/>
      </Unit0>
      <Unit1>
        <Filename Value="mainf.pas"/>
        <ComponentName Value="Main"/>
        <IsPartOfProject Value="True"/>
        <ResourceFilename Value="mainf.lrs"/>
        <UnitName Value="mainf"/>
        <CursorPos X="47" Y="56"/>
        <TopLine Value="23"/>
        <EditorIndex Value="0"/>
        <UsageCount Value="24"/>
        <Loaded Value="True"/>
      </Unit1>
      <Unit2>
        <Filename Value="../alsourceallocator.pas"/>
        <UnitName Value="ALSourceAllocator"/>
        <CursorPos X="7" Y="85"/>
        <TopLine Value="69"/>
        <UsageCount Value="10"/>
      </Unit2>
      <Unit3>
        <Filename Value="../openal_al.inc"/>
        <CursorPos X="3" Y="37"/>
        <TopLine Value="15"/>
        <UsageCount Value="10"/>
      </Unit3>
      <Unit4>
        <Filename Value="../openal.pas"/>
        <UnitName Value="OpenAL"/>
        <CursorPos X="25" Y="106"/>
        <TopLine Value="95"/>
        <UsageCount Value="10"/>
      </Unit4>
      <Unit5>
        <Filename Value="../../base/templates/objectslist_2.inc"/>
        <CursorPos X="5" Y="39"/>
        <TopLine Value="22"/>
        <UsageCount Value="10"/>
      </Unit5>
      <Unit6>
        <Filename Value="../alutils.pas"/>
        <UnitName Value="ALUtils"/>
        <CursorPos X="1" Y="1"/>
        <TopLine Value="1"/>
        <UsageCount Value="10"/>
      </Unit6>
      <Unit7>
        <Filename Value="../../packages/unix/kambi_units.pas"/>
        <UnitName Value="kambi_units"/>
        <CursorPos X="3" Y="10"/>
        <TopLine Value="1"/>
        <UsageCount Value="10"/>
      </Unit7>
    </Units>
    <JumpHistory Count="6" HistoryIndex="5">
      <Position1>
        <Filename Value="mainf.pas"/>
        <Caret Line="111" Column="60" TopLine="103"/>
      </Position1>
      <Position2>
        <Filename Value="mainf.pas"/>
        <Caret Line="81" Column="3" TopLine="47"/>
      </Position2>
      <Position3>
        <Filename Value="mainf.pas"/>
        <Caret Line="86" Column="14" TopLine="60"/>
      </Position3>
      <Position4>
        <Filename Value="mainf.pas"/>
        <Caret Line="9" Column="66" TopLine="1"/>
      </Position4>
      <Position5>
        <Filename Value="mainf.pas"/>
        <Caret Line="89" Column="7" TopLine="61"/>
      </Position5>
      <Position6>
        <Filename Value="mainf.pas"/>
        <Caret Line="87" Column="53" TopLine="65"/>
      </Position6>
    </JumpHistory>
  </ProjectOptions>
  <CompilerOptions>
    <Version Value="5"/>
    <SearchPaths>
      <SrcPath Value="$(LazarusDir)/lcl/;$(LazarusDir)/lcl/interfaces/$(LCLWidgetType)/"/>
    </SearchPaths>
    <Parsing>
      <SyntaxOptions>
        <D2Extensions Value="False"/>
        <IncludeAssertionCode Value="True"/>
        <CStyleMacros Value="True"/>
        <DelphiCompat Value="True"/>
        <UseAnsiStrings Value="True"/>
      </SyntaxOptions>
    </Parsing>
    <CodeGeneration>
      <Checks>
        <IOChecks Value="True"/>
        <RangeChecks Value="True"/>
        <OverflowChecks Value="True"/>
        <StackChecks Value="True"/>
      </Checks>
      <Generate Value="Faster"/>
    </CodeGeneration>
    <Linking>
      <Debugging>
        <GenerateDebugInfo Value="True"/>
        <UseHeaptrc Value="True"/>
      </Debugging>
      <Options>
        <Win32>
          <GraphicApplication Value="True"/>
        </Win32>
      </Options>
    </Linking>
    <Other>
      <CompilerPath Value="$(CompPath)"/>
    </Other>
  </CompilerOptions>
  <Debugging>
    <Exceptions Count="2">
      <Item1>
        <Name Value="ECodetoolError"/>
      </Item1>
      <Item2>
        <Name Value="EFOpenError"/>
      </Item2>
    </Exceptions>
  </Debugging>
</CONFIG>
