<?xml version="1.0"?>
<CONFIG>
  <ProjectOptions>
    <Version Value="9"/>
    <General>
      <Flags>
        <LRSInOutputDirectory Value="False"/>
      </Flags>
      <MainUnit Value="0"/>
      <ActiveWindowIndexAtStart Value="0"/>
    </General>
    <BuildModes Count="1">
      <Item1 Name="default" Default="True"/>
    </BuildModes>
    <PublishOptions>
      <Version Value="2"/>
      <IgnoreBinaries Value="False"/>
      <IncludeFileFilter Value="*.(pas|pp|inc|lfm|lpr|lrs|lpi|lpk|sh|xml)"/>
      <ExcludeFileFilter Value="*.(bak|ppu|ppw|o|so);*~;backup"/>
    </PublishOptions>
    <RunParams>
      <local>
        <FormatVersion Value="1"/>
        <LaunchingApplication PathPlusParams="/usr/X11R6/bin/xterm -T 'Lazarus Run Output' -e $(LazarusDir)/tools/runwait.sh $(TargetCmdLine)"/>
      </local>
    </RunParams>
    <RequiredPackages Count="5">
      <Item1>
        <PackageName Value="FCL"/>
        <MinVersion Major="1" Valid="True"/>
      </Item1>
      <Item2>
        <PackageName Value="castle_components"/>
        <MinVersion Valid="True"/>
      </Item2>
      <Item3>
        <PackageName Value="castle_base"/>
      </Item3>
      <Item4>
        <PackageName Value="LazOpenGLContext"/>
        <MinVersion Valid="True"/>
      </Item4>
      <Item5>
        <PackageName Value="LCL"/>
      </Item5>
    </RequiredPackages>
    <Units Count="2">
      <Unit0>
        <Filename Value="model_3d_viewer.lpr"/>
        <IsPartOfProject Value="True"/>
        <UnitName Value="model_3d_viewer"/>
        <TopLine Value="1"/>
        <CursorPos X="53" Y="17"/>
        <UsageCount Value="72"/>
      </Unit0>
      <Unit1>
        <Filename Value="mainf.pas"/>
        <IsPartOfProject Value="True"/>
        <ComponentName Value="Main"/>
        <ResourceBaseClass Value="Form"/>
        <UnitName Value="mainf"/>
        <IsVisibleTab Value="True"/>
        <EditorIndex Value="0"/>
        <WindowIndex Value="0"/>
        <TopLine Value="133"/>
        <CursorPos X="38" Y="269"/>
        <UsageCount Value="72"/>
        <Loaded Value="True"/>
        <LoadedDesigner Value="True"/>
      </Unit1>
    </Units>
    <JumpHistory Count="25" HistoryIndex="24">
      <Position1>
        <Filename Value="mainf.pas"/>
        <Caret Line="223" Column="51" TopLine="213"/>
      </Position1>
      <Position2>
        <Filename Value="mainf.pas"/>
        <Caret Line="224" Column="22" TopLine="210"/>
      </Position2>
      <Position3>
        <Filename Value="mainf.pas"/>
        <Caret Line="221" Column="7" TopLine="210"/>
      </Position3>
      <Position4>
        <Filename Value="mainf.pas"/>
        <Caret Line="160" Column="14" TopLine="143"/>
      </Position4>
      <Position5>
        <Filename Value="mainf.pas"/>
        <Caret Line="25" Column="51" TopLine="5"/>
      </Position5>
      <Position6>
        <Filename Value="mainf.pas"/>
        <Caret Line="268" Column="20" TopLine="252"/>
      </Position6>
      <Position7>
        <Filename Value="mainf.pas"/>
        <Caret Line="271" Column="20" TopLine="252"/>
      </Position7>
      <Position8>
        <Filename Value="mainf.pas"/>
        <Caret Line="273" Column="39" TopLine="252"/>
      </Position8>
      <Position9>
        <Filename Value="mainf.pas"/>
        <Caret Line="274" Column="39" TopLine="252"/>
      </Position9>
      <Position10>
        <Filename Value="mainf.pas"/>
        <Caret Line="270" Column="1" TopLine="242"/>
      </Position10>
      <Position11>
        <Filename Value="mainf.pas"/>
        <Caret Line="149" Column="26" TopLine="117"/>
      </Position11>
      <Position12>
        <Filename Value="mainf.pas"/>
        <Caret Line="247" Column="12" TopLine="219"/>
      </Position12>
      <Position13>
        <Filename Value="mainf.pas"/>
        <Caret Line="157" Column="5" TopLine="139"/>
      </Position13>
      <Position14>
        <Filename Value="mainf.pas"/>
        <Caret Line="80" Column="28" TopLine="53"/>
      </Position14>
      <Position15>
        <Filename Value="mainf.pas"/>
        <Caret Line="84" Column="28" TopLine="57"/>
      </Position15>
      <Position16>
        <Filename Value="mainf.pas"/>
        <Caret Line="83" Column="28" TopLine="56"/>
      </Position16>
      <Position17>
        <Filename Value="mainf.pas"/>
        <Caret Line="84" Column="28" TopLine="57"/>
      </Position17>
      <Position18>
        <Filename Value="mainf.pas"/>
        <Caret Line="83" Column="28" TopLine="56"/>
      </Position18>
      <Position19>
        <Filename Value="mainf.pas"/>
        <Caret Line="70" Column="110" TopLine="56"/>
      </Position19>
      <Position20>
        <Filename Value="mainf.pas"/>
        <Caret Line="72" Column="110" TopLine="57"/>
      </Position20>
      <Position21>
        <Filename Value="mainf.pas"/>
        <Caret Line="1" Column="1" TopLine="1"/>
      </Position21>
      <Position22>
        <Filename Value="mainf.pas"/>
        <Caret Line="69" Column="31" TopLine="53"/>
      </Position22>
      <Position23>
        <Filename Value="mainf.pas"/>
        <Caret Line="85" Column="14" TopLine="69"/>
      </Position23>
      <Position24>
        <Filename Value="mainf.pas"/>
        <Caret Line="156" Column="1" TopLine="142"/>
      </Position24>
      <Position25>
        <Filename Value="mainf.pas"/>
        <Caret Line="275" Column="33" TopLine="259"/>
      </Position25>
    </JumpHistory>
  </ProjectOptions>
  <CompilerOptions>
    <Version Value="9"/>
    <SearchPaths>
      <SrcPath Value="$(LazarusDir)/lcl;$(LazarusDir)/lcl/interfaces/$(LCLWidgetType)"/>
    </SearchPaths>
    <Parsing>
      <SyntaxOptions>
        <IncludeAssertionCode Value="True"/>
        <CStyleMacros Value="True"/>
      </SyntaxOptions>
    </Parsing>
    <CodeGeneration>
      <Checks>
        <IOChecks Value="True"/>
        <RangeChecks Value="True"/>
        <OverflowChecks Value="True"/>
        <StackChecks Value="True"/>
      </Checks>
    </CodeGeneration>
    <Linking>
      <Debugging>
        <GenerateDebugInfo Value="True"/>
      </Debugging>
      <Options>
        <Win32>
          <GraphicApplication Value="True"/>
        </Win32>
      </Options>
    </Linking>
    <Other>
      <Verbosity>
        <ShowHints Value="False"/>
        <ShowGenInfo Value="False"/>
      </Verbosity>
      <CompilerPath Value="$(CompPath)"/>
    </Other>
  </CompilerOptions>
  <Debugging>
    <Exceptions Count="5">
      <Item1>
        <Name Value="ECodetoolError"/>
      </Item1>
      <Item2>
        <Name Value="EFOpenError"/>
      </Item2>
      <Item3>
        <Name Value="BreakFirstViewpointFound"/>
      </Item3>
      <Item4>
        <Name Value="EDynLibError"/>
      </Item4>
      <Item5>
        <Name Value="BreakTransformChangeSuccess"/>
      </Item5>
    </Exceptions>
  </Debugging>
</CONFIG>
