<?xml version="1.0"?>
<CONFIG>
  <ProjectOptions>
    <Version Value="9"/>
    <PathDelim Value="\"/>
    <General>
      <Flags>
        <LRSInOutputDirectory Value="False"/>
      </Flags>
      <MainUnit Value="0"/>
      <ActiveWindowIndexAtStart Value="0"/>
    </General>
    <VersionInfo>
      <Language Value=""/>
      <CharSet Value=""/>
      <StringTable ProductVersion=""/>
    </VersionInfo>
    <BuildModes Count="1">
      <Item1 Name="default" Default="True"/>
    </BuildModes>
    <PublishOptions>
      <Version Value="2"/>
      <IgnoreBinaries Value="False"/>
      <IncludeFileFilter Value="*.(pas|pp|inc|lfm|lpr|lrs|lpi|lpk|sh|xml)"/>
      <ExcludeFileFilter Value="*.(bak|ppu|ppw|o|so);*~;backup"/>
    </PublishOptions>
    <RunParams>
      <local>
        <FormatVersion Value="1"/>
        <LaunchingApplication PathPlusParams="\usr\X11R6\bin\xterm -T 'Lazarus Run Output' -e $(LazarusDir)\tools\runwait.sh $(TargetCmdLine)"/>
      </local>
    </RunParams>
    <RequiredPackages Count="3">
      <Item1>
        <PackageName Value="castle_base"/>
        <MinVersion Major="1" Valid="True"/>
      </Item1>
      <Item2>
        <PackageName Value="castle_components"/>
        <MinVersion Valid="True"/>
      </Item2>
      <Item3>
        <PackageName Value="LCL"/>
      </Item3>
    </RequiredPackages>
    <Units Count="13">
      <Unit0>
        <Filename Value="vrml_with_2d_controls.lpr"/>
        <IsPartOfProject Value="True"/>
        <UnitName Value="vrml_with_2d_controls"/>
        <TopLine Value="1"/>
        <CursorPos X="39" Y="10"/>
        <UsageCount Value="35"/>
      </Unit0>
      <Unit1>
        <Filename Value="mainf.pas"/>
        <IsPartOfProject Value="True"/>
        <ComponentName Value="Form1"/>
        <ResourceBaseClass Value="Form"/>
        <UnitName Value="MainF"/>
        <IsVisibleTab Value="True"/>
        <EditorIndex Value="0"/>
        <WindowIndex Value="0"/>
        <TopLine Value="87"/>
        <CursorPos X="88" Y="94"/>
        <UsageCount Value="35"/>
        <Loaded Value="True"/>
        <LoadedDesigner Value="True"/>
      </Unit1>
      <Unit2>
        <Filename Value="..\..\..\src\components\kambivrmlbrowser.pas"/>
        <UnitName Value="KambiVRMLBrowser"/>
        <TopLine Value="1"/>
        <CursorPos X="21" Y="21"/>
        <UsageCount Value="10"/>
      </Unit2>
      <Unit3>
        <Filename Value="..\..\..\src\base\areas.pas"/>
        <UnitName Value="Areas"/>
        <TopLine Value="103"/>
        <CursorPos X="22" Y="123"/>
        <UsageCount Value="10"/>
      </Unit3>
      <Unit4>
        <Filename Value="..\..\..\src\opengl\kambiglutils.pas"/>
        <UnitName Value="KambiGLUtils"/>
        <TopLine Value="2075"/>
        <CursorPos X="1" Y="2095"/>
        <UsageCount Value="10"/>
      </Unit4>
      <Unit5>
        <Filename Value="..\..\..\src\components\kambiglcontrol.pas"/>
        <UnitName Value="KambiGLControl"/>
        <TopLine Value="1237"/>
        <CursorPos X="28" Y="1253"/>
        <UsageCount Value="10"/>
      </Unit5>
      <Unit6>
        <Filename Value="..\..\..\src\ui\uicontrols.pas"/>
        <UnitName Value="UIControls"/>
        <TopLine Value="119"/>
        <CursorPos X="59" Y="147"/>
        <UsageCount Value="10"/>
      </Unit6>
      <Unit7>
        <Filename Value="..\..\..\src\opengl\openglfonts.pas"/>
        <UnitName Value="OpenGLFonts"/>
        <TopLine Value="213"/>
        <CursorPos X="1" Y="230"/>
        <UsageCount Value="10"/>
      </Unit7>
      <Unit8>
        <Filename Value="..\..\..\..\..\..\..\installed\lazarus\current\lcl\controls.pp"/>
        <UnitName Value="Controls"/>
        <TopLine Value="1915"/>
        <CursorPos X="14" Y="1932"/>
        <UsageCount Value="10"/>
      </Unit8>
      <Unit9>
        <Filename Value="..\..\..\src\ui\opengl\glbuttons.pas"/>
        <UnitName Value="GLButtons"/>
        <TopLine Value="12"/>
        <CursorPos X="1" Y="1"/>
        <UsageCount Value="10"/>
      </Unit9>
      <Unit10>
        <Filename Value="..\..\..\src\ui\opengl\glcontrols.pas"/>
        <UnitName Value="GLControls"/>
        <TopLine Value="55"/>
        <CursorPos X="9" Y="71"/>
        <UsageCount Value="10"/>
      </Unit10>
      <Unit11>
        <Filename Value="..\..\..\src\opengl\glimages.pas"/>
        <UnitName Value="GLImages"/>
        <TopLine Value="168"/>
        <CursorPos X="34" Y="190"/>
        <UsageCount Value="10"/>
      </Unit11>
      <Unit12>
        <Filename Value="..\..\..\src\images\images.pas"/>
        <UnitName Value="Images"/>
        <TopLine Value="1515"/>
        <CursorPos X="20" Y="1537"/>
        <UsageCount Value="10"/>
      </Unit12>
    </Units>
    <JumpHistory Count="12" HistoryIndex="11">
      <Position1>
        <Filename Value="mainf.pas"/>
        <Caret Line="36" Column="18" TopLine="16"/>
      </Position1>
      <Position2>
        <Filename Value="mainf.pas"/>
        <Caret Line="37" Column="18" TopLine="16"/>
      </Position2>
      <Position3>
        <Filename Value="mainf.pas"/>
        <Caret Line="38" Column="18" TopLine="16"/>
      </Position3>
      <Position4>
        <Filename Value="mainf.pas"/>
        <Caret Line="39" Column="18" TopLine="17"/>
      </Position4>
      <Position5>
        <Filename Value="mainf.pas"/>
        <Caret Line="67" Column="22" TopLine="53"/>
      </Position5>
      <Position6>
        <Filename Value="mainf.pas"/>
        <Caret Line="63" Column="74" TopLine="51"/>
      </Position6>
      <Position7>
        <Filename Value="mainf.pas"/>
        <Caret Line="64" Column="74" TopLine="51"/>
      </Position7>
      <Position8>
        <Filename Value="mainf.pas"/>
        <Caret Line="65" Column="74" TopLine="51"/>
      </Position8>
      <Position9>
        <Filename Value="mainf.pas"/>
        <Caret Line="66" Column="74" TopLine="51"/>
      </Position9>
      <Position10>
        <Filename Value="mainf.pas"/>
        <Caret Line="78" Column="29" TopLine="72"/>
      </Position10>
      <Position11>
        <Filename Value="mainf.pas"/>
        <Caret Line="94" Column="47" TopLine="74"/>
      </Position11>
      <Position12>
        <Filename Value="mainf.pas"/>
        <Caret Line="95" Column="1" TopLine="80"/>
      </Position12>
    </JumpHistory>
  </ProjectOptions>
  <CompilerOptions>
    <Version Value="9"/>
    <PathDelim Value="\"/>
    <Parsing>
      <SyntaxOptions>
        <IncludeAssertionCode Value="True"/>
        <CStyleMacros Value="True"/>
      </SyntaxOptions>
    </Parsing>
    <Linking>
      <Options>
        <Win32>
          <GraphicApplication Value="True"/>
        </Win32>
      </Options>
    </Linking>
    <Other>
      <CompilerMessages>
        <UseMsgFile Value="True"/>
      </CompilerMessages>
      <CompilerPath Value="$(CompPath)"/>
    </Other>
  </CompilerOptions>
  <Debugging>
    <Exceptions Count="4">
      <Item1>
        <Name Value="ECodetoolError"/>
      </Item1>
      <Item2>
        <Name Value="EFOpenError"/>
      </Item2>
      <Item3>
        <Name Value="BreakFirstViewpointFound"/>
      </Item3>
      <Item4>
        <Name Value="EDynLibError"/>
      </Item4>
    </Exceptions>
  </Debugging>
</CONFIG>
