<Project xmlns="http://schemas.microsoft.com/developer/msbuild/2003">
    <PropertyGroup>
        <ProjectGuid>{4F809EC3-AA15-A882-69D6-43B0B5228FFC}</ProjectGuid>
        <MainSource>terrain_standalone.dpr</MainSource>
        <Base>True</Base>
        <Config Condition="'$(Config)'==''">Debug</Config>
        <TargetedPlatforms>135299</TargetedPlatforms>
        <AppType>Console</AppType>
        <FrameworkType>None</FrameworkType>
        <ProjectVersion>19.5</ProjectVersion>
        <Platform Condition="'$(Platform)'==''">Win64</Platform>
    </PropertyGroup>
    <PropertyGroup Condition="'$(Config)'=='Base' or '$(Base)'!=''">
        <Base>true</Base>
    </PropertyGroup>
    <PropertyGroup Condition="('$(Platform)'=='Android' and '$(Base)'=='true') or '$(Base_Android)'!=''">
        <Base_Android>true</Base_Android>
        <CfgParent>Base</CfgParent>
        <Base>true</Base>
    </PropertyGroup>
    <PropertyGroup Condition="('$(Platform)'=='Android64' and '$(Base)'=='true') or '$(Base_Android64)'!=''">
        <Base_Android64>true</Base_Android64>
        <CfgParent>Base</CfgParent>
        <Base>true</Base>
    </PropertyGroup>
    <PropertyGroup Condition="('$(Platform)'=='iOSDevice64' and '$(Base)'=='true') or '$(Base_iOSDevice64)'!=''">
        <Base_iOSDevice64>true</Base_iOSDevice64>
        <CfgParent>Base</CfgParent>
        <Base>true</Base>
    </PropertyGroup>
    <PropertyGroup Condition="('$(Platform)'=='iOSSimARM64' and '$(Base)'=='true') or '$(Base_iOSSimARM64)'!=''">
        <Base_iOSSimARM64>true</Base_iOSSimARM64>
        <CfgParent>Base</CfgParent>
        <Base>true</Base>
    </PropertyGroup>
    <PropertyGroup Condition="('$(Platform)'=='OSX64' and '$(Base)'=='true') or '$(Base_OSX64)'!=''">
        <Base_OSX64>true</Base_OSX64>
        <CfgParent>Base</CfgParent>
        <Base>true</Base>
    </PropertyGroup>
    <PropertyGroup Condition="('$(Platform)'=='OSXARM64' and '$(Base)'=='true') or '$(Base_OSXARM64)'!=''">
        <Base_OSXARM64>true</Base_OSXARM64>
        <CfgParent>Base</CfgParent>
        <Base>true</Base>
    </PropertyGroup>
    <PropertyGroup Condition="('$(Platform)'=='Win32' and '$(Base)'=='true') or '$(Base_Win32)'!=''">
        <Base_Win32>true</Base_Win32>
        <CfgParent>Base</CfgParent>
        <Base>true</Base>
    </PropertyGroup>
    <PropertyGroup Condition="('$(Platform)'=='Win64' and '$(Base)'=='true') or '$(Base_Win64)'!=''">
        <Base_Win64>true</Base_Win64>
        <CfgParent>Base</CfgParent>
        <Base>true</Base>
    </PropertyGroup>
    <PropertyGroup Condition="'$(Config)'=='Debug' or '$(Cfg_1)'!=''">
        <Cfg_1>true</Cfg_1>
        <CfgParent>Base</CfgParent>
        <Base>true</Base>
    </PropertyGroup>
    <PropertyGroup Condition="('$(Platform)'=='Win32' and '$(Cfg_1)'=='true') or '$(Cfg_1_Win32)'!=''">
        <Cfg_1_Win32>true</Cfg_1_Win32>
        <CfgParent>Cfg_1</CfgParent>
        <Cfg_1>true</Cfg_1>
        <Base>true</Base>
    </PropertyGroup>
    <PropertyGroup Condition="('$(Platform)'=='Win64' and '$(Cfg_1)'=='true') or '$(Cfg_1_Win64)'!=''">
        <Cfg_1_Win64>true</Cfg_1_Win64>
        <CfgParent>Cfg_1</CfgParent>
        <Cfg_1>true</Cfg_1>
        <Base>true</Base>
    </PropertyGroup>
    <PropertyGroup Condition="'$(Config)'=='Release' or '$(Cfg_2)'!=''">
        <Cfg_2>true</Cfg_2>
        <CfgParent>Base</CfgParent>
        <Base>true</Base>
    </PropertyGroup>
    <PropertyGroup Condition="('$(Platform)'=='Win32' and '$(Cfg_2)'=='true') or '$(Cfg_2_Win32)'!=''">
        <Cfg_2_Win32>true</Cfg_2_Win32>
        <CfgParent>Cfg_2</CfgParent>
        <Cfg_2>true</Cfg_2>
        <Base>true</Base>
    </PropertyGroup>
    <PropertyGroup Condition="('$(Platform)'=='Win64' and '$(Cfg_2)'=='true') or '$(Cfg_2_Win64)'!=''">
        <Cfg_2_Win64>true</Cfg_2_Win64>
        <CfgParent>Cfg_2</CfgParent>
        <Cfg_2>true</Cfg_2>
        <Base>true</Base>
    </PropertyGroup>
    <PropertyGroup Condition="'$(Base)'!=''">
        <DCC_E>false</DCC_E>
        <DCC_F>false</DCC_F>
        <DCC_K>false</DCC_K>
        <DCC_N>false</DCC_N>
        <DCC_S>false</DCC_S>
        <DCC_ImageBase>00400000</DCC_ImageBase>
        <SanitizedProjectName>terrain</SanitizedProjectName>
        <VerInfo_Locale>1045</VerInfo_Locale>
        <VerInfo_Keys>CompanyName=;FileDescription=;FileVersion=1.0.0.0;InternalName=;LegalCopyright=;LegalTrademarks=;OriginalFilename=;ProductName=;ProductVersion=1.0.0.0;Comments=;CFBundleName=</VerInfo_Keys>
        <DCC_Namespace>System;Xml;Data;Datasnap;Web;Soap;$(DCC_Namespace)</DCC_Namespace>
        <Icon_MainIcon>$(BDS)\bin\delphi_PROJECTICON.ico</Icon_MainIcon>
        <Icns_MainIcns>$(BDS)\bin\delphi_PROJECTICNS.icns</Icns_MainIcns>
        <DCC_UnitSearchPath>../../src/base;../../src/common_includes;../../src/base/android;../../src/base/windows;../../src/base/unix;../../src/base/wasi;../../src/base_rendering;../../src/base_rendering/web;../../src/base_rendering/dglopengl;../../src/base_rendering/glsl/generated-pascal;../../src/fonts;../../src/window;../../src/window/gtk;../../src/window/gtk/gtk3/gtk3bindings;../../src/window/windows;../../src/window/unix;../../src/window/deprecated_units;../../src/images;../../src/transform;../../src/scene;../../src/scene/glsl/generated-pascal;../../src/scene/x3d;../../src/scene/load;../../src/scene/load/ifc;../../src/scene/load/spine;../../src/scene/load/md3;../../src/scene/load/collada;../../src/scene/load/pasgltf;../../src/audio;../../src/audio/fmod;../../src/audio/openal;../../src/audio/ogg_vorbis;../../src/files;../../src/files/indy;../../src/files/tools;../../src/castlescript;../../src/ui;../../src/ui/windows;../../src/services;../../src/services/steam;../../src/physics;../../src/physics/kraft;../../src/deprecated_units;../../src/vampyre_imaginglib/src/Source;../../src/vampyre_imaginglib/src/Source/JpegLib;../../src/vampyre_imaginglib/src/Source/ZLib;../../src/vampyre_imaginglib/src/Extras/Extensions;../../src/vampyre_imaginglib/src/Extensions/J2KObjects;../../src/vampyre_imaginglib/src/Extensions/LibTiff;../../src/vampyre_imaginglib/src/Extensions;../../src/delphi;../../src/compatibility/delphi-only;../../src/compatibility/delphi-only/fcl-json;code/;$(DCC_UnitSearchPath)</DCC_UnitSearchPath>
        <DCC_DcuOutput>castle-engine-output\delphi\$(Platform)\$(Config)</DCC_DcuOutput>
    </PropertyGroup>
    <!--
      Castle Game Engine DPROJ template note:
      Android and iOS are deliberately not listed as target platforms
      of this project, and we do not specify their libraries, artwork,
      deployment classes etc. here.

      These things are specific to the Delphi version, so let Delphi generate them:
      in Delphi IDE, right-click on "Target Platforms" and choose "Add Platform...".
      Here we only make sure that the output of mobile platforms goes to a separate
      directory for each platform, not to the project directory.
    -->
    <PropertyGroup Condition="'$(Base_Android)'!=''">
        <DCC_ExeOutput>castle-engine-output\delphi\$(Platform)\$(Config)</DCC_ExeOutput>
    </PropertyGroup>
    <PropertyGroup Condition="'$(Base_Android64)'!=''">
        <DCC_ExeOutput>castle-engine-output\delphi\$(Platform)\$(Config)</DCC_ExeOutput>
    </PropertyGroup>
    <PropertyGroup Condition="'$(Base_iOSDevice64)'!=''">
        <DCC_ExeOutput>castle-engine-output\delphi\$(Platform)\$(Config)</DCC_ExeOutput>
    </PropertyGroup>
    <PropertyGroup Condition="'$(Base_iOSSimARM64)'!=''">
        <DCC_ExeOutput>castle-engine-output\delphi\$(Platform)\$(Config)</DCC_ExeOutput>
    </PropertyGroup>
    <PropertyGroup Condition="'$(Base_Win32)'!=''">
        <DCC_Namespace>Winapi;System.Win;Data.Win;Datasnap.Win;Web.Win;Soap.Win;Xml.Win;Bde;$(DCC_Namespace)</DCC_Namespace>
        <BT_BuildType>Debug</BT_BuildType>
        <VerInfo_Keys>CompanyName=;FileDescription=$(MSBuildProjectName);FileVersion=1.0.0.0;InternalName=;LegalCopyright=;LegalTrademarks=;OriginalFilename=;ProductName=$(MSBuildProjectName);ProductVersion=1.0.0.0;Comments=;ProgramID=com.embarcadero.$(MSBuildProjectName)</VerInfo_Keys>
        <VerInfo_Locale>1033</VerInfo_Locale>
        <Icon_MainIcon></Icon_MainIcon>
    </PropertyGroup>
    <PropertyGroup Condition="'$(Base_Win64)'!=''">
        <Icon_MainIcon></Icon_MainIcon>
        <DCC_Namespace>Winapi;System.Win;Data.Win;Datasnap.Win;Web.Win;Soap.Win;Xml.Win;$(DCC_Namespace)</DCC_Namespace>
        <BT_BuildType>Debug</BT_BuildType>
        <VerInfo_Keys>CompanyName=;FileDescription=$(MSBuildProjectName);FileVersion=1.0.0.0;InternalName=;LegalCopyright=;LegalTrademarks=;OriginalFilename=;ProgramID=com.embarcadero.$(MSBuildProjectName);ProductName=$(MSBuildProjectName);ProductVersion=1.0.0.0;Comments=</VerInfo_Keys>
        <VerInfo_Locale>1033</VerInfo_Locale>
    </PropertyGroup>
    <PropertyGroup Condition="'$(Cfg_1)'!=''">
        <DCC_Define>DEBUG;$(DCC_Define)</DCC_Define>
        <DCC_Optimize>false</DCC_Optimize>
        <DCC_GenerateStackFrames>true</DCC_GenerateStackFrames>
        <DCC_RangeChecking>true</DCC_RangeChecking>
        <DCC_IntegerOverflowCheck>true</DCC_IntegerOverflowCheck>
    </PropertyGroup>
    <PropertyGroup Condition="'$(Cfg_2)'!=''">
        <DCC_Define>RELEASE;$(DCC_Define)</DCC_Define>
        <DCC_DebugInformation>0</DCC_DebugInformation>
        <DCC_LocalDebugSymbols>false</DCC_LocalDebugSymbols>
        <DCC_SymbolReferenceInfo>0</DCC_SymbolReferenceInfo>
    </PropertyGroup>
    <PropertyGroup Condition="'$(Cfg_2_Win64)'!=''">
        <VerInfo_Locale>1033</VerInfo_Locale>
        <VerInfo_Keys>CompanyName=;FileDescription=$(MSBuildProjectName);FileVersion=1.0.0.0;InternalName=;LegalCopyright=;LegalTrademarks=;OriginalFilename=;ProgramID=com.embarcadero.$(MSBuildProjectName);ProductName=$(MSBuildProjectName);ProductVersion=1.0.0.0;Comments=</VerInfo_Keys>
        <Icon_MainIcon></Icon_MainIcon>
        <Manifest_File>(None)</Manifest_File>
    </PropertyGroup>
    <ItemGroup>
        <DelphiCompile Include="$(MainSource)">
            <MainSource>MainSource</MainSource>
        </DelphiCompile>

        <BuildConfiguration Include="Base">
            <Key>Base</Key>
        </BuildConfiguration>
        <BuildConfiguration Include="Debug">
            <Key>Cfg_1</Key>
            <CfgParent>Base</CfgParent>
        </BuildConfiguration>
        <BuildConfiguration Include="Release">
            <Key>Cfg_2</Key>
            <CfgParent>Base</CfgParent>
        </BuildConfiguration>
    </ItemGroup>
    <ProjectExtensions>
        <Borland.Personality>Delphi.Personality.12</Borland.Personality>
        <Borland.ProjectType/>
        <BorlandProject>
            <Delphi.Personality>
                <Source>
                    <Source Name="MainSource">terrain_standalone.dpr</Source>
                </Source>
                <Excluded_Packages>
                    <Excluded_Packages Name="$(BDSBIN)\bcboffice2k280.bpl">Embarcadero C++Builder Office 2000 Servers Package</Excluded_Packages>
                    <Excluded_Packages Name="$(BDSBIN)\bcbofficexp280.bpl">Embarcadero C++Builder Office XP Servers Package</Excluded_Packages>
                    <Excluded_Packages Name="$(BDSBIN)\dcloffice2k280.bpl">Microsoft Office 2000 Sample Automation Server Wrapper Components</Excluded_Packages>
                    <Excluded_Packages Name="$(BDSBIN)\dclofficexp280.bpl">Microsoft Office XP Sample Automation Server Wrapper Components</Excluded_Packages>
                </Excluded_Packages>
                <WelcomePageFile Path="README.md"/>
                <WelcomePageFolder/>
            </Delphi.Personality>
            <Deployment Version="4">

                <!-- Deploy executables on all platforms, for Debug -->
                <DeployFile LocalName="terrain_standalone.exe" Configuration="Debug" Class="ProjectOutput">
                    <Platform Name="Win32">
                        <RemoteName>terrain_standalone.exe</RemoteName>
                        <Overwrite>true</Overwrite>
                    </Platform>
                </DeployFile>
                <DeployFile LocalName="terrain_standalone.exe" Configuration="Debug" Class="ProjectOutput">
                    <Platform Name="Win32">
                        <RemoteName>terrain_standalone.exe</RemoteName>
                        <Overwrite>true</Overwrite>
                    </Platform>
                </DeployFile>
                <DeployFile LocalName="terrain_standalone" Configuration="Debug" Class="ProjectOutput">
                    <Platform Name="Linux64">
                        <RemoteName>terrain_standalone</RemoteName>
                        <Overwrite>true</Overwrite>
                    </Platform>
                </DeployFile>

                <!-- Deploy executables on all platforms, for Release -->
                <DeployFile LocalName="terrain_standalone.exe" Configuration="Release" Class="ProjectOutput">
                    <Platform Name="Win32">
                        <RemoteName>terrain_standalone.exe</RemoteName>
                        <Overwrite>true</Overwrite>
                    </Platform>
                </DeployFile>
                <DeployFile LocalName="terrain_standalone.exe" Configuration="Release" Class="ProjectOutput">
                    <Platform Name="Win32">
                        <RemoteName>terrain_standalone.exe</RemoteName>
                        <Overwrite>true</Overwrite>
                    </Platform>
                </DeployFile>
                <DeployFile LocalName="terrain_standalone" Configuration="Release" Class="ProjectOutput">
                    <Platform Name="Linux64">
                        <RemoteName>terrain_standalone</RemoteName>
                        <Overwrite>true</Overwrite>
                    </Platform>
                </DeployFile>

                <!-- Deploy data files -->
<!-- Auto-generated list of deploy files.
     We need to list all "data" files to deploy Delphi applications
     to non-Windows targets,
     see https://castle-engine.io/delphi_linux#data_files_deployment .
-->
<DeployFile LocalName="data\CastleSettings.xml" Class="File">
 <Platform Name="Android">
  <RemoteDir>assets</RemoteDir>
  <RemoteName>CastleSettings.xml</RemoteName>
  <Overwrite>true</Overwrite>
 </Platform>
 <Platform Name="Android64">
  <RemoteDir>assets</RemoteDir>
  <RemoteName>CastleSettings.xml</RemoteName>
  <Overwrite>true</Overwrite>
 </Platform>
 <Platform Name="iOSDevice64">
  <RemoteDir>./data/</RemoteDir>
  <RemoteName>CastleSettings.xml</RemoteName>
  <Overwrite>true</Overwrite>
 </Platform>
 <Platform Name="iOSSimARM64">
  <RemoteDir>./data/</RemoteDir>
  <RemoteName>CastleSettings.xml</RemoteName>
  <Overwrite>true</Overwrite>
 </Platform>
 <Platform Name="Linux64">
  <RemoteDir>./data/</RemoteDir>
  <RemoteName>CastleSettings.xml</RemoteName>
  <Overwrite>true</Overwrite>
 </Platform>
 <Platform Name="OSX64">
  <RemoteDir>./data/</RemoteDir>
  <RemoteName>CastleSettings.xml</RemoteName>
  <Overwrite>true</Overwrite>
 </Platform>
 <Platform Name="OSXARM64">
  <RemoteDir>./data/</RemoteDir>
  <RemoteName>CastleSettings.xml</RemoteName>
  <Overwrite>true</Overwrite>
 </Platform>
 <Platform Name="Win32">
  <RemoteDir>./data/</RemoteDir>
  <RemoteName>CastleSettings.xml</RemoteName>
  <Overwrite>true</Overwrite>
 </Platform>
 <Platform Name="Win64">
  <RemoteDir>./data/</RemoteDir>
  <RemoteName>CastleSettings.xml</RemoteName>
  <Overwrite>true</Overwrite>
 </Platform>
</DeployFile>
<DeployFile LocalName="data\README.txt" Class="File">
 <Platform Name="Android">
  <RemoteDir>assets</RemoteDir>
  <RemoteName>README.txt</RemoteName>
  <Overwrite>true</Overwrite>
 </Platform>
 <Platform Name="Android64">
  <RemoteDir>assets</RemoteDir>
  <RemoteName>README.txt</RemoteName>
  <Overwrite>true</Overwrite>
 </Platform>
 <Platform Name="iOSDevice64">
  <RemoteDir>./data/</RemoteDir>
  <RemoteName>README.txt</RemoteName>
  <Overwrite>true</Overwrite>
 </Platform>
 <Platform Name="iOSSimARM64">
  <RemoteDir>./data/</RemoteDir>
  <RemoteName>README.txt</RemoteName>
  <Overwrite>true</Overwrite>
 </Platform>
 <Platform Name="Linux64">
  <RemoteDir>./data/</RemoteDir>
  <RemoteName>README.txt</RemoteName>
  <Overwrite>true</Overwrite>
 </Platform>
 <Platform Name="OSX64">
  <RemoteDir>./data/</RemoteDir>
  <RemoteName>README.txt</RemoteName>
  <Overwrite>true</Overwrite>
 </Platform>
 <Platform Name="OSXARM64">
  <RemoteDir>./data/</RemoteDir>
  <RemoteName>README.txt</RemoteName>
  <Overwrite>true</Overwrite>
 </Platform>
 <Platform Name="Win32">
  <RemoteDir>./data/</RemoteDir>
  <RemoteName>README.txt</RemoteName>
  <Overwrite>true</Overwrite>
 </Platform>
 <Platform Name="Win64">
  <RemoteDir>./data/</RemoteDir>
  <RemoteName>README.txt</RemoteName>
  <Overwrite>true</Overwrite>
 </Platform>
</DeployFile>
<DeployFile LocalName="data\additional_noise_offset_test.castle-user-interface" Class="File">
 <Platform Name="Android">
  <RemoteDir>assets</RemoteDir>
  <RemoteName>additional_noise_offset_test.castle-user-interface</RemoteName>
  <Overwrite>true</Overwrite>
 </Platform>
 <Platform Name="Android64">
  <RemoteDir>assets</RemoteDir>
  <RemoteName>additional_noise_offset_test.castle-user-interface</RemoteName>
  <Overwrite>true</Overwrite>
 </Platform>
 <Platform Name="iOSDevice64">
  <RemoteDir>./data/</RemoteDir>
  <RemoteName>additional_noise_offset_test.castle-user-interface</RemoteName>
  <Overwrite>true</Overwrite>
 </Platform>
 <Platform Name="iOSSimARM64">
  <RemoteDir>./data/</RemoteDir>
  <RemoteName>additional_noise_offset_test.castle-user-interface</RemoteName>
  <Overwrite>true</Overwrite>
 </Platform>
 <Platform Name="Linux64">
  <RemoteDir>./data/</RemoteDir>
  <RemoteName>additional_noise_offset_test.castle-user-interface</RemoteName>
  <Overwrite>true</Overwrite>
 </Platform>
 <Platform Name="OSX64">
  <RemoteDir>./data/</RemoteDir>
  <RemoteName>additional_noise_offset_test.castle-user-interface</RemoteName>
  <Overwrite>true</Overwrite>
 </Platform>
 <Platform Name="OSXARM64">
  <RemoteDir>./data/</RemoteDir>
  <RemoteName>additional_noise_offset_test.castle-user-interface</RemoteName>
  <Overwrite>true</Overwrite>
 </Platform>
 <Platform Name="Win32">
  <RemoteDir>./data/</RemoteDir>
  <RemoteName>additional_noise_offset_test.castle-user-interface</RemoteName>
  <Overwrite>true</Overwrite>
 </Platform>
 <Platform Name="Win64">
  <RemoteDir>./data/</RemoteDir>
  <RemoteName>additional_noise_offset_test.castle-user-interface</RemoteName>
  <Overwrite>true</Overwrite>
 </Platform>
</DeployFile>
<DeployFile LocalName="data\additional_terrain_tests.castle-user-interface" Class="File">
 <Platform Name="Android">
  <RemoteDir>assets</RemoteDir>
  <RemoteName>additional_terrain_tests.castle-user-interface</RemoteName>
  <Overwrite>true</Overwrite>
 </Platform>
 <Platform Name="Android64">
  <RemoteDir>assets</RemoteDir>
  <RemoteName>additional_terrain_tests.castle-user-interface</RemoteName>
  <Overwrite>true</Overwrite>
 </Platform>
 <Platform Name="iOSDevice64">
  <RemoteDir>./data/</RemoteDir>
  <RemoteName>additional_terrain_tests.castle-user-interface</RemoteName>
  <Overwrite>true</Overwrite>
 </Platform>
 <Platform Name="iOSSimARM64">
  <RemoteDir>./data/</RemoteDir>
  <RemoteName>additional_terrain_tests.castle-user-interface</RemoteName>
  <Overwrite>true</Overwrite>
 </Platform>
 <Platform Name="Linux64">
  <RemoteDir>./data/</RemoteDir>
  <RemoteName>additional_terrain_tests.castle-user-interface</RemoteName>
  <Overwrite>true</Overwrite>
 </Platform>
 <Platform Name="OSX64">
  <RemoteDir>./data/</RemoteDir>
  <RemoteName>additional_terrain_tests.castle-user-interface</RemoteName>
  <Overwrite>true</Overwrite>
 </Platform>
 <Platform Name="OSXARM64">
  <RemoteDir>./data/</RemoteDir>
  <RemoteName>additional_terrain_tests.castle-user-interface</RemoteName>
  <Overwrite>true</Overwrite>
 </Platform>
 <Platform Name="Win32">
  <RemoteDir>./data/</RemoteDir>
  <RemoteName>additional_terrain_tests.castle-user-interface</RemoteName>
  <Overwrite>true</Overwrite>
 </Platform>
 <Platform Name="Win64">
  <RemoteDir>./data/</RemoteDir>
  <RemoteName>additional_terrain_tests.castle-user-interface</RemoteName>
  <Overwrite>true</Overwrite>
 </Platform>
</DeployFile>
<DeployFile LocalName="data\gameviewmain.castle-user-interface" Class="File">
 <Platform Name="Android">
  <RemoteDir>assets</RemoteDir>
  <RemoteName>gameviewmain.castle-user-interface</RemoteName>
  <Overwrite>true</Overwrite>
 </Platform>
 <Platform Name="Android64">
  <RemoteDir>assets</RemoteDir>
  <RemoteName>gameviewmain.castle-user-interface</RemoteName>
  <Overwrite>true</Overwrite>
 </Platform>
 <Platform Name="iOSDevice64">
  <RemoteDir>./data/</RemoteDir>
  <RemoteName>gameviewmain.castle-user-interface</RemoteName>
  <Overwrite>true</Overwrite>
 </Platform>
 <Platform Name="iOSSimARM64">
  <RemoteDir>./data/</RemoteDir>
  <RemoteName>gameviewmain.castle-user-interface</RemoteName>
  <Overwrite>true</Overwrite>
 </Platform>
 <Platform Name="Linux64">
  <RemoteDir>./data/</RemoteDir>
  <RemoteName>gameviewmain.castle-user-interface</RemoteName>
  <Overwrite>true</Overwrite>
 </Platform>
 <Platform Name="OSX64">
  <RemoteDir>./data/</RemoteDir>
  <RemoteName>gameviewmain.castle-user-interface</RemoteName>
  <Overwrite>true</Overwrite>
 </Platform>
 <Platform Name="OSXARM64">
  <RemoteDir>./data/</RemoteDir>
  <RemoteName>gameviewmain.castle-user-interface</RemoteName>
  <Overwrite>true</Overwrite>
 </Platform>
 <Platform Name="Win32">
  <RemoteDir>./data/</RemoteDir>
  <RemoteName>gameviewmain.castle-user-interface</RemoteName>
  <Overwrite>true</Overwrite>
 </Platform>
 <Platform Name="Win64">
  <RemoteDir>./data/</RemoteDir>
  <RemoteName>gameviewmain.castle-user-interface</RemoteName>
  <Overwrite>true</Overwrite>
 </Platform>
</DeployFile>
<DeployFile LocalName="data\oak_tree\AUTHORS.txt" Class="File">
 <Platform Name="Android">
  <RemoteDir>assets\oak_tree</RemoteDir>
  <RemoteName>AUTHORS.txt</RemoteName>
  <Overwrite>true</Overwrite>
 </Platform>
 <Platform Name="Android64">
  <RemoteDir>assets\oak_tree</RemoteDir>
  <RemoteName>AUTHORS.txt</RemoteName>
  <Overwrite>true</Overwrite>
 </Platform>
 <Platform Name="iOSDevice64">
  <RemoteDir>./data/oak_tree/</RemoteDir>
  <RemoteName>AUTHORS.txt</RemoteName>
  <Overwrite>true</Overwrite>
 </Platform>
 <Platform Name="iOSSimARM64">
  <RemoteDir>./data/oak_tree/</RemoteDir>
  <RemoteName>AUTHORS.txt</RemoteName>
  <Overwrite>true</Overwrite>
 </Platform>
 <Platform Name="Linux64">
  <RemoteDir>./data/oak_tree/</RemoteDir>
  <RemoteName>AUTHORS.txt</RemoteName>
  <Overwrite>true</Overwrite>
 </Platform>
 <Platform Name="OSX64">
  <RemoteDir>./data/oak_tree/</RemoteDir>
  <RemoteName>AUTHORS.txt</RemoteName>
  <Overwrite>true</Overwrite>
 </Platform>
 <Platform Name="OSXARM64">
  <RemoteDir>./data/oak_tree/</RemoteDir>
  <RemoteName>AUTHORS.txt</RemoteName>
  <Overwrite>true</Overwrite>
 </Platform>
 <Platform Name="Win32">
  <RemoteDir>./data/oak_tree/</RemoteDir>
  <RemoteName>AUTHORS.txt</RemoteName>
  <Overwrite>true</Overwrite>
 </Platform>
 <Platform Name="Win64">
  <RemoteDir>./data/oak_tree/</RemoteDir>
  <RemoteName>AUTHORS.txt</RemoteName>
  <Overwrite>true</Overwrite>
 </Platform>
</DeployFile>
<DeployFile LocalName="data\oak_tree\oakbark.jpg" Class="File">
 <Platform Name="Android">
  <RemoteDir>assets\oak_tree</RemoteDir>
  <RemoteName>oakbark.jpg</RemoteName>
  <Overwrite>true</Overwrite>
 </Platform>
 <Platform Name="Android64">
  <RemoteDir>assets\oak_tree</RemoteDir>
  <RemoteName>oakbark.jpg</RemoteName>
  <Overwrite>true</Overwrite>
 </Platform>
 <Platform Name="iOSDevice64">
  <RemoteDir>./data/oak_tree/</RemoteDir>
  <RemoteName>oakbark.jpg</RemoteName>
  <Overwrite>true</Overwrite>
 </Platform>
 <Platform Name="iOSSimARM64">
  <RemoteDir>./data/oak_tree/</RemoteDir>
  <RemoteName>oakbark.jpg</RemoteName>
  <Overwrite>true</Overwrite>
 </Platform>
 <Platform Name="Linux64">
  <RemoteDir>./data/oak_tree/</RemoteDir>
  <RemoteName>oakbark.jpg</RemoteName>
  <Overwrite>true</Overwrite>
 </Platform>
 <Platform Name="OSX64">
  <RemoteDir>./data/oak_tree/</RemoteDir>
  <RemoteName>oakbark.jpg</RemoteName>
  <Overwrite>true</Overwrite>
 </Platform>
 <Platform Name="OSXARM64">
  <RemoteDir>./data/oak_tree/</RemoteDir>
  <RemoteName>oakbark.jpg</RemoteName>
  <Overwrite>true</Overwrite>
 </Platform>
 <Platform Name="Win32">
  <RemoteDir>./data/oak_tree/</RemoteDir>
  <RemoteName>oakbark.jpg</RemoteName>
  <Overwrite>true</Overwrite>
 </Platform>
 <Platform Name="Win64">
  <RemoteDir>./data/oak_tree/</RemoteDir>
  <RemoteName>oakbark.jpg</RemoteName>
  <Overwrite>true</Overwrite>
 </Platform>
</DeployFile>
<DeployFile LocalName="data\oak_tree\oakbark_burnt.jpg" Class="File">
 <Platform Name="Android">
  <RemoteDir>assets\oak_tree</RemoteDir>
  <RemoteName>oakbark_burnt.jpg</RemoteName>
  <Overwrite>true</Overwrite>
 </Platform>
 <Platform Name="Android64">
  <RemoteDir>assets\oak_tree</RemoteDir>
  <RemoteName>oakbark_burnt.jpg</RemoteName>
  <Overwrite>true</Overwrite>
 </Platform>
 <Platform Name="iOSDevice64">
  <RemoteDir>./data/oak_tree/</RemoteDir>
  <RemoteName>oakbark_burnt.jpg</RemoteName>
  <Overwrite>true</Overwrite>
 </Platform>
 <Platform Name="iOSSimARM64">
  <RemoteDir>./data/oak_tree/</RemoteDir>
  <RemoteName>oakbark_burnt.jpg</RemoteName>
  <Overwrite>true</Overwrite>
 </Platform>
 <Platform Name="Linux64">
  <RemoteDir>./data/oak_tree/</RemoteDir>
  <RemoteName>oakbark_burnt.jpg</RemoteName>
  <Overwrite>true</Overwrite>
 </Platform>
 <Platform Name="OSX64">
  <RemoteDir>./data/oak_tree/</RemoteDir>
  <RemoteName>oakbark_burnt.jpg</RemoteName>
  <Overwrite>true</Overwrite>
 </Platform>
 <Platform Name="OSXARM64">
  <RemoteDir>./data/oak_tree/</RemoteDir>
  <RemoteName>oakbark_burnt.jpg</RemoteName>
  <Overwrite>true</Overwrite>
 </Platform>
 <Platform Name="Win32">
  <RemoteDir>./data/oak_tree/</RemoteDir>
  <RemoteName>oakbark_burnt.jpg</RemoteName>
  <Overwrite>true</Overwrite>
 </Platform>
 <Platform Name="Win64">
  <RemoteDir>./data/oak_tree/</RemoteDir>
  <RemoteName>oakbark_burnt.jpg</RemoteName>
  <Overwrite>true</Overwrite>
 </Platform>
</DeployFile>
<DeployFile LocalName="data\oak_tree\oakleaf_dark.tga" Class="File">
 <Platform Name="Android">
  <RemoteDir>assets\oak_tree</RemoteDir>
  <RemoteName>oakleaf_dark.tga</RemoteName>
  <Overwrite>true</Overwrite>
 </Platform>
 <Platform Name="Android64">
  <RemoteDir>assets\oak_tree</RemoteDir>
  <RemoteName>oakleaf_dark.tga</RemoteName>
  <Overwrite>true</Overwrite>
 </Platform>
 <Platform Name="iOSDevice64">
  <RemoteDir>./data/oak_tree/</RemoteDir>
  <RemoteName>oakleaf_dark.tga</RemoteName>
  <Overwrite>true</Overwrite>
 </Platform>
 <Platform Name="iOSSimARM64">
  <RemoteDir>./data/oak_tree/</RemoteDir>
  <RemoteName>oakleaf_dark.tga</RemoteName>
  <Overwrite>true</Overwrite>
 </Platform>
 <Platform Name="Linux64">
  <RemoteDir>./data/oak_tree/</RemoteDir>
  <RemoteName>oakleaf_dark.tga</RemoteName>
  <Overwrite>true</Overwrite>
 </Platform>
 <Platform Name="OSX64">
  <RemoteDir>./data/oak_tree/</RemoteDir>
  <RemoteName>oakleaf_dark.tga</RemoteName>
  <Overwrite>true</Overwrite>
 </Platform>
 <Platform Name="OSXARM64">
  <RemoteDir>./data/oak_tree/</RemoteDir>
  <RemoteName>oakleaf_dark.tga</RemoteName>
  <Overwrite>true</Overwrite>
 </Platform>
 <Platform Name="Win32">
  <RemoteDir>./data/oak_tree/</RemoteDir>
  <RemoteName>oakleaf_dark.tga</RemoteName>
  <Overwrite>true</Overwrite>
 </Platform>
 <Platform Name="Win64">
  <RemoteDir>./data/oak_tree/</RemoteDir>
  <RemoteName>oakleaf_dark.tga</RemoteName>
  <Overwrite>true</Overwrite>
 </Platform>
</DeployFile>
<DeployFile LocalName="data\oak_tree\oakleaf_fall.tga" Class="File">
 <Platform Name="Android">
  <RemoteDir>assets\oak_tree</RemoteDir>
  <RemoteName>oakleaf_fall.tga</RemoteName>
  <Overwrite>true</Overwrite>
 </Platform>
 <Platform Name="Android64">
  <RemoteDir>assets\oak_tree</RemoteDir>
  <RemoteName>oakleaf_fall.tga</RemoteName>
  <Overwrite>true</Overwrite>
 </Platform>
 <Platform Name="iOSDevice64">
  <RemoteDir>./data/oak_tree/</RemoteDir>
  <RemoteName>oakleaf_fall.tga</RemoteName>
  <Overwrite>true</Overwrite>
 </Platform>
 <Platform Name="iOSSimARM64">
  <RemoteDir>./data/oak_tree/</RemoteDir>
  <RemoteName>oakleaf_fall.tga</RemoteName>
  <Overwrite>true</Overwrite>
 </Platform>
 <Platform Name="Linux64">
  <RemoteDir>./data/oak_tree/</RemoteDir>
  <RemoteName>oakleaf_fall.tga</RemoteName>
  <Overwrite>true</Overwrite>
 </Platform>
 <Platform Name="OSX64">
  <RemoteDir>./data/oak_tree/</RemoteDir>
  <RemoteName>oakleaf_fall.tga</RemoteName>
  <Overwrite>true</Overwrite>
 </Platform>
 <Platform Name="OSXARM64">
  <RemoteDir>./data/oak_tree/</RemoteDir>
  <RemoteName>oakleaf_fall.tga</RemoteName>
  <Overwrite>true</Overwrite>
 </Platform>
 <Platform Name="Win32">
  <RemoteDir>./data/oak_tree/</RemoteDir>
  <RemoteName>oakleaf_fall.tga</RemoteName>
  <Overwrite>true</Overwrite>
 </Platform>
 <Platform Name="Win64">
  <RemoteDir>./data/oak_tree/</RemoteDir>
  <RemoteName>oakleaf_fall.tga</RemoteName>
  <Overwrite>true</Overwrite>
 </Platform>
</DeployFile>
<DeployFile LocalName="data\oak_tree\oakleaf_light.png" Class="File">
 <Platform Name="Android">
  <RemoteDir>assets\oak_tree</RemoteDir>
  <RemoteName>oakleaf_light.png</RemoteName>
  <Overwrite>true</Overwrite>
 </Platform>
 <Platform Name="Android64">
  <RemoteDir>assets\oak_tree</RemoteDir>
  <RemoteName>oakleaf_light.png</RemoteName>
  <Overwrite>true</Overwrite>
 </Platform>
 <Platform Name="iOSDevice64">
  <RemoteDir>./data/oak_tree/</RemoteDir>
  <RemoteName>oakleaf_light.png</RemoteName>
  <Overwrite>true</Overwrite>
 </Platform>
 <Platform Name="iOSSimARM64">
  <RemoteDir>./data/oak_tree/</RemoteDir>
  <RemoteName>oakleaf_light.png</RemoteName>
  <Overwrite>true</Overwrite>
 </Platform>
 <Platform Name="Linux64">
  <RemoteDir>./data/oak_tree/</RemoteDir>
  <RemoteName>oakleaf_light.png</RemoteName>
  <Overwrite>true</Overwrite>
 </Platform>
 <Platform Name="OSX64">
  <RemoteDir>./data/oak_tree/</RemoteDir>
  <RemoteName>oakleaf_light.png</RemoteName>
  <Overwrite>true</Overwrite>
 </Platform>
 <Platform Name="OSXARM64">
  <RemoteDir>./data/oak_tree/</RemoteDir>
  <RemoteName>oakleaf_light.png</RemoteName>
  <Overwrite>true</Overwrite>
 </Platform>
 <Platform Name="Win32">
  <RemoteDir>./data/oak_tree/</RemoteDir>
  <RemoteName>oakleaf_light.png</RemoteName>
  <Overwrite>true</Overwrite>
 </Platform>
 <Platform Name="Win64">
  <RemoteDir>./data/oak_tree/</RemoteDir>
  <RemoteName>oakleaf_light.png</RemoteName>
  <Overwrite>true</Overwrite>
 </Platform>
</DeployFile>
<DeployFile LocalName="data\oak_tree\oakleaf_light.tga" Class="File">
 <Platform Name="Android">
  <RemoteDir>assets\oak_tree</RemoteDir>
  <RemoteName>oakleaf_light.tga</RemoteName>
  <Overwrite>true</Overwrite>
 </Platform>
 <Platform Name="Android64">
  <RemoteDir>assets\oak_tree</RemoteDir>
  <RemoteName>oakleaf_light.tga</RemoteName>
  <Overwrite>true</Overwrite>
 </Platform>
 <Platform Name="iOSDevice64">
  <RemoteDir>./data/oak_tree/</RemoteDir>
  <RemoteName>oakleaf_light.tga</RemoteName>
  <Overwrite>true</Overwrite>
 </Platform>
 <Platform Name="iOSSimARM64">
  <RemoteDir>./data/oak_tree/</RemoteDir>
  <RemoteName>oakleaf_light.tga</RemoteName>
  <Overwrite>true</Overwrite>
 </Platform>
 <Platform Name="Linux64">
  <RemoteDir>./data/oak_tree/</RemoteDir>
  <RemoteName>oakleaf_light.tga</RemoteName>
  <Overwrite>true</Overwrite>
 </Platform>
 <Platform Name="OSX64">
  <RemoteDir>./data/oak_tree/</RemoteDir>
  <RemoteName>oakleaf_light.tga</RemoteName>
  <Overwrite>true</Overwrite>
 </Platform>
 <Platform Name="OSXARM64">
  <RemoteDir>./data/oak_tree/</RemoteDir>
  <RemoteName>oakleaf_light.tga</RemoteName>
  <Overwrite>true</Overwrite>
 </Platform>
 <Platform Name="Win32">
  <RemoteDir>./data/oak_tree/</RemoteDir>
  <RemoteName>oakleaf_light.tga</RemoteName>
  <Overwrite>true</Overwrite>
 </Platform>
 <Platform Name="Win64">
  <RemoteDir>./data/oak_tree/</RemoteDir>
  <RemoteName>oakleaf_light.tga</RemoteName>
  <Overwrite>true</Overwrite>
 </Platform>
</DeployFile>
<DeployFile LocalName="data\oak_tree\oaktree.bin" Class="File">
 <Platform Name="Android">
  <RemoteDir>assets\oak_tree</RemoteDir>
  <RemoteName>oaktree.bin</RemoteName>
  <Overwrite>true</Overwrite>
 </Platform>
 <Platform Name="Android64">
  <RemoteDir>assets\oak_tree</RemoteDir>
  <RemoteName>oaktree.bin</RemoteName>
  <Overwrite>true</Overwrite>
 </Platform>
 <Platform Name="iOSDevice64">
  <RemoteDir>./data/oak_tree/</RemoteDir>
  <RemoteName>oaktree.bin</RemoteName>
  <Overwrite>true</Overwrite>
 </Platform>
 <Platform Name="iOSSimARM64">
  <RemoteDir>./data/oak_tree/</RemoteDir>
  <RemoteName>oaktree.bin</RemoteName>
  <Overwrite>true</Overwrite>
 </Platform>
 <Platform Name="Linux64">
  <RemoteDir>./data/oak_tree/</RemoteDir>
  <RemoteName>oaktree.bin</RemoteName>
  <Overwrite>true</Overwrite>
 </Platform>
 <Platform Name="OSX64">
  <RemoteDir>./data/oak_tree/</RemoteDir>
  <RemoteName>oaktree.bin</RemoteName>
  <Overwrite>true</Overwrite>
 </Platform>
 <Platform Name="OSXARM64">
  <RemoteDir>./data/oak_tree/</RemoteDir>
  <RemoteName>oaktree.bin</RemoteName>
  <Overwrite>true</Overwrite>
 </Platform>
 <Platform Name="Win32">
  <RemoteDir>./data/oak_tree/</RemoteDir>
  <RemoteName>oaktree.bin</RemoteName>
  <Overwrite>true</Overwrite>
 </Platform>
 <Platform Name="Win64">
  <RemoteDir>./data/oak_tree/</RemoteDir>
  <RemoteName>oaktree.bin</RemoteName>
  <Overwrite>true</Overwrite>
 </Platform>
</DeployFile>
<DeployFile LocalName="data\oak_tree\oaktree.gltf" Class="File">
 <Platform Name="Android">
  <RemoteDir>assets\oak_tree</RemoteDir>
  <RemoteName>oaktree.gltf</RemoteName>
  <Overwrite>true</Overwrite>
 </Platform>
 <Platform Name="Android64">
  <RemoteDir>assets\oak_tree</RemoteDir>
  <RemoteName>oaktree.gltf</RemoteName>
  <Overwrite>true</Overwrite>
 </Platform>
 <Platform Name="iOSDevice64">
  <RemoteDir>./data/oak_tree/</RemoteDir>
  <RemoteName>oaktree.gltf</RemoteName>
  <Overwrite>true</Overwrite>
 </Platform>
 <Platform Name="iOSSimARM64">
  <RemoteDir>./data/oak_tree/</RemoteDir>
  <RemoteName>oaktree.gltf</RemoteName>
  <Overwrite>true</Overwrite>
 </Platform>
 <Platform Name="Linux64">
  <RemoteDir>./data/oak_tree/</RemoteDir>
  <RemoteName>oaktree.gltf</RemoteName>
  <Overwrite>true</Overwrite>
 </Platform>
 <Platform Name="OSX64">
  <RemoteDir>./data/oak_tree/</RemoteDir>
  <RemoteName>oaktree.gltf</RemoteName>
  <Overwrite>true</Overwrite>
 </Platform>
 <Platform Name="OSXARM64">
  <RemoteDir>./data/oak_tree/</RemoteDir>
  <RemoteName>oaktree.gltf</RemoteName>
  <Overwrite>true</Overwrite>
 </Platform>
 <Platform Name="Win32">
  <RemoteDir>./data/oak_tree/</RemoteDir>
  <RemoteName>oaktree.gltf</RemoteName>
  <Overwrite>true</Overwrite>
 </Platform>
 <Platform Name="Win64">
  <RemoteDir>./data/oak_tree/</RemoteDir>
  <RemoteName>oaktree.gltf</RemoteName>
  <Overwrite>true</Overwrite>
 </Platform>
</DeployFile>
<DeployFile LocalName="data\sample_height_images\dump.png" Class="File">
 <Platform Name="Android">
  <RemoteDir>assets\sample_height_images</RemoteDir>
  <RemoteName>dump.png</RemoteName>
  <Overwrite>true</Overwrite>
 </Platform>
 <Platform Name="Android64">
  <RemoteDir>assets\sample_height_images</RemoteDir>
  <RemoteName>dump.png</RemoteName>
  <Overwrite>true</Overwrite>
 </Platform>
 <Platform Name="iOSDevice64">
  <RemoteDir>./data/sample_height_images/</RemoteDir>
  <RemoteName>dump.png</RemoteName>
  <Overwrite>true</Overwrite>
 </Platform>
 <Platform Name="iOSSimARM64">
  <RemoteDir>./data/sample_height_images/</RemoteDir>
  <RemoteName>dump.png</RemoteName>
  <Overwrite>true</Overwrite>
 </Platform>
 <Platform Name="Linux64">
  <RemoteDir>./data/sample_height_images/</RemoteDir>
  <RemoteName>dump.png</RemoteName>
  <Overwrite>true</Overwrite>
 </Platform>
 <Platform Name="OSX64">
  <RemoteDir>./data/sample_height_images/</RemoteDir>
  <RemoteName>dump.png</RemoteName>
  <Overwrite>true</Overwrite>
 </Platform>
 <Platform Name="OSXARM64">
  <RemoteDir>./data/sample_height_images/</RemoteDir>
  <RemoteName>dump.png</RemoteName>
  <Overwrite>true</Overwrite>
 </Platform>
 <Platform Name="Win32">
  <RemoteDir>./data/sample_height_images/</RemoteDir>
  <RemoteName>dump.png</RemoteName>
  <Overwrite>true</Overwrite>
 </Platform>
 <Platform Name="Win64">
  <RemoteDir>./data/sample_height_images/</RemoteDir>
  <RemoteName>dump.png</RemoteName>
  <Overwrite>true</Overwrite>
 </Platform>
</DeployFile>
<DeployFile LocalName="data\sample_height_images\hill.png" Class="File">
 <Platform Name="Android">
  <RemoteDir>assets\sample_height_images</RemoteDir>
  <RemoteName>hill.png</RemoteName>
  <Overwrite>true</Overwrite>
 </Platform>
 <Platform Name="Android64">
  <RemoteDir>assets\sample_height_images</RemoteDir>
  <RemoteName>hill.png</RemoteName>
  <Overwrite>true</Overwrite>
 </Platform>
 <Platform Name="iOSDevice64">
  <RemoteDir>./data/sample_height_images/</RemoteDir>
  <RemoteName>hill.png</RemoteName>
  <Overwrite>true</Overwrite>
 </Platform>
 <Platform Name="iOSSimARM64">
  <RemoteDir>./data/sample_height_images/</RemoteDir>
  <RemoteName>hill.png</RemoteName>
  <Overwrite>true</Overwrite>
 </Platform>
 <Platform Name="Linux64">
  <RemoteDir>./data/sample_height_images/</RemoteDir>
  <RemoteName>hill.png</RemoteName>
  <Overwrite>true</Overwrite>
 </Platform>
 <Platform Name="OSX64">
  <RemoteDir>./data/sample_height_images/</RemoteDir>
  <RemoteName>hill.png</RemoteName>
  <Overwrite>true</Overwrite>
 </Platform>
 <Platform Name="OSXARM64">
  <RemoteDir>./data/sample_height_images/</RemoteDir>
  <RemoteName>hill.png</RemoteName>
  <Overwrite>true</Overwrite>
 </Platform>
 <Platform Name="Win32">
  <RemoteDir>./data/sample_height_images/</RemoteDir>
  <RemoteName>hill.png</RemoteName>
  <Overwrite>true</Overwrite>
 </Platform>
 <Platform Name="Win64">
  <RemoteDir>./data/sample_height_images/</RemoteDir>
  <RemoteName>hill.png</RemoteName>
  <Overwrite>true</Overwrite>
 </Platform>
</DeployFile>
<DeployFile LocalName="data\sample_height_images\test_texture.png" Class="File">
 <Platform Name="Android">
  <RemoteDir>assets\sample_height_images</RemoteDir>
  <RemoteName>test_texture.png</RemoteName>
  <Overwrite>true</Overwrite>
 </Platform>
 <Platform Name="Android64">
  <RemoteDir>assets\sample_height_images</RemoteDir>
  <RemoteName>test_texture.png</RemoteName>
  <Overwrite>true</Overwrite>
 </Platform>
 <Platform Name="iOSDevice64">
  <RemoteDir>./data/sample_height_images/</RemoteDir>
  <RemoteName>test_texture.png</RemoteName>
  <Overwrite>true</Overwrite>
 </Platform>
 <Platform Name="iOSSimARM64">
  <RemoteDir>./data/sample_height_images/</RemoteDir>
  <RemoteName>test_texture.png</RemoteName>
  <Overwrite>true</Overwrite>
 </Platform>
 <Platform Name="Linux64">
  <RemoteDir>./data/sample_height_images/</RemoteDir>
  <RemoteName>test_texture.png</RemoteName>
  <Overwrite>true</Overwrite>
 </Platform>
 <Platform Name="OSX64">
  <RemoteDir>./data/sample_height_images/</RemoteDir>
  <RemoteName>test_texture.png</RemoteName>
  <Overwrite>true</Overwrite>
 </Platform>
 <Platform Name="OSXARM64">
  <RemoteDir>./data/sample_height_images/</RemoteDir>
  <RemoteName>test_texture.png</RemoteName>
  <Overwrite>true</Overwrite>
 </Platform>
 <Platform Name="Win32">
  <RemoteDir>./data/sample_height_images/</RemoteDir>
  <RemoteName>test_texture.png</RemoteName>
  <Overwrite>true</Overwrite>
 </Platform>
 <Platform Name="Win64">
  <RemoteDir>./data/sample_height_images/</RemoteDir>
  <RemoteName>test_texture.png</RemoteName>
  <Overwrite>true</Overwrite>
 </Platform>
</DeployFile>
<DeployFile LocalName="data\skybox\foggy_sky_neg_x_left.png" Class="File">
 <Platform Name="Android">
  <RemoteDir>assets\skybox</RemoteDir>
  <RemoteName>foggy_sky_neg_x_left.png</RemoteName>
  <Overwrite>true</Overwrite>
 </Platform>
 <Platform Name="Android64">
  <RemoteDir>assets\skybox</RemoteDir>
  <RemoteName>foggy_sky_neg_x_left.png</RemoteName>
  <Overwrite>true</Overwrite>
 </Platform>
 <Platform Name="iOSDevice64">
  <RemoteDir>./data/skybox/</RemoteDir>
  <RemoteName>foggy_sky_neg_x_left.png</RemoteName>
  <Overwrite>true</Overwrite>
 </Platform>
 <Platform Name="iOSSimARM64">
  <RemoteDir>./data/skybox/</RemoteDir>
  <RemoteName>foggy_sky_neg_x_left.png</RemoteName>
  <Overwrite>true</Overwrite>
 </Platform>
 <Platform Name="Linux64">
  <RemoteDir>./data/skybox/</RemoteDir>
  <RemoteName>foggy_sky_neg_x_left.png</RemoteName>
  <Overwrite>true</Overwrite>
 </Platform>
 <Platform Name="OSX64">
  <RemoteDir>./data/skybox/</RemoteDir>
  <RemoteName>foggy_sky_neg_x_left.png</RemoteName>
  <Overwrite>true</Overwrite>
 </Platform>
 <Platform Name="OSXARM64">
  <RemoteDir>./data/skybox/</RemoteDir>
  <RemoteName>foggy_sky_neg_x_left.png</RemoteName>
  <Overwrite>true</Overwrite>
 </Platform>
 <Platform Name="Win32">
  <RemoteDir>./data/skybox/</RemoteDir>
  <RemoteName>foggy_sky_neg_x_left.png</RemoteName>
  <Overwrite>true</Overwrite>
 </Platform>
 <Platform Name="Win64">
  <RemoteDir>./data/skybox/</RemoteDir>
  <RemoteName>foggy_sky_neg_x_left.png</RemoteName>
  <Overwrite>true</Overwrite>
 </Platform>
</DeployFile>
<DeployFile LocalName="data\skybox\foggy_sky_neg_y_bottom.png" Class="File">
 <Platform Name="Android">
  <RemoteDir>assets\skybox</RemoteDir>
  <RemoteName>foggy_sky_neg_y_bottom.png</RemoteName>
  <Overwrite>true</Overwrite>
 </Platform>
 <Platform Name="Android64">
  <RemoteDir>assets\skybox</RemoteDir>
  <RemoteName>foggy_sky_neg_y_bottom.png</RemoteName>
  <Overwrite>true</Overwrite>
 </Platform>
 <Platform Name="iOSDevice64">
  <RemoteDir>./data/skybox/</RemoteDir>
  <RemoteName>foggy_sky_neg_y_bottom.png</RemoteName>
  <Overwrite>true</Overwrite>
 </Platform>
 <Platform Name="iOSSimARM64">
  <RemoteDir>./data/skybox/</RemoteDir>
  <RemoteName>foggy_sky_neg_y_bottom.png</RemoteName>
  <Overwrite>true</Overwrite>
 </Platform>
 <Platform Name="Linux64">
  <RemoteDir>./data/skybox/</RemoteDir>
  <RemoteName>foggy_sky_neg_y_bottom.png</RemoteName>
  <Overwrite>true</Overwrite>
 </Platform>
 <Platform Name="OSX64">
  <RemoteDir>./data/skybox/</RemoteDir>
  <RemoteName>foggy_sky_neg_y_bottom.png</RemoteName>
  <Overwrite>true</Overwrite>
 </Platform>
 <Platform Name="OSXARM64">
  <RemoteDir>./data/skybox/</RemoteDir>
  <RemoteName>foggy_sky_neg_y_bottom.png</RemoteName>
  <Overwrite>true</Overwrite>
 </Platform>
 <Platform Name="Win32">
  <RemoteDir>./data/skybox/</RemoteDir>
  <RemoteName>foggy_sky_neg_y_bottom.png</RemoteName>
  <Overwrite>true</Overwrite>
 </Platform>
 <Platform Name="Win64">
  <RemoteDir>./data/skybox/</RemoteDir>
  <RemoteName>foggy_sky_neg_y_bottom.png</RemoteName>
  <Overwrite>true</Overwrite>
 </Platform>
</DeployFile>
<DeployFile LocalName="data\skybox\foggy_sky_neg_z_back.png" Class="File">
 <Platform Name="Android">
  <RemoteDir>assets\skybox</RemoteDir>
  <RemoteName>foggy_sky_neg_z_back.png</RemoteName>
  <Overwrite>true</Overwrite>
 </Platform>
 <Platform Name="Android64">
  <RemoteDir>assets\skybox</RemoteDir>
  <RemoteName>foggy_sky_neg_z_back.png</RemoteName>
  <Overwrite>true</Overwrite>
 </Platform>
 <Platform Name="iOSDevice64">
  <RemoteDir>./data/skybox/</RemoteDir>
  <RemoteName>foggy_sky_neg_z_back.png</RemoteName>
  <Overwrite>true</Overwrite>
 </Platform>
 <Platform Name="iOSSimARM64">
  <RemoteDir>./data/skybox/</RemoteDir>
  <RemoteName>foggy_sky_neg_z_back.png</RemoteName>
  <Overwrite>true</Overwrite>
 </Platform>
 <Platform Name="Linux64">
  <RemoteDir>./data/skybox/</RemoteDir>
  <RemoteName>foggy_sky_neg_z_back.png</RemoteName>
  <Overwrite>true</Overwrite>
 </Platform>
 <Platform Name="OSX64">
  <RemoteDir>./data/skybox/</RemoteDir>
  <RemoteName>foggy_sky_neg_z_back.png</RemoteName>
  <Overwrite>true</Overwrite>
 </Platform>
 <Platform Name="OSXARM64">
  <RemoteDir>./data/skybox/</RemoteDir>
  <RemoteName>foggy_sky_neg_z_back.png</RemoteName>
  <Overwrite>true</Overwrite>
 </Platform>
 <Platform Name="Win32">
  <RemoteDir>./data/skybox/</RemoteDir>
  <RemoteName>foggy_sky_neg_z_back.png</RemoteName>
  <Overwrite>true</Overwrite>
 </Platform>
 <Platform Name="Win64">
  <RemoteDir>./data/skybox/</RemoteDir>
  <RemoteName>foggy_sky_neg_z_back.png</RemoteName>
  <Overwrite>true</Overwrite>
 </Platform>
</DeployFile>
<DeployFile LocalName="data\skybox\foggy_sky_pos_x_right.png" Class="File">
 <Platform Name="Android">
  <RemoteDir>assets\skybox</RemoteDir>
  <RemoteName>foggy_sky_pos_x_right.png</RemoteName>
  <Overwrite>true</Overwrite>
 </Platform>
 <Platform Name="Android64">
  <RemoteDir>assets\skybox</RemoteDir>
  <RemoteName>foggy_sky_pos_x_right.png</RemoteName>
  <Overwrite>true</Overwrite>
 </Platform>
 <Platform Name="iOSDevice64">
  <RemoteDir>./data/skybox/</RemoteDir>
  <RemoteName>foggy_sky_pos_x_right.png</RemoteName>
  <Overwrite>true</Overwrite>
 </Platform>
 <Platform Name="iOSSimARM64">
  <RemoteDir>./data/skybox/</RemoteDir>
  <RemoteName>foggy_sky_pos_x_right.png</RemoteName>
  <Overwrite>true</Overwrite>
 </Platform>
 <Platform Name="Linux64">
  <RemoteDir>./data/skybox/</RemoteDir>
  <RemoteName>foggy_sky_pos_x_right.png</RemoteName>
  <Overwrite>true</Overwrite>
 </Platform>
 <Platform Name="OSX64">
  <RemoteDir>./data/skybox/</RemoteDir>
  <RemoteName>foggy_sky_pos_x_right.png</RemoteName>
  <Overwrite>true</Overwrite>
 </Platform>
 <Platform Name="OSXARM64">
  <RemoteDir>./data/skybox/</RemoteDir>
  <RemoteName>foggy_sky_pos_x_right.png</RemoteName>
  <Overwrite>true</Overwrite>
 </Platform>
 <Platform Name="Win32">
  <RemoteDir>./data/skybox/</RemoteDir>
  <RemoteName>foggy_sky_pos_x_right.png</RemoteName>
  <Overwrite>true</Overwrite>
 </Platform>
 <Platform Name="Win64">
  <RemoteDir>./data/skybox/</RemoteDir>
  <RemoteName>foggy_sky_pos_x_right.png</RemoteName>
  <Overwrite>true</Overwrite>
 </Platform>
</DeployFile>
<DeployFile LocalName="data\skybox\foggy_sky_pos_y_top.png" Class="File">
 <Platform Name="Android">
  <RemoteDir>assets\skybox</RemoteDir>
  <RemoteName>foggy_sky_pos_y_top.png</RemoteName>
  <Overwrite>true</Overwrite>
 </Platform>
 <Platform Name="Android64">
  <RemoteDir>assets\skybox</RemoteDir>
  <RemoteName>foggy_sky_pos_y_top.png</RemoteName>
  <Overwrite>true</Overwrite>
 </Platform>
 <Platform Name="iOSDevice64">
  <RemoteDir>./data/skybox/</RemoteDir>
  <RemoteName>foggy_sky_pos_y_top.png</RemoteName>
  <Overwrite>true</Overwrite>
 </Platform>
 <Platform Name="iOSSimARM64">
  <RemoteDir>./data/skybox/</RemoteDir>
  <RemoteName>foggy_sky_pos_y_top.png</RemoteName>
  <Overwrite>true</Overwrite>
 </Platform>
 <Platform Name="Linux64">
  <RemoteDir>./data/skybox/</RemoteDir>
  <RemoteName>foggy_sky_pos_y_top.png</RemoteName>
  <Overwrite>true</Overwrite>
 </Platform>
 <Platform Name="OSX64">
  <RemoteDir>./data/skybox/</RemoteDir>
  <RemoteName>foggy_sky_pos_y_top.png</RemoteName>
  <Overwrite>true</Overwrite>
 </Platform>
 <Platform Name="OSXARM64">
  <RemoteDir>./data/skybox/</RemoteDir>
  <RemoteName>foggy_sky_pos_y_top.png</RemoteName>
  <Overwrite>true</Overwrite>
 </Platform>
 <Platform Name="Win32">
  <RemoteDir>./data/skybox/</RemoteDir>
  <RemoteName>foggy_sky_pos_y_top.png</RemoteName>
  <Overwrite>true</Overwrite>
 </Platform>
 <Platform Name="Win64">
  <RemoteDir>./data/skybox/</RemoteDir>
  <RemoteName>foggy_sky_pos_y_top.png</RemoteName>
  <Overwrite>true</Overwrite>
 </Platform>
</DeployFile>
<DeployFile LocalName="data\skybox\foggy_sky_pos_z_front.png" Class="File">
 <Platform Name="Android">
  <RemoteDir>assets\skybox</RemoteDir>
  <RemoteName>foggy_sky_pos_z_front.png</RemoteName>
  <Overwrite>true</Overwrite>
 </Platform>
 <Platform Name="Android64">
  <RemoteDir>assets\skybox</RemoteDir>
  <RemoteName>foggy_sky_pos_z_front.png</RemoteName>
  <Overwrite>true</Overwrite>
 </Platform>
 <Platform Name="iOSDevice64">
  <RemoteDir>./data/skybox/</RemoteDir>
  <RemoteName>foggy_sky_pos_z_front.png</RemoteName>
  <Overwrite>true</Overwrite>
 </Platform>
 <Platform Name="iOSSimARM64">
  <RemoteDir>./data/skybox/</RemoteDir>
  <RemoteName>foggy_sky_pos_z_front.png</RemoteName>
  <Overwrite>true</Overwrite>
 </Platform>
 <Platform Name="Linux64">
  <RemoteDir>./data/skybox/</RemoteDir>
  <RemoteName>foggy_sky_pos_z_front.png</RemoteName>
  <Overwrite>true</Overwrite>
 </Platform>
 <Platform Name="OSX64">
  <RemoteDir>./data/skybox/</RemoteDir>
  <RemoteName>foggy_sky_pos_z_front.png</RemoteName>
  <Overwrite>true</Overwrite>
 </Platform>
 <Platform Name="OSXARM64">
  <RemoteDir>./data/skybox/</RemoteDir>
  <RemoteName>foggy_sky_pos_z_front.png</RemoteName>
  <Overwrite>true</Overwrite>
 </Platform>
 <Platform Name="Win32">
  <RemoteDir>./data/skybox/</RemoteDir>
  <RemoteName>foggy_sky_pos_z_front.png</RemoteName>
  <Overwrite>true</Overwrite>
 </Platform>
 <Platform Name="Win64">
  <RemoteDir>./data/skybox/</RemoteDir>
  <RemoteName>foggy_sky_pos_z_front.png</RemoteName>
  <Overwrite>true</Overwrite>
 </Platform>
</DeployFile>
<DeployFile LocalName="data\textures\AUTHORS.txt" Class="File">
 <Platform Name="Android">
  <RemoteDir>assets\textures</RemoteDir>
  <RemoteName>AUTHORS.txt</RemoteName>
  <Overwrite>true</Overwrite>
 </Platform>
 <Platform Name="Android64">
  <RemoteDir>assets\textures</RemoteDir>
  <RemoteName>AUTHORS.txt</RemoteName>
  <Overwrite>true</Overwrite>
 </Platform>
 <Platform Name="iOSDevice64">
  <RemoteDir>./data/textures/</RemoteDir>
  <RemoteName>AUTHORS.txt</RemoteName>
  <Overwrite>true</Overwrite>
 </Platform>
 <Platform Name="iOSSimARM64">
  <RemoteDir>./data/textures/</RemoteDir>
  <RemoteName>AUTHORS.txt</RemoteName>
  <Overwrite>true</Overwrite>
 </Platform>
 <Platform Name="Linux64">
  <RemoteDir>./data/textures/</RemoteDir>
  <RemoteName>AUTHORS.txt</RemoteName>
  <Overwrite>true</Overwrite>
 </Platform>
 <Platform Name="OSX64">
  <RemoteDir>./data/textures/</RemoteDir>
  <RemoteName>AUTHORS.txt</RemoteName>
  <Overwrite>true</Overwrite>
 </Platform>
 <Platform Name="OSXARM64">
  <RemoteDir>./data/textures/</RemoteDir>
  <RemoteName>AUTHORS.txt</RemoteName>
  <Overwrite>true</Overwrite>
 </Platform>
 <Platform Name="Win32">
  <RemoteDir>./data/textures/</RemoteDir>
  <RemoteName>AUTHORS.txt</RemoteName>
  <Overwrite>true</Overwrite>
 </Platform>
 <Platform Name="Win64">
  <RemoteDir>./data/textures/</RemoteDir>
  <RemoteName>AUTHORS.txt</RemoteName>
  <Overwrite>true</Overwrite>
 </Platform>
</DeployFile>
<DeployFile LocalName="data\textures\ground_mud2_d.jpg" Class="File">
 <Platform Name="Android">
  <RemoteDir>assets\textures</RemoteDir>
  <RemoteName>ground_mud2_d.jpg</RemoteName>
  <Overwrite>true</Overwrite>
 </Platform>
 <Platform Name="Android64">
  <RemoteDir>assets\textures</RemoteDir>
  <RemoteName>ground_mud2_d.jpg</RemoteName>
  <Overwrite>true</Overwrite>
 </Platform>
 <Platform Name="iOSDevice64">
  <RemoteDir>./data/textures/</RemoteDir>
  <RemoteName>ground_mud2_d.jpg</RemoteName>
  <Overwrite>true</Overwrite>
 </Platform>
 <Platform Name="iOSSimARM64">
  <RemoteDir>./data/textures/</RemoteDir>
  <RemoteName>ground_mud2_d.jpg</RemoteName>
  <Overwrite>true</Overwrite>
 </Platform>
 <Platform Name="Linux64">
  <RemoteDir>./data/textures/</RemoteDir>
  <RemoteName>ground_mud2_d.jpg</RemoteName>
  <Overwrite>true</Overwrite>
 </Platform>
 <Platform Name="OSX64">
  <RemoteDir>./data/textures/</RemoteDir>
  <RemoteName>ground_mud2_d.jpg</RemoteName>
  <Overwrite>true</Overwrite>
 </Platform>
 <Platform Name="OSXARM64">
  <RemoteDir>./data/textures/</RemoteDir>
  <RemoteName>ground_mud2_d.jpg</RemoteName>
  <Overwrite>true</Overwrite>
 </Platform>
 <Platform Name="Win32">
  <RemoteDir>./data/textures/</RemoteDir>
  <RemoteName>ground_mud2_d.jpg</RemoteName>
  <Overwrite>true</Overwrite>
 </Platform>
 <Platform Name="Win64">
  <RemoteDir>./data/textures/</RemoteDir>
  <RemoteName>ground_mud2_d.jpg</RemoteName>
  <Overwrite>true</Overwrite>
 </Platform>
</DeployFile>
<DeployFile LocalName="data\textures\ground_mud2_n.jpg" Class="File">
 <Platform Name="Android">
  <RemoteDir>assets\textures</RemoteDir>
  <RemoteName>ground_mud2_n.jpg</RemoteName>
  <Overwrite>true</Overwrite>
 </Platform>
 <Platform Name="Android64">
  <RemoteDir>assets\textures</RemoteDir>
  <RemoteName>ground_mud2_n.jpg</RemoteName>
  <Overwrite>true</Overwrite>
 </Platform>
 <Platform Name="iOSDevice64">
  <RemoteDir>./data/textures/</RemoteDir>
  <RemoteName>ground_mud2_n.jpg</RemoteName>
  <Overwrite>true</Overwrite>
 </Platform>
 <Platform Name="iOSSimARM64">
  <RemoteDir>./data/textures/</RemoteDir>
  <RemoteName>ground_mud2_n.jpg</RemoteName>
  <Overwrite>true</Overwrite>
 </Platform>
 <Platform Name="Linux64">
  <RemoteDir>./data/textures/</RemoteDir>
  <RemoteName>ground_mud2_n.jpg</RemoteName>
  <Overwrite>true</Overwrite>
 </Platform>
 <Platform Name="OSX64">
  <RemoteDir>./data/textures/</RemoteDir>
  <RemoteName>ground_mud2_n.jpg</RemoteName>
  <Overwrite>true</Overwrite>
 </Platform>
 <Platform Name="OSXARM64">
  <RemoteDir>./data/textures/</RemoteDir>
  <RemoteName>ground_mud2_n.jpg</RemoteName>
  <Overwrite>true</Overwrite>
 </Platform>
 <Platform Name="Win32">
  <RemoteDir>./data/textures/</RemoteDir>
  <RemoteName>ground_mud2_n.jpg</RemoteName>
  <Overwrite>true</Overwrite>
 </Platform>
 <Platform Name="Win64">
  <RemoteDir>./data/textures/</RemoteDir>
  <RemoteName>ground_mud2_n.jpg</RemoteName>
  <Overwrite>true</Overwrite>
 </Platform>
</DeployFile>
<DeployFile LocalName="data\textures\ground_mud2_s.jpg" Class="File">
 <Platform Name="Android">
  <RemoteDir>assets\textures</RemoteDir>
  <RemoteName>ground_mud2_s.jpg</RemoteName>
  <Overwrite>true</Overwrite>
 </Platform>
 <Platform Name="Android64">
  <RemoteDir>assets\textures</RemoteDir>
  <RemoteName>ground_mud2_s.jpg</RemoteName>
  <Overwrite>true</Overwrite>
 </Platform>
 <Platform Name="iOSDevice64">
  <RemoteDir>./data/textures/</RemoteDir>
  <RemoteName>ground_mud2_s.jpg</RemoteName>
  <Overwrite>true</Overwrite>
 </Platform>
 <Platform Name="iOSSimARM64">
  <RemoteDir>./data/textures/</RemoteDir>
  <RemoteName>ground_mud2_s.jpg</RemoteName>
  <Overwrite>true</Overwrite>
 </Platform>
 <Platform Name="Linux64">
  <RemoteDir>./data/textures/</RemoteDir>
  <RemoteName>ground_mud2_s.jpg</RemoteName>
  <Overwrite>true</Overwrite>
 </Platform>
 <Platform Name="OSX64">
  <RemoteDir>./data/textures/</RemoteDir>
  <RemoteName>ground_mud2_s.jpg</RemoteName>
  <Overwrite>true</Overwrite>
 </Platform>
 <Platform Name="OSXARM64">
  <RemoteDir>./data/textures/</RemoteDir>
  <RemoteName>ground_mud2_s.jpg</RemoteName>
  <Overwrite>true</Overwrite>
 </Platform>
 <Platform Name="Win32">
  <RemoteDir>./data/textures/</RemoteDir>
  <RemoteName>ground_mud2_s.jpg</RemoteName>
  <Overwrite>true</Overwrite>
 </Platform>
 <Platform Name="Win64">
  <RemoteDir>./data/textures/</RemoteDir>
  <RemoteName>ground_mud2_s.jpg</RemoteName>
  <Overwrite>true</Overwrite>
 </Platform>
</DeployFile>
<DeployFile LocalName="data\textures\island_sand2_d.jpg" Class="File">
 <Platform Name="Android">
  <RemoteDir>assets\textures</RemoteDir>
  <RemoteName>island_sand2_d.jpg</RemoteName>
  <Overwrite>true</Overwrite>
 </Platform>
 <Platform Name="Android64">
  <RemoteDir>assets\textures</RemoteDir>
  <RemoteName>island_sand2_d.jpg</RemoteName>
  <Overwrite>true</Overwrite>
 </Platform>
 <Platform Name="iOSDevice64">
  <RemoteDir>./data/textures/</RemoteDir>
  <RemoteName>island_sand2_d.jpg</RemoteName>
  <Overwrite>true</Overwrite>
 </Platform>
 <Platform Name="iOSSimARM64">
  <RemoteDir>./data/textures/</RemoteDir>
  <RemoteName>island_sand2_d.jpg</RemoteName>
  <Overwrite>true</Overwrite>
 </Platform>
 <Platform Name="Linux64">
  <RemoteDir>./data/textures/</RemoteDir>
  <RemoteName>island_sand2_d.jpg</RemoteName>
  <Overwrite>true</Overwrite>
 </Platform>
 <Platform Name="OSX64">
  <RemoteDir>./data/textures/</RemoteDir>
  <RemoteName>island_sand2_d.jpg</RemoteName>
  <Overwrite>true</Overwrite>
 </Platform>
 <Platform Name="OSXARM64">
  <RemoteDir>./data/textures/</RemoteDir>
  <RemoteName>island_sand2_d.jpg</RemoteName>
  <Overwrite>true</Overwrite>
 </Platform>
 <Platform Name="Win32">
  <RemoteDir>./data/textures/</RemoteDir>
  <RemoteName>island_sand2_d.jpg</RemoteName>
  <Overwrite>true</Overwrite>
 </Platform>
 <Platform Name="Win64">
  <RemoteDir>./data/textures/</RemoteDir>
  <RemoteName>island_sand2_d.jpg</RemoteName>
  <Overwrite>true</Overwrite>
 </Platform>
</DeployFile>
<DeployFile LocalName="data\textures\mntn_green_d.jpg" Class="File">
 <Platform Name="Android">
  <RemoteDir>assets\textures</RemoteDir>
  <RemoteName>mntn_green_d.jpg</RemoteName>
  <Overwrite>true</Overwrite>
 </Platform>
 <Platform Name="Android64">
  <RemoteDir>assets\textures</RemoteDir>
  <RemoteName>mntn_green_d.jpg</RemoteName>
  <Overwrite>true</Overwrite>
 </Platform>
 <Platform Name="iOSDevice64">
  <RemoteDir>./data/textures/</RemoteDir>
  <RemoteName>mntn_green_d.jpg</RemoteName>
  <Overwrite>true</Overwrite>
 </Platform>
 <Platform Name="iOSSimARM64">
  <RemoteDir>./data/textures/</RemoteDir>
  <RemoteName>mntn_green_d.jpg</RemoteName>
  <Overwrite>true</Overwrite>
 </Platform>
 <Platform Name="Linux64">
  <RemoteDir>./data/textures/</RemoteDir>
  <RemoteName>mntn_green_d.jpg</RemoteName>
  <Overwrite>true</Overwrite>
 </Platform>
 <Platform Name="OSX64">
  <RemoteDir>./data/textures/</RemoteDir>
  <RemoteName>mntn_green_d.jpg</RemoteName>
  <Overwrite>true</Overwrite>
 </Platform>
 <Platform Name="OSXARM64">
  <RemoteDir>./data/textures/</RemoteDir>
  <RemoteName>mntn_green_d.jpg</RemoteName>
  <Overwrite>true</Overwrite>
 </Platform>
 <Platform Name="Win32">
  <RemoteDir>./data/textures/</RemoteDir>
  <RemoteName>mntn_green_d.jpg</RemoteName>
  <Overwrite>true</Overwrite>
 </Platform>
 <Platform Name="Win64">
  <RemoteDir>./data/textures/</RemoteDir>
  <RemoteName>mntn_green_d.jpg</RemoteName>
  <Overwrite>true</Overwrite>
 </Platform>
</DeployFile>
<DeployFile LocalName="data\textures\mntn_green_h.jpg" Class="File">
 <Platform Name="Android">
  <RemoteDir>assets\textures</RemoteDir>
  <RemoteName>mntn_green_h.jpg</RemoteName>
  <Overwrite>true</Overwrite>
 </Platform>
 <Platform Name="Android64">
  <RemoteDir>assets\textures</RemoteDir>
  <RemoteName>mntn_green_h.jpg</RemoteName>
  <Overwrite>true</Overwrite>
 </Platform>
 <Platform Name="iOSDevice64">
  <RemoteDir>./data/textures/</RemoteDir>
  <RemoteName>mntn_green_h.jpg</RemoteName>
  <Overwrite>true</Overwrite>
 </Platform>
 <Platform Name="iOSSimARM64">
  <RemoteDir>./data/textures/</RemoteDir>
  <RemoteName>mntn_green_h.jpg</RemoteName>
  <Overwrite>true</Overwrite>
 </Platform>
 <Platform Name="Linux64">
  <RemoteDir>./data/textures/</RemoteDir>
  <RemoteName>mntn_green_h.jpg</RemoteName>
  <Overwrite>true</Overwrite>
 </Platform>
 <Platform Name="OSX64">
  <RemoteDir>./data/textures/</RemoteDir>
  <RemoteName>mntn_green_h.jpg</RemoteName>
  <Overwrite>true</Overwrite>
 </Platform>
 <Platform Name="OSXARM64">
  <RemoteDir>./data/textures/</RemoteDir>
  <RemoteName>mntn_green_h.jpg</RemoteName>
  <Overwrite>true</Overwrite>
 </Platform>
 <Platform Name="Win32">
  <RemoteDir>./data/textures/</RemoteDir>
  <RemoteName>mntn_green_h.jpg</RemoteName>
  <Overwrite>true</Overwrite>
 </Platform>
 <Platform Name="Win64">
  <RemoteDir>./data/textures/</RemoteDir>
  <RemoteName>mntn_green_h.jpg</RemoteName>
  <Overwrite>true</Overwrite>
 </Platform>
</DeployFile>
<DeployFile LocalName="data\textures\mntn_green_n.jpg" Class="File">
 <Platform Name="Android">
  <RemoteDir>assets\textures</RemoteDir>
  <RemoteName>mntn_green_n.jpg</RemoteName>
  <Overwrite>true</Overwrite>
 </Platform>
 <Platform Name="Android64">
  <RemoteDir>assets\textures</RemoteDir>
  <RemoteName>mntn_green_n.jpg</RemoteName>
  <Overwrite>true</Overwrite>
 </Platform>
 <Platform Name="iOSDevice64">
  <RemoteDir>./data/textures/</RemoteDir>
  <RemoteName>mntn_green_n.jpg</RemoteName>
  <Overwrite>true</Overwrite>
 </Platform>
 <Platform Name="iOSSimARM64">
  <RemoteDir>./data/textures/</RemoteDir>
  <RemoteName>mntn_green_n.jpg</RemoteName>
  <Overwrite>true</Overwrite>
 </Platform>
 <Platform Name="Linux64">
  <RemoteDir>./data/textures/</RemoteDir>
  <RemoteName>mntn_green_n.jpg</RemoteName>
  <Overwrite>true</Overwrite>
 </Platform>
 <Platform Name="OSX64">
  <RemoteDir>./data/textures/</RemoteDir>
  <RemoteName>mntn_green_n.jpg</RemoteName>
  <Overwrite>true</Overwrite>
 </Platform>
 <Platform Name="OSXARM64">
  <RemoteDir>./data/textures/</RemoteDir>
  <RemoteName>mntn_green_n.jpg</RemoteName>
  <Overwrite>true</Overwrite>
 </Platform>
 <Platform Name="Win32">
  <RemoteDir>./data/textures/</RemoteDir>
  <RemoteName>mntn_green_n.jpg</RemoteName>
  <Overwrite>true</Overwrite>
 </Platform>
 <Platform Name="Win64">
  <RemoteDir>./data/textures/</RemoteDir>
  <RemoteName>mntn_green_n.jpg</RemoteName>
  <Overwrite>true</Overwrite>
 </Platform>
</DeployFile>
<DeployFile LocalName="data\textures\mntn_green_s.jpg" Class="File">
 <Platform Name="Android">
  <RemoteDir>assets\textures</RemoteDir>
  <RemoteName>mntn_green_s.jpg</RemoteName>
  <Overwrite>true</Overwrite>
 </Platform>
 <Platform Name="Android64">
  <RemoteDir>assets\textures</RemoteDir>
  <RemoteName>mntn_green_s.jpg</RemoteName>
  <Overwrite>true</Overwrite>
 </Platform>
 <Platform Name="iOSDevice64">
  <RemoteDir>./data/textures/</RemoteDir>
  <RemoteName>mntn_green_s.jpg</RemoteName>
  <Overwrite>true</Overwrite>
 </Platform>
 <Platform Name="iOSSimARM64">
  <RemoteDir>./data/textures/</RemoteDir>
  <RemoteName>mntn_green_s.jpg</RemoteName>
  <Overwrite>true</Overwrite>
 </Platform>
 <Platform Name="Linux64">
  <RemoteDir>./data/textures/</RemoteDir>
  <RemoteName>mntn_green_s.jpg</RemoteName>
  <Overwrite>true</Overwrite>
 </Platform>
 <Platform Name="OSX64">
  <RemoteDir>./data/textures/</RemoteDir>
  <RemoteName>mntn_green_s.jpg</RemoteName>
  <Overwrite>true</Overwrite>
 </Platform>
 <Platform Name="OSXARM64">
  <RemoteDir>./data/textures/</RemoteDir>
  <RemoteName>mntn_green_s.jpg</RemoteName>
  <Overwrite>true</Overwrite>
 </Platform>
 <Platform Name="Win32">
  <RemoteDir>./data/textures/</RemoteDir>
  <RemoteName>mntn_green_s.jpg</RemoteName>
  <Overwrite>true</Overwrite>
 </Platform>
 <Platform Name="Win64">
  <RemoteDir>./data/textures/</RemoteDir>
  <RemoteName>mntn_green_s.jpg</RemoteName>
  <Overwrite>true</Overwrite>
 </Platform>
</DeployFile>
<DeployFile LocalName="data\textures\mntn_white_d.jpg" Class="File">
 <Platform Name="Android">
  <RemoteDir>assets\textures</RemoteDir>
  <RemoteName>mntn_white_d.jpg</RemoteName>
  <Overwrite>true</Overwrite>
 </Platform>
 <Platform Name="Android64">
  <RemoteDir>assets\textures</RemoteDir>
  <RemoteName>mntn_white_d.jpg</RemoteName>
  <Overwrite>true</Overwrite>
 </Platform>
 <Platform Name="iOSDevice64">
  <RemoteDir>./data/textures/</RemoteDir>
  <RemoteName>mntn_white_d.jpg</RemoteName>
  <Overwrite>true</Overwrite>
 </Platform>
 <Platform Name="iOSSimARM64">
  <RemoteDir>./data/textures/</RemoteDir>
  <RemoteName>mntn_white_d.jpg</RemoteName>
  <Overwrite>true</Overwrite>
 </Platform>
 <Platform Name="Linux64">
  <RemoteDir>./data/textures/</RemoteDir>
  <RemoteName>mntn_white_d.jpg</RemoteName>
  <Overwrite>true</Overwrite>
 </Platform>
 <Platform Name="OSX64">
  <RemoteDir>./data/textures/</RemoteDir>
  <RemoteName>mntn_white_d.jpg</RemoteName>
  <Overwrite>true</Overwrite>
 </Platform>
 <Platform Name="OSXARM64">
  <RemoteDir>./data/textures/</RemoteDir>
  <RemoteName>mntn_white_d.jpg</RemoteName>
  <Overwrite>true</Overwrite>
 </Platform>
 <Platform Name="Win32">
  <RemoteDir>./data/textures/</RemoteDir>
  <RemoteName>mntn_white_d.jpg</RemoteName>
  <Overwrite>true</Overwrite>
 </Platform>
 <Platform Name="Win64">
  <RemoteDir>./data/textures/</RemoteDir>
  <RemoteName>mntn_white_d.jpg</RemoteName>
  <Overwrite>true</Overwrite>
 </Platform>
</DeployFile>
<DeployFile LocalName="data\textures\mntn_yellow_d.jpg" Class="File">
 <Platform Name="Android">
  <RemoteDir>assets\textures</RemoteDir>
  <RemoteName>mntn_yellow_d.jpg</RemoteName>
  <Overwrite>true</Overwrite>
 </Platform>
 <Platform Name="Android64">
  <RemoteDir>assets\textures</RemoteDir>
  <RemoteName>mntn_yellow_d.jpg</RemoteName>
  <Overwrite>true</Overwrite>
 </Platform>
 <Platform Name="iOSDevice64">
  <RemoteDir>./data/textures/</RemoteDir>
  <RemoteName>mntn_yellow_d.jpg</RemoteName>
  <Overwrite>true</Overwrite>
 </Platform>
 <Platform Name="iOSSimARM64">
  <RemoteDir>./data/textures/</RemoteDir>
  <RemoteName>mntn_yellow_d.jpg</RemoteName>
  <Overwrite>true</Overwrite>
 </Platform>
 <Platform Name="Linux64">
  <RemoteDir>./data/textures/</RemoteDir>
  <RemoteName>mntn_yellow_d.jpg</RemoteName>
  <Overwrite>true</Overwrite>
 </Platform>
 <Platform Name="OSX64">
  <RemoteDir>./data/textures/</RemoteDir>
  <RemoteName>mntn_yellow_d.jpg</RemoteName>
  <Overwrite>true</Overwrite>
 </Platform>
 <Platform Name="OSXARM64">
  <RemoteDir>./data/textures/</RemoteDir>
  <RemoteName>mntn_yellow_d.jpg</RemoteName>
  <Overwrite>true</Overwrite>
 </Platform>
 <Platform Name="Win32">
  <RemoteDir>./data/textures/</RemoteDir>
  <RemoteName>mntn_yellow_d.jpg</RemoteName>
  <Overwrite>true</Overwrite>
 </Platform>
 <Platform Name="Win64">
  <RemoteDir>./data/textures/</RemoteDir>
  <RemoteName>mntn_yellow_d.jpg</RemoteName>
  <Overwrite>true</Overwrite>
 </Platform>
</DeployFile>
<DeployFile LocalName="data\textures\moss_ground_d.jpg" Class="File">
 <Platform Name="Android">
  <RemoteDir>assets\textures</RemoteDir>
  <RemoteName>moss_ground_d.jpg</RemoteName>
  <Overwrite>true</Overwrite>
 </Platform>
 <Platform Name="Android64">
  <RemoteDir>assets\textures</RemoteDir>
  <RemoteName>moss_ground_d.jpg</RemoteName>
  <Overwrite>true</Overwrite>
 </Platform>
 <Platform Name="iOSDevice64">
  <RemoteDir>./data/textures/</RemoteDir>
  <RemoteName>moss_ground_d.jpg</RemoteName>
  <Overwrite>true</Overwrite>
 </Platform>
 <Platform Name="iOSSimARM64">
  <RemoteDir>./data/textures/</RemoteDir>
  <RemoteName>moss_ground_d.jpg</RemoteName>
  <Overwrite>true</Overwrite>
 </Platform>
 <Platform Name="Linux64">
  <RemoteDir>./data/textures/</RemoteDir>
  <RemoteName>moss_ground_d.jpg</RemoteName>
  <Overwrite>true</Overwrite>
 </Platform>
 <Platform Name="OSX64">
  <RemoteDir>./data/textures/</RemoteDir>
  <RemoteName>moss_ground_d.jpg</RemoteName>
  <Overwrite>true</Overwrite>
 </Platform>
 <Platform Name="OSXARM64">
  <RemoteDir>./data/textures/</RemoteDir>
  <RemoteName>moss_ground_d.jpg</RemoteName>
  <Overwrite>true</Overwrite>
 </Platform>
 <Platform Name="Win32">
  <RemoteDir>./data/textures/</RemoteDir>
  <RemoteName>moss_ground_d.jpg</RemoteName>
  <Overwrite>true</Overwrite>
 </Platform>
 <Platform Name="Win64">
  <RemoteDir>./data/textures/</RemoteDir>
  <RemoteName>moss_ground_d.jpg</RemoteName>
  <Overwrite>true</Overwrite>
 </Platform>
</DeployFile>
<DeployFile LocalName="data\textures\snow_mud_d.jpg" Class="File">
 <Platform Name="Android">
  <RemoteDir>assets\textures</RemoteDir>
  <RemoteName>snow_mud_d.jpg</RemoteName>
  <Overwrite>true</Overwrite>
 </Platform>
 <Platform Name="Android64">
  <RemoteDir>assets\textures</RemoteDir>
  <RemoteName>snow_mud_d.jpg</RemoteName>
  <Overwrite>true</Overwrite>
 </Platform>
 <Platform Name="iOSDevice64">
  <RemoteDir>./data/textures/</RemoteDir>
  <RemoteName>snow_mud_d.jpg</RemoteName>
  <Overwrite>true</Overwrite>
 </Platform>
 <Platform Name="iOSSimARM64">
  <RemoteDir>./data/textures/</RemoteDir>
  <RemoteName>snow_mud_d.jpg</RemoteName>
  <Overwrite>true</Overwrite>
 </Platform>
 <Platform Name="Linux64">
  <RemoteDir>./data/textures/</RemoteDir>
  <RemoteName>snow_mud_d.jpg</RemoteName>
  <Overwrite>true</Overwrite>
 </Platform>
 <Platform Name="OSX64">
  <RemoteDir>./data/textures/</RemoteDir>
  <RemoteName>snow_mud_d.jpg</RemoteName>
  <Overwrite>true</Overwrite>
 </Platform>
 <Platform Name="OSXARM64">
  <RemoteDir>./data/textures/</RemoteDir>
  <RemoteName>snow_mud_d.jpg</RemoteName>
  <Overwrite>true</Overwrite>
 </Platform>
 <Platform Name="Win32">
  <RemoteDir>./data/textures/</RemoteDir>
  <RemoteName>snow_mud_d.jpg</RemoteName>
  <Overwrite>true</Overwrite>
 </Platform>
 <Platform Name="Win64">
  <RemoteDir>./data/textures/</RemoteDir>
  <RemoteName>snow_mud_d.jpg</RemoteName>
  <Overwrite>true</Overwrite>
 </Platform>
</DeployFile>
<DeployFile LocalName="data\textures\snow_mud_n.jpg" Class="File">
 <Platform Name="Android">
  <RemoteDir>assets\textures</RemoteDir>
  <RemoteName>snow_mud_n.jpg</RemoteName>
  <Overwrite>true</Overwrite>
 </Platform>
 <Platform Name="Android64">
  <RemoteDir>assets\textures</RemoteDir>
  <RemoteName>snow_mud_n.jpg</RemoteName>
  <Overwrite>true</Overwrite>
 </Platform>
 <Platform Name="iOSDevice64">
  <RemoteDir>./data/textures/</RemoteDir>
  <RemoteName>snow_mud_n.jpg</RemoteName>
  <Overwrite>true</Overwrite>
 </Platform>
 <Platform Name="iOSSimARM64">
  <RemoteDir>./data/textures/</RemoteDir>
  <RemoteName>snow_mud_n.jpg</RemoteName>
  <Overwrite>true</Overwrite>
 </Platform>
 <Platform Name="Linux64">
  <RemoteDir>./data/textures/</RemoteDir>
  <RemoteName>snow_mud_n.jpg</RemoteName>
  <Overwrite>true</Overwrite>
 </Platform>
 <Platform Name="OSX64">
  <RemoteDir>./data/textures/</RemoteDir>
  <RemoteName>snow_mud_n.jpg</RemoteName>
  <Overwrite>true</Overwrite>
 </Platform>
 <Platform Name="OSXARM64">
  <RemoteDir>./data/textures/</RemoteDir>
  <RemoteName>snow_mud_n.jpg</RemoteName>
  <Overwrite>true</Overwrite>
 </Platform>
 <Platform Name="Win32">
  <RemoteDir>./data/textures/</RemoteDir>
  <RemoteName>snow_mud_n.jpg</RemoteName>
  <Overwrite>true</Overwrite>
 </Platform>
 <Platform Name="Win64">
  <RemoteDir>./data/textures/</RemoteDir>
  <RemoteName>snow_mud_n.jpg</RemoteName>
  <Overwrite>true</Overwrite>
 </Platform>
</DeployFile>
<DeployFile LocalName="data\textures\snow_mud_s.jpg" Class="File">
 <Platform Name="Android">
  <RemoteDir>assets\textures</RemoteDir>
  <RemoteName>snow_mud_s.jpg</RemoteName>
  <Overwrite>true</Overwrite>
 </Platform>
 <Platform Name="Android64">
  <RemoteDir>assets\textures</RemoteDir>
  <RemoteName>snow_mud_s.jpg</RemoteName>
  <Overwrite>true</Overwrite>
 </Platform>
 <Platform Name="iOSDevice64">
  <RemoteDir>./data/textures/</RemoteDir>
  <RemoteName>snow_mud_s.jpg</RemoteName>
  <Overwrite>true</Overwrite>
 </Platform>
 <Platform Name="iOSSimARM64">
  <RemoteDir>./data/textures/</RemoteDir>
  <RemoteName>snow_mud_s.jpg</RemoteName>
  <Overwrite>true</Overwrite>
 </Platform>
 <Platform Name="Linux64">
  <RemoteDir>./data/textures/</RemoteDir>
  <RemoteName>snow_mud_s.jpg</RemoteName>
  <Overwrite>true</Overwrite>
 </Platform>
 <Platform Name="OSX64">
  <RemoteDir>./data/textures/</RemoteDir>
  <RemoteName>snow_mud_s.jpg</RemoteName>
  <Overwrite>true</Overwrite>
 </Platform>
 <Platform Name="OSXARM64">
  <RemoteDir>./data/textures/</RemoteDir>
  <RemoteName>snow_mud_s.jpg</RemoteName>
  <Overwrite>true</Overwrite>
 </Platform>
 <Platform Name="Win32">
  <RemoteDir>./data/textures/</RemoteDir>
  <RemoteName>snow_mud_s.jpg</RemoteName>
  <Overwrite>true</Overwrite>
 </Platform>
 <Platform Name="Win64">
  <RemoteDir>./data/textures/</RemoteDir>
  <RemoteName>snow_mud_s.jpg</RemoteName>
  <Overwrite>true</Overwrite>
 </Platform>
</DeployFile>
<DeployFile LocalName="data\water\shaders\animate_normals.fs" Class="File">
 <Platform Name="Android">
  <RemoteDir>assets\water\shaders</RemoteDir>
  <RemoteName>animate_normals.fs</RemoteName>
  <Overwrite>true</Overwrite>
 </Platform>
 <Platform Name="Android64">
  <RemoteDir>assets\water\shaders</RemoteDir>
  <RemoteName>animate_normals.fs</RemoteName>
  <Overwrite>true</Overwrite>
 </Platform>
 <Platform Name="iOSDevice64">
  <RemoteDir>./data/water/shaders/</RemoteDir>
  <RemoteName>animate_normals.fs</RemoteName>
  <Overwrite>true</Overwrite>
 </Platform>
 <Platform Name="iOSSimARM64">
  <RemoteDir>./data/water/shaders/</RemoteDir>
  <RemoteName>animate_normals.fs</RemoteName>
  <Overwrite>true</Overwrite>
 </Platform>
 <Platform Name="Linux64">
  <RemoteDir>./data/water/shaders/</RemoteDir>
  <RemoteName>animate_normals.fs</RemoteName>
  <Overwrite>true</Overwrite>
 </Platform>
 <Platform Name="OSX64">
  <RemoteDir>./data/water/shaders/</RemoteDir>
  <RemoteName>animate_normals.fs</RemoteName>
  <Overwrite>true</Overwrite>
 </Platform>
 <Platform Name="OSXARM64">
  <RemoteDir>./data/water/shaders/</RemoteDir>
  <RemoteName>animate_normals.fs</RemoteName>
  <Overwrite>true</Overwrite>
 </Platform>
 <Platform Name="Win32">
  <RemoteDir>./data/water/shaders/</RemoteDir>
  <RemoteName>animate_normals.fs</RemoteName>
  <Overwrite>true</Overwrite>
 </Platform>
 <Platform Name="Win64">
  <RemoteDir>./data/water/shaders/</RemoteDir>
  <RemoteName>animate_normals.fs</RemoteName>
  <Overwrite>true</Overwrite>
 </Platform>
</DeployFile>
<DeployFile LocalName="data\water\shaders\animate_normals.vs" Class="File">
 <Platform Name="Android">
  <RemoteDir>assets\water\shaders</RemoteDir>
  <RemoteName>animate_normals.vs</RemoteName>
  <Overwrite>true</Overwrite>
 </Platform>
 <Platform Name="Android64">
  <RemoteDir>assets\water\shaders</RemoteDir>
  <RemoteName>animate_normals.vs</RemoteName>
  <Overwrite>true</Overwrite>
 </Platform>
 <Platform Name="iOSDevice64">
  <RemoteDir>./data/water/shaders/</RemoteDir>
  <RemoteName>animate_normals.vs</RemoteName>
  <Overwrite>true</Overwrite>
 </Platform>
 <Platform Name="iOSSimARM64">
  <RemoteDir>./data/water/shaders/</RemoteDir>
  <RemoteName>animate_normals.vs</RemoteName>
  <Overwrite>true</Overwrite>
 </Platform>
 <Platform Name="Linux64">
  <RemoteDir>./data/water/shaders/</RemoteDir>
  <RemoteName>animate_normals.vs</RemoteName>
  <Overwrite>true</Overwrite>
 </Platform>
 <Platform Name="OSX64">
  <RemoteDir>./data/water/shaders/</RemoteDir>
  <RemoteName>animate_normals.vs</RemoteName>
  <Overwrite>true</Overwrite>
 </Platform>
 <Platform Name="OSXARM64">
  <RemoteDir>./data/water/shaders/</RemoteDir>
  <RemoteName>animate_normals.vs</RemoteName>
  <Overwrite>true</Overwrite>
 </Platform>
 <Platform Name="Win32">
  <RemoteDir>./data/water/shaders/</RemoteDir>
  <RemoteName>animate_normals.vs</RemoteName>
  <Overwrite>true</Overwrite>
 </Platform>
 <Platform Name="Win64">
  <RemoteDir>./data/water/shaders/</RemoteDir>
  <RemoteName>animate_normals.vs</RemoteName>
  <Overwrite>true</Overwrite>
 </Platform>
</DeployFile>
<DeployFile LocalName="data\water\shaders\noise3Dgrad.glsl" Class="File">
 <Platform Name="Android">
  <RemoteDir>assets\water\shaders</RemoteDir>
  <RemoteName>noise3Dgrad.glsl</RemoteName>
  <Overwrite>true</Overwrite>
 </Platform>
 <Platform Name="Android64">
  <RemoteDir>assets\water\shaders</RemoteDir>
  <RemoteName>noise3Dgrad.glsl</RemoteName>
  <Overwrite>true</Overwrite>
 </Platform>
 <Platform Name="iOSDevice64">
  <RemoteDir>./data/water/shaders/</RemoteDir>
  <RemoteName>noise3Dgrad.glsl</RemoteName>
  <Overwrite>true</Overwrite>
 </Platform>
 <Platform Name="iOSSimARM64">
  <RemoteDir>./data/water/shaders/</RemoteDir>
  <RemoteName>noise3Dgrad.glsl</RemoteName>
  <Overwrite>true</Overwrite>
 </Platform>
 <Platform Name="Linux64">
  <RemoteDir>./data/water/shaders/</RemoteDir>
  <RemoteName>noise3Dgrad.glsl</RemoteName>
  <Overwrite>true</Overwrite>
 </Platform>
 <Platform Name="OSX64">
  <RemoteDir>./data/water/shaders/</RemoteDir>
  <RemoteName>noise3Dgrad.glsl</RemoteName>
  <Overwrite>true</Overwrite>
 </Platform>
 <Platform Name="OSXARM64">
  <RemoteDir>./data/water/shaders/</RemoteDir>
  <RemoteName>noise3Dgrad.glsl</RemoteName>
  <Overwrite>true</Overwrite>
 </Platform>
 <Platform Name="Win32">
  <RemoteDir>./data/water/shaders/</RemoteDir>
  <RemoteName>noise3Dgrad.glsl</RemoteName>
  <Overwrite>true</Overwrite>
 </Platform>
 <Platform Name="Win64">
  <RemoteDir>./data/water/shaders/</RemoteDir>
  <RemoteName>noise3Dgrad.glsl</RemoteName>
  <Overwrite>true</Overwrite>
 </Platform>
</DeployFile>
<DeployFile LocalName="data\water\water.x3dv" Class="File">
 <Platform Name="Android">
  <RemoteDir>assets\water</RemoteDir>
  <RemoteName>water.x3dv</RemoteName>
  <Overwrite>true</Overwrite>
 </Platform>
 <Platform Name="Android64">
  <RemoteDir>assets\water</RemoteDir>
  <RemoteName>water.x3dv</RemoteName>
  <Overwrite>true</Overwrite>
 </Platform>
 <Platform Name="iOSDevice64">
  <RemoteDir>./data/water/</RemoteDir>
  <RemoteName>water.x3dv</RemoteName>
  <Overwrite>true</Overwrite>
 </Platform>
 <Platform Name="iOSSimARM64">
  <RemoteDir>./data/water/</RemoteDir>
  <RemoteName>water.x3dv</RemoteName>
  <Overwrite>true</Overwrite>
 </Platform>
 <Platform Name="Linux64">
  <RemoteDir>./data/water/</RemoteDir>
  <RemoteName>water.x3dv</RemoteName>
  <Overwrite>true</Overwrite>
 </Platform>
 <Platform Name="OSX64">
  <RemoteDir>./data/water/</RemoteDir>
  <RemoteName>water.x3dv</RemoteName>
  <Overwrite>true</Overwrite>
 </Platform>
 <Platform Name="OSXARM64">
  <RemoteDir>./data/water/</RemoteDir>
  <RemoteName>water.x3dv</RemoteName>
  <Overwrite>true</Overwrite>
 </Platform>
 <Platform Name="Win32">
  <RemoteDir>./data/water/</RemoteDir>
  <RemoteName>water.x3dv</RemoteName>
  <Overwrite>true</Overwrite>
 </Platform>
 <Platform Name="Win64">
  <RemoteDir>./data/water/</RemoteDir>
  <RemoteName>water.x3dv</RemoteName>
  <Overwrite>true</Overwrite>
 </Platform>
</DeployFile>


            </Deployment>
            <Platforms>
                <Platform value="Linux64">True</Platform>
                <Platform value="OSX64">True</Platform>
                <Platform value="OSXARM64">True</Platform>
                <Platform value="Win32">True</Platform>
                <Platform value="Win64">True</Platform>
            </Platforms>
        </BorlandProject>
        <ProjectFileVersion>12</ProjectFileVersion>
    </ProjectExtensions>
    <Import Project="$(BDS)\Bin\CodeGear.Delphi.Targets" Condition="Exists('$(BDS)\Bin\CodeGear.Delphi.Targets')"/>
    <Import Project="$(APPDATA)\Embarcadero\$(BDSAPPDATABASEDIR)\$(PRODUCTVERSION)\UserTools.proj" Condition="Exists('$(APPDATA)\Embarcadero\$(BDSAPPDATABASEDIR)\$(PRODUCTVERSION)\UserTools.proj')"/>
    <Import Project="$(MSBuildProjectName).deployproj" Condition="Exists('$(MSBuildProjectName).deployproj')"/>
</Project>
